PODS:
  - CocoaLumberjack (3.7.2):
    - CocoaLumberjack/Core (= 3.7.2)
  - CocoaLumberjack/Core (3.7.2)
  - ReactiveObjC (3.1.1)
  - RHAdditions (1.3.0)

DEPENDENCIES:
  - CocoaLumberjack
  - ReactiveObjC (~> 3.1)
  - RHAdditions

SPEC REPOS:
  trunk:
    - CocoaLumberjack
    - ReactiveObjC
    - RHAdditions

SPEC CHECKSUMS:
  CocoaLumberjack: b7e05132ff94f6ae4dfa9d5bce9141893a21d9da
  ReactiveObjC: 011caa393aa0383245f2dcf9bf02e86b80b36040
  RHAdditions: 13ef6284b6e8eb919c6fbcef63ebae35eda385ff

PODFILE CHECKSUM: 2523b6a6ed83eabf353668f3296d4703a52999bd

COCOAPODS: 1.10.1
