<?xml version="1.0" encoding="UTF-8"?>
<Scheme
   LastUpgradeVersion = "1110"
   version = "1.7">
   <BuildAction
      parallelizeBuildables = "YES"
      buildImplicitDependencies = "YES">
      <BuildActionEntries>
         <BuildActionEntry
            buildForTesting = "YES"
            buildForRunning = "YES"
            buildForProfiling = "YES"
            buildForArchiving = "YES"
            buildForAnalyzing = "YES">
            <BuildableReference
               BuildableIdentifier = "primary"
               BlueprintIdentifier = "4FD67DDA211CC9000095A9A5"
               BuildableName = "Mouse Fix.prefPane"
               BlueprintName = "Mouse Fix"
               ReferencedContainer = "container:Mouse Fix.xcodeproj">
            </BuildableReference>
         </BuildActionEntry>
      </BuildActionEntries>
   </BuildAction>
   <TestAction
      buildConfiguration = "Debug"
      selectedDebuggerIdentifier = "Xcode.DebuggerFoundation.Debugger.LLDB"
      selectedLauncherIdentifier = "Xcode.DebuggerFoundation.Launcher.LLDB"
      shouldUseLaunchSchemeArgsEnv = "YES">
      <Testables>
      </Testables>
   </TestAction>
   <LaunchAction
      buildConfiguration = "Debug"
      selectedDebuggerIdentifier = "Xcode.DebuggerFoundation.Debugger.LLDB"
      selectedLauncherIdentifier = "Xcode.DebuggerFoundation.Launcher.LLDB"
      debugAsWhichUser = "root"
      launchStyle = "1"
      useCustomWorkingDirectory = "NO"
      ignoresPersistentStateOnLaunch = "YES"
      debugDocumentVersioning = "YES"
      debugServiceExtension = "internal"
      allowLocationSimulation = "YES">
      <PreActions>
         <ExecutionAction
            ActionType = "Xcode.IDEStandardExecutionActionsCore.ExecutionActionType.ShellScriptAction">
            <ActionContent
               title = "Run Script"
               scriptText = "osascript -e &apos;quit app &quot;System Preferences&quot;&apos;;&#10;&#10;cp -Rf ${CONFIGURATION_BUILD_DIR}/Mouse\ Fix.prefPane ~/Library/PreferencePanes;&#10;&#10;osascript -e &apos;tell application &quot;System Preferences&quot;&apos; -e &apos;activate&apos; -e &apos;set current pane to pane id &quot;com.nuebling.mousefix&quot;&apos; -e &apos;end tell&apos;&#10;">
               <EnvironmentBuildable>
                  <BuildableReference
                     BuildableIdentifier = "primary"
                     BlueprintIdentifier = "4FD67DDA211CC9000095A9A5"
                     BuildableName = "Mouse Fix.prefPane"
                     BlueprintName = "Mouse Fix"
                     ReferencedContainer = "container:Mouse Fix.xcodeproj">
                  </BuildableReference>
               </EnvironmentBuildable>
            </ActionContent>
         </ExecutionAction>
      </PreActions>
      <PostActions>
         <ExecutionAction
            ActionType = "Xcode.IDEStandardExecutionActionsCore.ExecutionActionType.ShellScriptAction">
            <ActionContent
               title = "Run Script"
               scriptText = "# osascript -e &apos;tell application &quot;System Preferences&quot;&apos; -e &apos;activate&apos; -e &apos;set current pane to pane id &quot;com.nuebling.mousefix&quot;&apos; -e &apos;end tell&apos;&#10;">
               <EnvironmentBuildable>
                  <BuildableReference
                     BuildableIdentifier = "primary"
                     BlueprintIdentifier = "4FD67DDA211CC9000095A9A5"
                     BuildableName = "Mouse Fix.prefPane"
                     BlueprintName = "Mouse Fix"
                     ReferencedContainer = "container:Mouse Fix.xcodeproj">
                  </BuildableReference>
               </EnvironmentBuildable>
            </ActionContent>
         </ExecutionAction>
      </PostActions>
      <PathRunnable
         runnableDebuggingMode = "0"
         FilePath = "/System/Library/Frameworks/PreferencePanes.framework/Versions/A/XPCServices/legacyLoader-x86_64.xpc">
      </PathRunnable>
   </LaunchAction>
   <ProfileAction
      buildConfiguration = "Release"
      shouldUseLaunchSchemeArgsEnv = "YES"
      savedToolIdentifier = ""
      useCustomWorkingDirectory = "NO"
      debugDocumentVersioning = "YES">
      <MacroExpansion>
         <BuildableReference
            BuildableIdentifier = "primary"
            BlueprintIdentifier = "4FD67DDA211CC9000095A9A5"
            BuildableName = "Mouse Fix.prefPane"
            BlueprintName = "Mouse Fix"
            ReferencedContainer = "container:Mouse Fix.xcodeproj">
         </BuildableReference>
      </MacroExpansion>
   </ProfileAction>
   <AnalyzeAction
      buildConfiguration = "Debug">
   </AnalyzeAction>
   <ArchiveAction
      buildConfiguration = "Release"
      revealArchiveInOrganizer = "YES">
   </ArchiveAction>
</Scheme>
