// !$*UTF8*$!
{
	archiveVersion = 1;
	classes = {
	};
	objectVersion = 48;
	objects = {

/* Begin PBXBuildFile section */
		4FCECD8521092354001F1078 /* AppDelegate.m in Sources */ = {isa = PBXBuildFile; fileRef = 4FCECD8421092354001F1078 /* AppDelegate.m */; };
		4FCECD8721092354001F1078 /* Assets.xcassets in Resources */ = {isa = PBXBuildFile; fileRef = 4FCECD8621092354001F1078 /* Assets.xcassets */; };
		4FCECD8A21092354001F1078 /* MainMenu.xib in Resources */ = {isa = PBXBuildFile; fileRef = 4FCECD8821092354001F1078 /* MainMenu.xib */; };
		4FCECD8D21092354001F1078 /* main.m in Sources */ = {isa = PBXBuildFile; fileRef = 4FCECD8C21092354001F1078 /* main.m */; };
		4FCECD9821092354001F1078 /* Mouse_Remap_HelperTests.m in Sources */ = {isa = PBXBuildFile; fileRef = 4FCECD9721092354001F1078 /* Mouse_Remap_HelperTests.m */; };
		4FCECDA321092354001F1078 /* Mouse_Remap_HelperUITests.m in Sources */ = {isa = PBXBuildFile; fileRef = 4FCECDA221092354001F1078 /* Mouse_Remap_HelperUITests.m */; };
		4FCECDBC21093E48001F1078 /* InputProcessing.swift in Sources */ = {isa = PBXBuildFile; fileRef = 4FCECDBB21093E48001F1078 /* InputProcessing.swift */; };
/* End PBXBuildFile section */

/* Begin PBXContainerItemProxy section */
		4FCECD9421092354001F1078 /* PBXContainerItemProxy */ = {
			isa = PBXContainerItemProxy;
			containerPortal = 4FCECD7821092354001F1078 /* Project object */;
			proxyType = 1;
			remoteGlobalIDString = 4FCECD7F21092354001F1078;
			remoteInfo = "Mouse Remap Helper";
		};
		4FCECD9F21092354001F1078 /* PBXContainerItemProxy */ = {
			isa = PBXContainerItemProxy;
			containerPortal = 4FCECD7821092354001F1078 /* Project object */;
			proxyType = 1;
			remoteGlobalIDString = 4FCECD7F21092354001F1078;
			remoteInfo = "Mouse Remap Helper";
		};
/* End PBXContainerItemProxy section */

/* Begin PBXFileReference section */
		4FCECD8021092354001F1078 /* Mouse Remap Helper.app */ = {isa = PBXFileReference; explicitFileType = wrapper.application; includeInIndex = 0; path = "Mouse Remap Helper.app"; sourceTree = BUILT_PRODUCTS_DIR; };
		4FCECD8321092354001F1078 /* AppDelegate.h */ = {isa = PBXFileReference; lastKnownFileType = sourcecode.c.h; path = AppDelegate.h; sourceTree = "<group>"; };
		4FCECD8421092354001F1078 /* AppDelegate.m */ = {isa = PBXFileReference; lastKnownFileType = sourcecode.c.objc; path = AppDelegate.m; sourceTree = "<group>"; };
		4FCECD8621092354001F1078 /* Assets.xcassets */ = {isa = PBXFileReference; lastKnownFileType = folder.assetcatalog; path = Assets.xcassets; sourceTree = "<group>"; };
		4FCECD8921092354001F1078 /* Base */ = {isa = PBXFileReference; lastKnownFileType = file.xib; name = Base; path = Base.lproj/MainMenu.xib; sourceTree = "<group>"; };
		4FCECD8B21092354001F1078 /* Info.plist */ = {isa = PBXFileReference; lastKnownFileType = text.plist.xml; path = Info.plist; sourceTree = "<group>"; };
		4FCECD8C21092354001F1078 /* main.m */ = {isa = PBXFileReference; lastKnownFileType = sourcecode.c.objc; path = main.m; sourceTree = "<group>"; };
		4FCECD8E21092354001F1078 /* Mouse_Remap_Helper.entitlements */ = {isa = PBXFileReference; lastKnownFileType = text.plist.entitlements; path = Mouse_Remap_Helper.entitlements; sourceTree = "<group>"; };
		4FCECD9321092354001F1078 /* Mouse Remap HelperTests.xctest */ = {isa = PBXFileReference; explicitFileType = wrapper.cfbundle; includeInIndex = 0; path = "Mouse Remap HelperTests.xctest"; sourceTree = BUILT_PRODUCTS_DIR; };
		4FCECD9721092354001F1078 /* Mouse_Remap_HelperTests.m */ = {isa = PBXFileReference; lastKnownFileType = sourcecode.c.objc; path = Mouse_Remap_HelperTests.m; sourceTree = "<group>"; };
		4FCECD9921092354001F1078 /* Info.plist */ = {isa = PBXFileReference; lastKnownFileType = text.plist.xml; path = Info.plist; sourceTree = "<group>"; };
		4FCECD9E21092354001F1078 /* Mouse Remap HelperUITests.xctest */ = {isa = PBXFileReference; explicitFileType = wrapper.cfbundle; includeInIndex = 0; path = "Mouse Remap HelperUITests.xctest"; sourceTree = BUILT_PRODUCTS_DIR; };
		4FCECDA221092354001F1078 /* Mouse_Remap_HelperUITests.m */ = {isa = PBXFileReference; lastKnownFileType = sourcecode.c.objc; path = Mouse_Remap_HelperUITests.m; sourceTree = "<group>"; };
		4FCECDA421092354001F1078 /* Info.plist */ = {isa = PBXFileReference; lastKnownFileType = text.plist.xml; path = Info.plist; sourceTree = "<group>"; };
		4FCECDBA21093E48001F1078 /* Mouse Remap Helper-Bridging-Header.h */ = {isa = PBXFileReference; lastKnownFileType = sourcecode.c.h; path = "Mouse Remap Helper-Bridging-Header.h"; sourceTree = "<group>"; };
		4FCECDBB21093E48001F1078 /* InputProcessing.swift */ = {isa = PBXFileReference; lastKnownFileType = sourcecode.swift; path = InputProcessing.swift; sourceTree = "<group>"; };
/* End PBXFileReference section */

/* Begin PBXFrameworksBuildPhase section */
		4FCECD7D21092354001F1078 /* Frameworks */ = {
			isa = PBXFrameworksBuildPhase;
			buildActionMask = 2147483647;
			files = (
			);
			runOnlyForDeploymentPostprocessing = 0;
		};
		4FCECD9021092354001F1078 /* Frameworks */ = {
			isa = PBXFrameworksBuildPhase;
			buildActionMask = 2147483647;
			files = (
			);
			runOnlyForDeploymentPostprocessing = 0;
		};
		4FCECD9B21092354001F1078 /* Frameworks */ = {
			isa = PBXFrameworksBuildPhase;
			buildActionMask = 2147483647;
			files = (
			);
			runOnlyForDeploymentPostprocessing = 0;
		};
/* End PBXFrameworksBuildPhase section */

/* Begin PBXGroup section */
		4FCECD7721092354001F1078 = {
			isa = PBXGroup;
			children = (
				4FCECD8221092354001F1078 /* Mouse Remap Helper */,
				4FCECD9621092354001F1078 /* Mouse Remap HelperTests */,
				4FCECDA121092354001F1078 /* Mouse Remap HelperUITests */,
				4FCECD8121092354001F1078 /* Products */,
			);
			sourceTree = "<group>";
		};
		4FCECD8121092354001F1078 /* Products */ = {
			isa = PBXGroup;
			children = (
				4FCECD8021092354001F1078 /* Mouse Remap Helper.app */,
				4FCECD9321092354001F1078 /* Mouse Remap HelperTests.xctest */,
				4FCECD9E21092354001F1078 /* Mouse Remap HelperUITests.xctest */,
			);
			name = Products;
			sourceTree = "<group>";
		};
		4FCECD8221092354001F1078 /* Mouse Remap Helper */ = {
			isa = PBXGroup;
			children = (
				4FCECDBB21093E48001F1078 /* InputProcessing.swift */,
				4FCECDBA21093E48001F1078 /* Mouse Remap Helper-Bridging-Header.h */,
				4FCECD8321092354001F1078 /* AppDelegate.h */,
				4FCECD8421092354001F1078 /* AppDelegate.m */,
				4FCECD8821092354001F1078 /* MainMenu.xib */,
				4FCECDB02109326E001F1078 /* Supporting Files */,
			);
			path = "Mouse Remap Helper";
			sourceTree = "<group>";
		};
		4FCECD9621092354001F1078 /* Mouse Remap HelperTests */ = {
			isa = PBXGroup;
			children = (
				4FCECD9721092354001F1078 /* Mouse_Remap_HelperTests.m */,
				4FCECD9921092354001F1078 /* Info.plist */,
			);
			path = "Mouse Remap HelperTests";
			sourceTree = "<group>";
		};
		4FCECDA121092354001F1078 /* Mouse Remap HelperUITests */ = {
			isa = PBXGroup;
			children = (
				4FCECDA221092354001F1078 /* Mouse_Remap_HelperUITests.m */,
				4FCECDA421092354001F1078 /* Info.plist */,
			);
			path = "Mouse Remap HelperUITests";
			sourceTree = "<group>";
		};
		4FCECDB02109326E001F1078 /* Supporting Files */ = {
			isa = PBXGroup;
			children = (
				4FCECD8621092354001F1078 /* Assets.xcassets */,
				4FCECD8B21092354001F1078 /* Info.plist */,
				4FCECD8C21092354001F1078 /* main.m */,
				4FCECD8E21092354001F1078 /* Mouse_Remap_Helper.entitlements */,
			);
			path = "Supporting Files";
			sourceTree = "<group>";
		};
/* End PBXGroup section */

/* Begin PBXNativeTarget section */
		4FCECD7F21092354001F1078 /* Mouse Remap Helper */ = {
			isa = PBXNativeTarget;
			buildConfigurationList = 4FCECDA721092354001F1078 /* Build configuration list for PBXNativeTarget "Mouse Remap Helper" */;
			buildPhases = (
				4FCECD7C21092354001F1078 /* Sources */,
				4FCECD7D21092354001F1078 /* Frameworks */,
				4FCECD7E21092354001F1078 /* Resources */,
			);
			buildRules = (
			);
			dependencies = (
			);
			name = "Mouse Remap Helper";
			productName = "Mouse Remap Helper";
			productReference = 4FCECD8021092354001F1078 /* Mouse Remap Helper.app */;
			productType = "com.apple.product-type.application";
		};
		4FCECD9221092354001F1078 /* Mouse Remap HelperTests */ = {
			isa = PBXNativeTarget;
			buildConfigurationList = 4FCECDAA21092354001F1078 /* Build configuration list for PBXNativeTarget "Mouse Remap HelperTests" */;
			buildPhases = (
				4FCECD8F21092354001F1078 /* Sources */,
				4FCECD9021092354001F1078 /* Frameworks */,
				4FCECD9121092354001F1078 /* Resources */,
			);
			buildRules = (
			);
			dependencies = (
				4FCECD9521092354001F1078 /* PBXTargetDependency */,
			);
			name = "Mouse Remap HelperTests";
			productName = "Mouse Remap HelperTests";
			productReference = 4FCECD9321092354001F1078 /* Mouse Remap HelperTests.xctest */;
			productType = "com.apple.product-type.bundle.unit-test";
		};
		4FCECD9D21092354001F1078 /* Mouse Remap HelperUITests */ = {
			isa = PBXNativeTarget;
			buildConfigurationList = 4FCECDAD21092354001F1078 /* Build configuration list for PBXNativeTarget "Mouse Remap HelperUITests" */;
			buildPhases = (
				4FCECD9A21092354001F1078 /* Sources */,
				4FCECD9B21092354001F1078 /* Frameworks */,
				4FCECD9C21092354001F1078 /* Resources */,
			);
			buildRules = (
			);
			dependencies = (
				4FCECDA021092354001F1078 /* PBXTargetDependency */,
			);
			name = "Mouse Remap HelperUITests";
			productName = "Mouse Remap HelperUITests";
			productReference = 4FCECD9E21092354001F1078 /* Mouse Remap HelperUITests.xctest */;
			productType = "com.apple.product-type.bundle.ui-testing";
		};
/* End PBXNativeTarget section */

/* Begin PBXProject section */
		4FCECD7821092354001F1078 /* Project object */ = {
			isa = PBXProject;
			attributes = {
				LastUpgradeCheck = 0920;
				ORGANIZATIONNAME = "Noah Nuebling Enterprises Ltd.";
				TargetAttributes = {
					4FCECD7F21092354001F1078 = {
						CreatedOnToolsVersion = 9.2;
						LastSwiftMigration = 0920;
						ProvisioningStyle = Automatic;
					};
					4FCECD9221092354001F1078 = {
						CreatedOnToolsVersion = 9.2;
						ProvisioningStyle = Automatic;
						TestTargetID = 4FCECD7F21092354001F1078;
					};
					4FCECD9D21092354001F1078 = {
						CreatedOnToolsVersion = 9.2;
						ProvisioningStyle = Automatic;
						TestTargetID = 4FCECD7F21092354001F1078;
					};
				};
			};
			buildConfigurationList = 4FCECD7B21092354001F1078 /* Build configuration list for PBXProject "Mouse Remap Helper" */;
			compatibilityVersion = "Xcode 8.0";
			developmentRegion = en;
			hasScannedForEncodings = 0;
			knownRegions = (
				en,
				Base,
			);
			mainGroup = 4FCECD7721092354001F1078;
			productRefGroup = 4FCECD8121092354001F1078 /* Products */;
			projectDirPath = "";
			projectRoot = "";
			targets = (
				4FCECD7F21092354001F1078 /* Mouse Remap Helper */,
				4FCECD9221092354001F1078 /* Mouse Remap HelperTests */,
				4FCECD9D21092354001F1078 /* Mouse Remap HelperUITests */,
			);
		};
/* End PBXProject section */

/* Begin PBXResourcesBuildPhase section */
		4FCECD7E21092354001F1078 /* Resources */ = {
			isa = PBXResourcesBuildPhase;
			buildActionMask = 2147483647;
			files = (
				4FCECD8721092354001F1078 /* Assets.xcassets in Resources */,
				4FCECD8A21092354001F1078 /* MainMenu.xib in Resources */,
			);
			runOnlyForDeploymentPostprocessing = 0;
		};
		4FCECD9121092354001F1078 /* Resources */ = {
			isa = PBXResourcesBuildPhase;
			buildActionMask = 2147483647;
			files = (
			);
			runOnlyForDeploymentPostprocessing = 0;
		};
		4FCECD9C21092354001F1078 /* Resources */ = {
			isa = PBXResourcesBuildPhase;
			buildActionMask = 2147483647;
			files = (
			);
			runOnlyForDeploymentPostprocessing = 0;
		};
/* End PBXResourcesBuildPhase section */

/* Begin PBXSourcesBuildPhase section */
		4FCECD7C21092354001F1078 /* Sources */ = {
			isa = PBXSourcesBuildPhase;
			buildActionMask = 2147483647;
			files = (
				4FCECDBC21093E48001F1078 /* InputProcessing.swift in Sources */,
				4FCECD8D21092354001F1078 /* main.m in Sources */,
				4FCECD8521092354001F1078 /* AppDelegate.m in Sources */,
			);
			runOnlyForDeploymentPostprocessing = 0;
		};
		4FCECD8F21092354001F1078 /* Sources */ = {
			isa = PBXSourcesBuildPhase;
			buildActionMask = 2147483647;
			files = (
				4FCECD9821092354001F1078 /* Mouse_Remap_HelperTests.m in Sources */,
			);
			runOnlyForDeploymentPostprocessing = 0;
		};
		4FCECD9A21092354001F1078 /* Sources */ = {
			isa = PBXSourcesBuildPhase;
			buildActionMask = 2147483647;
			files = (
				4FCECDA321092354001F1078 /* Mouse_Remap_HelperUITests.m in Sources */,
			);
			runOnlyForDeploymentPostprocessing = 0;
		};
/* End PBXSourcesBuildPhase section */

/* Begin PBXTargetDependency section */
		4FCECD9521092354001F1078 /* PBXTargetDependency */ = {
			isa = PBXTargetDependency;
			target = 4FCECD7F21092354001F1078 /* Mouse Remap Helper */;
			targetProxy = 4FCECD9421092354001F1078 /* PBXContainerItemProxy */;
		};
		4FCECDA021092354001F1078 /* PBXTargetDependency */ = {
			isa = PBXTargetDependency;
			target = 4FCECD7F21092354001F1078 /* Mouse Remap Helper */;
			targetProxy = 4FCECD9F21092354001F1078 /* PBXContainerItemProxy */;
		};
/* End PBXTargetDependency section */

/* Begin PBXVariantGroup section */
		4FCECD8821092354001F1078 /* MainMenu.xib */ = {
			isa = PBXVariantGroup;
			children = (
				4FCECD8921092354001F1078 /* Base */,
			);
			name = MainMenu.xib;
			sourceTree = "<group>";
		};
/* End PBXVariantGroup section */

/* Begin XCBuildConfiguration section */
		4FCECDA521092354001F1078 /* Debug */ = {
			isa = XCBuildConfiguration;
			buildSettings = {
				ALWAYS_SEARCH_USER_PATHS = NO;
				CLANG_ANALYZER_NONNULL = YES;
				CLANG_ANALYZER_NUMBER_OBJECT_CONVERSION = YES_AGGRESSIVE;
				CLANG_CXX_LANGUAGE_STANDARD = "gnu++14";
				CLANG_CXX_LIBRARY = "libc++";
				CLANG_ENABLE_MODULES = YES;
				CLANG_ENABLE_OBJC_ARC = YES;
				CLANG_WARN_BLOCK_CAPTURE_AUTORELEASING = YES;
				CLANG_WARN_BOOL_CONVERSION = YES;
				CLANG_WARN_COMMA = YES;
				CLANG_WARN_CONSTANT_CONVERSION = YES;
				CLANG_WARN_DIRECT_OBJC_ISA_USAGE = YES_ERROR;
				CLANG_WARN_DOCUMENTATION_COMMENTS = YES;
				CLANG_WARN_EMPTY_BODY = YES;
				CLANG_WARN_ENUM_CONVERSION = YES;
				CLANG_WARN_INFINITE_RECURSION = YES;
				CLANG_WARN_INT_CONVERSION = YES;
				CLANG_WARN_NON_LITERAL_NULL_CONVERSION = YES;
				CLANG_WARN_OBJC_LITERAL_CONVERSION = YES;
				CLANG_WARN_OBJC_ROOT_CLASS = YES_ERROR;
				CLANG_WARN_RANGE_LOOP_ANALYSIS = YES;
				CLANG_WARN_STRICT_PROTOTYPES = YES;
				CLANG_WARN_SUSPICIOUS_MOVE = YES;
				CLANG_WARN_UNGUARDED_AVAILABILITY = YES_AGGRESSIVE;
				CLANG_WARN_UNREACHABLE_CODE = YES;
				CLANG_WARN__DUPLICATE_METHOD_MATCH = YES;
				CODE_SIGN_IDENTITY = "Mac Developer";
				COPY_PHASE_STRIP = NO;
				DEBUG_INFORMATION_FORMAT = dwarf;
				DEFINES_MODULE = YES;
				ENABLE_STRICT_OBJC_MSGSEND = YES;
				ENABLE_TESTABILITY = YES;
				GCC_C_LANGUAGE_STANDARD = gnu11;
				GCC_DYNAMIC_NO_PIC = NO;
				GCC_NO_COMMON_BLOCKS = YES;
				GCC_OPTIMIZATION_LEVEL = 0;
				GCC_PREPROCESSOR_DEFINITIONS = (
					"DEBUG=1",
					"$(inherited)",
				);
				GCC_WARN_64_TO_32_BIT_CONVERSION = YES;
				GCC_WARN_ABOUT_RETURN_TYPE = YES_ERROR;
				GCC_WARN_UNDECLARED_SELECTOR = YES;
				GCC_WARN_UNINITIALIZED_AUTOS = YES_AGGRESSIVE;
				GCC_WARN_UNUSED_FUNCTION = YES;
				GCC_WARN_UNUSED_VARIABLE = YES;
				MACOSX_DEPLOYMENT_TARGET = 10.12;
				MTL_ENABLE_DEBUG_INFO = YES;
				ONLY_ACTIVE_ARCH = YES;
				SDKROOT = macosx;
			};
			name = Debug;
		};
		4FCECDA621092354001F1078 /* Release */ = {
			isa = XCBuildConfiguration;
			buildSettings = {
				ALWAYS_SEARCH_USER_PATHS = NO;
				CLANG_ANALYZER_NONNULL = YES;
				CLANG_ANALYZER_NUMBER_OBJECT_CONVERSION = YES_AGGRESSIVE;
				CLANG_CXX_LANGUAGE_STANDARD = "gnu++14";
				CLANG_CXX_LIBRARY = "libc++";
				CLANG_ENABLE_MODULES = YES;
				CLANG_ENABLE_OBJC_ARC = YES;
				CLANG_WARN_BLOCK_CAPTURE_AUTORELEASING = YES;
				CLANG_WARN_BOOL_CONVERSION = YES;
				CLANG_WARN_COMMA = YES;
				CLANG_WARN_CONSTANT_CONVERSION = YES;
				CLANG_WARN_DIRECT_OBJC_ISA_USAGE = YES_ERROR;
				CLANG_WARN_DOCUMENTATION_COMMENTS = YES;
				CLANG_WARN_EMPTY_BODY = YES;
				CLANG_WARN_ENUM_CONVERSION = YES;
				CLANG_WARN_INFINITE_RECURSION = YES;
				CLANG_WARN_INT_CONVERSION = YES;
				CLANG_WARN_NON_LITERAL_NULL_CONVERSION = YES;
				CLANG_WARN_OBJC_LITERAL_CONVERSION = YES;
				CLANG_WARN_OBJC_ROOT_CLASS = YES_ERROR;
				CLANG_WARN_RANGE_LOOP_ANALYSIS = YES;
				CLANG_WARN_STRICT_PROTOTYPES = YES;
				CLANG_WARN_SUSPICIOUS_MOVE = YES;
				CLANG_WARN_UNGUARDED_AVAILABILITY = YES_AGGRESSIVE;
				CLANG_WARN_UNREACHABLE_CODE = YES;
				CLANG_WARN__DUPLICATE_METHOD_MATCH = YES;
				CODE_SIGN_IDENTITY = "Mac Developer";
				COPY_PHASE_STRIP = NO;
				DEBUG_INFORMATION_FORMAT = "dwarf-with-dsym";
				DEFINES_MODULE = YES;
				ENABLE_NS_ASSERTIONS = NO;
				ENABLE_STRICT_OBJC_MSGSEND = YES;
				GCC_C_LANGUAGE_STANDARD = gnu11;
				GCC_NO_COMMON_BLOCKS = YES;
				GCC_WARN_64_TO_32_BIT_CONVERSION = YES;
				GCC_WARN_ABOUT_RETURN_TYPE = YES_ERROR;
				GCC_WARN_UNDECLARED_SELECTOR = YES;
				GCC_WARN_UNINITIALIZED_AUTOS = YES_AGGRESSIVE;
				GCC_WARN_UNUSED_FUNCTION = YES;
				GCC_WARN_UNUSED_VARIABLE = YES;
				MACOSX_DEPLOYMENT_TARGET = 10.12;
				MTL_ENABLE_DEBUG_INFO = NO;
				SDKROOT = macosx;
			};
			name = Release;
		};
		4FCECDA821092354001F1078 /* Debug */ = {
			isa = XCBuildConfiguration;
			buildSettings = {
				ASSETCATALOG_COMPILER_APPICON_NAME = AppIcon;
				CLANG_ENABLE_MODULES = YES;
				CODE_SIGN_ENTITLEMENTS = "Mouse Remap Helper/Supporting Files/Mouse_Remap_Helper.entitlements";
				CODE_SIGN_STYLE = Automatic;
				COMBINE_HIDPI_IMAGES = YES;
				DEVELOPMENT_TEAM = H6Z6W2F7ZZ;
				INFOPLIST_FILE = "Mouse Remap Helper/Supporting Files/Info.plist";
				LD_RUNPATH_SEARCH_PATHS = "$(inherited) @executable_path/../Frameworks";
				PRODUCT_BUNDLE_IDENTIFIER = "com.uebler.nuebler.Mouse-Remap-Helper";
				PRODUCT_NAME = "$(TARGET_NAME)";
				SWIFT_OBJC_BRIDGING_HEADER = "Mouse Remap Helper/Mouse Remap Helper-Bridging-Header.h";
				SWIFT_OPTIMIZATION_LEVEL = "-Onone";
				SWIFT_VERSION = 3.0;
			};
			name = Debug;
		};
		4FCECDA921092354001F1078 /* Release */ = {
			isa = XCBuildConfiguration;
			buildSettings = {
				ASSETCATALOG_COMPILER_APPICON_NAME = AppIcon;
				CLANG_ENABLE_MODULES = YES;
				CODE_SIGN_ENTITLEMENTS = "Mouse Remap Helper/Supporting Files/Mouse_Remap_Helper.entitlements";
				CODE_SIGN_STYLE = Automatic;
				COMBINE_HIDPI_IMAGES = YES;
				DEVELOPMENT_TEAM = H6Z6W2F7ZZ;
				INFOPLIST_FILE = "Mouse Remap Helper/Supporting Files/Info.plist";
				LD_RUNPATH_SEARCH_PATHS = "$(inherited) @executable_path/../Frameworks";
				PRODUCT_BUNDLE_IDENTIFIER = "com.uebler.nuebler.Mouse-Remap-Helper";
				PRODUCT_NAME = "$(TARGET_NAME)";
				SWIFT_OBJC_BRIDGING_HEADER = "Mouse Remap Helper/Mouse Remap Helper-Bridging-Header.h";
				SWIFT_VERSION = 3.0;
			};
			name = Release;
		};
		4FCECDAB21092354001F1078 /* Debug */ = {
			isa = XCBuildConfiguration;
			buildSettings = {
				ALWAYS_EMBED_SWIFT_STANDARD_LIBRARIES = YES;
				BUNDLE_LOADER = "$(TEST_HOST)";
				CODE_SIGN_STYLE = Automatic;
				COMBINE_HIDPI_IMAGES = YES;
				DEVELOPMENT_TEAM = H6Z6W2F7ZZ;
				INFOPLIST_FILE = "Mouse Remap HelperTests/Info.plist";
				LD_RUNPATH_SEARCH_PATHS = "$(inherited) @executable_path/../Frameworks @loader_path/../Frameworks";
				PRODUCT_BUNDLE_IDENTIFIER = "com.uebler.nuebler.Mouse-Remap-HelperTests";
				PRODUCT_NAME = "$(TARGET_NAME)";
				TEST_HOST = "$(BUILT_PRODUCTS_DIR)/Mouse Remap Helper.app/Contents/MacOS/Mouse Remap Helper";
			};
			name = Debug;
		};
		4FCECDAC21092354001F1078 /* Release */ = {
			isa = XCBuildConfiguration;
			buildSettings = {
				ALWAYS_EMBED_SWIFT_STANDARD_LIBRARIES = YES;
				BUNDLE_LOADER = "$(TEST_HOST)";
				CODE_SIGN_STYLE = Automatic;
				COMBINE_HIDPI_IMAGES = YES;
				DEVELOPMENT_TEAM = H6Z6W2F7ZZ;
				INFOPLIST_FILE = "Mouse Remap HelperTests/Info.plist";
				LD_RUNPATH_SEARCH_PATHS = "$(inherited) @executable_path/../Frameworks @loader_path/../Frameworks";
				PRODUCT_BUNDLE_IDENTIFIER = "com.uebler.nuebler.Mouse-Remap-HelperTests";
				PRODUCT_NAME = "$(TARGET_NAME)";
				TEST_HOST = "$(BUILT_PRODUCTS_DIR)/Mouse Remap Helper.app/Contents/MacOS/Mouse Remap Helper";
			};
			name = Release;
		};
		4FCECDAE21092354001F1078 /* Debug */ = {
			isa = XCBuildConfiguration;
			buildSettings = {
				ALWAYS_EMBED_SWIFT_STANDARD_LIBRARIES = YES;
				CODE_SIGN_STYLE = Automatic;
				COMBINE_HIDPI_IMAGES = YES;
				DEVELOPMENT_TEAM = H6Z6W2F7ZZ;
				INFOPLIST_FILE = "Mouse Remap HelperUITests/Info.plist";
				LD_RUNPATH_SEARCH_PATHS = "$(inherited) @executable_path/../Frameworks @loader_path/../Frameworks";
				PRODUCT_BUNDLE_IDENTIFIER = "com.uebler.nuebler.Mouse-Remap-HelperUITests";
				PRODUCT_NAME = "$(TARGET_NAME)";
				TEST_TARGET_NAME = "Mouse Remap Helper";
			};
			name = Debug;
		};
		4FCECDAF21092354001F1078 /* Release */ = {
			isa = XCBuildConfiguration;
			buildSettings = {
				ALWAYS_EMBED_SWIFT_STANDARD_LIBRARIES = YES;
				CODE_SIGN_STYLE = Automatic;
				COMBINE_HIDPI_IMAGES = YES;
				DEVELOPMENT_TEAM = H6Z6W2F7ZZ;
				INFOPLIST_FILE = "Mouse Remap HelperUITests/Info.plist";
				LD_RUNPATH_SEARCH_PATHS = "$(inherited) @executable_path/../Frameworks @loader_path/../Frameworks";
				PRODUCT_BUNDLE_IDENTIFIER = "com.uebler.nuebler.Mouse-Remap-HelperUITests";
				PRODUCT_NAME = "$(TARGET_NAME)";
				TEST_TARGET_NAME = "Mouse Remap Helper";
			};
			name = Release;
		};
/* End XCBuildConfiguration section */

/* Begin XCConfigurationList section */
		4FCECD7B21092354001F1078 /* Build configuration list for PBXProject "Mouse Remap Helper" */ = {
			isa = XCConfigurationList;
			buildConfigurations = (
				4FCECDA521092354001F1078 /* Debug */,
				4FCECDA621092354001F1078 /* Release */,
			);
			defaultConfigurationIsVisible = 0;
			defaultConfigurationName = Release;
		};
		4FCECDA721092354001F1078 /* Build configuration list for PBXNativeTarget "Mouse Remap Helper" */ = {
			isa = XCConfigurationList;
			buildConfigurations = (
				4FCECDA821092354001F1078 /* Debug */,
				4FCECDA921092354001F1078 /* Release */,
			);
			defaultConfigurationIsVisible = 0;
			defaultConfigurationName = Release;
		};
		4FCECDAA21092354001F1078 /* Build configuration list for PBXNativeTarget "Mouse Remap HelperTests" */ = {
			isa = XCConfigurationList;
			buildConfigurations = (
				4FCECDAB21092354001F1078 /* Debug */,
				4FCECDAC21092354001F1078 /* Release */,
			);
			defaultConfigurationIsVisible = 0;
			defaultConfigurationName = Release;
		};
		4FCECDAD21092354001F1078 /* Build configuration list for PBXNativeTarget "Mouse Remap HelperUITests" */ = {
			isa = XCConfigurationList;
			buildConfigurations = (
				4FCECDAE21092354001F1078 /* Debug */,
				4FCECDAF21092354001F1078 /* Release */,
			);
			defaultConfigurationIsVisible = 0;
			defaultConfigurationName = Release;
		};
/* End XCConfigurationList section */
	};
	rootObject = 4FCECD7821092354001F1078 /* Project object */;
}
