// !$*UTF8*$!
{
	archiveVersion = 1;
	classes = {
	};
	objectVersion = 51;
	objects = {

/* Begin PBXBuildFile section */
		4F1C968C231361EF00C3B9AE /* TouchEvents.c in Sources */ = {isa = PBXBuildFile; fileRef = 4F1C96872313606200C3B9AE /* TouchEvents.c */; };
		4F2FDF332315662500C7BE14 /* main.m in Sources */ = {isa = PBXBuildFile; fileRef = 4F2FDF322315662500C7BE14 /* main.m */; };
		4F2FDF3D23156AA900C7BE14 /* Mouse Fix Updater in Copy Updater */ = {isa = PBXBuildFile; fileRef = 4F2FDF302315662400C7BE14 /* Mouse Fix Updater */; settings = {ATTRIBUTES = (CodeSignOnCopy, ); }; };
		4F325567231D450300397221 /* Assets.xcassets in Resources */ = {isa = PBXBuildFile; fileRef = 4FCECD8621092354001F1078 /* Assets.xcassets */; };
		4F32E155231C420100199A11 /* MessagePort_HelperApp.m in Sources */ = {isa = PBXBuildFile; fileRef = 4F32E14E231C420100199A11 /* MessagePort_HelperApp.m */; };
		4F32E156231C420100199A11 /* config.plist in Resources */ = {isa = PBXBuildFile; fileRef = 4F32E14F231C420100199A11 /* config.plist */; };
		4F32E157231C420100199A11 /* DeviceManager.m in Sources */ = {isa = PBXBuildFile; fileRef = 4F32E150231C420100199A11 /* DeviceManager.m */; };
		4F32E158231C420100199A11 /* ConfigFileInterface_HelperApp.m in Sources */ = {isa = PBXBuildFile; fileRef = 4F32E151231C420100199A11 /* ConfigFileInterface_HelperApp.m */; };
		4F32E159231C420100199A11 /* Utility_HelperApp.m in Sources */ = {isa = PBXBuildFile; fileRef = 4F32E153231C420100199A11 /* Utility_HelperApp.m */; };
		4F32E15D231C44C000199A11 /* main.m in Sources */ = {isa = PBXBuildFile; fileRef = 4F32E15C231C44C000199A11 /* main.m */; };
		4F32E15F231C45F300199A11 /* Hyperlink.m in Sources */ = {isa = PBXBuildFile; fileRef = 4FD9CB1222F7D48D0090DB98 /* Hyperlink.m */; };
		4F32E187231C509200199A11 /* SmoothScroll.m (old) in Resources */ = {isa = PBXBuildFile; fileRef = 4F32E180231C509200199A11 /* SmoothScroll.m (old) */; };
		4F32E188231C509200199A11 /* AnimationCurve.m in Sources */ = {isa = PBXBuildFile; fileRef = 4F32E181231C509200199A11 /* AnimationCurve.m */; };
		4F32E189231C509200199A11 /* SmoothScroll.h (old) in Resources */ = {isa = PBXBuildFile; fileRef = 4F32E182231C509200199A11 /* SmoothScroll.h (old) */; };
		4F32E18A231C509200199A11 /* MomentumScroll.h (old) in Resources */ = {isa = PBXBuildFile; fileRef = 4F32E184231C509200199A11 /* MomentumScroll.h (old) */; };
		4F32E18B231C509200199A11 /* MomentumScroll.m (old) in Resources */ = {isa = PBXBuildFile; fileRef = 4F32E185231C509200199A11 /* MomentumScroll.m (old) */; };
		4F32E18C231C509200199A11 /* SmoothScroll.m in Sources */ = {isa = PBXBuildFile; fileRef = 4F32E186231C509200199A11 /* SmoothScroll.m */; };
		4F32E194231C50A100199A11 /* InputParser.m in Sources */ = {isa = PBXBuildFile; fileRef = 4F32E18E231C50A100199A11 /* InputParser.m */; };
		4F32E195231C50A100199A11 /* ModifierInputReceiver.m in Sources */ = {isa = PBXBuildFile; fileRef = 4F32E18F231C50A100199A11 /* ModifierInputReceiver.m */; };
		4F32E196231C50A100199A11 /* MouseInputReceiver.m in Sources */ = {isa = PBXBuildFile; fileRef = 4F32E193231C50A100199A11 /* MouseInputReceiver.m */; };
		4F32E199231C5B5100199A11 /* ZipArchive.framework in Frameworks */ = {isa = PBXBuildFile; fileRef = 4F32E198231C5B5100199A11 /* ZipArchive.framework */; };
		4F32E19A231C5BBC00199A11 /* ZipArchive.framework in My Embed Frameworks */ = {isa = PBXBuildFile; fileRef = 4F32E198231C5B5100199A11 /* ZipArchive.framework */; settings = {ATTRIBUTES = (CodeSignOnCopy, RemoveHeadersOnCopy, ); }; };
		4F3A8445230D3E6C0012C725 /* Updater.h in Headers */ = {isa = PBXBuildFile; fileRef = 4F3A8443230D3E6C0012C725 /* Updater.h */; };
		4F3A8446230D3E6C0012C725 /* Updater.m in Sources */ = {isa = PBXBuildFile; fileRef = 4F3A8444230D3E6C0012C725 /* Updater.m */; };
		4F3FC751231EAFCA0079774F /* Assets.xcassets in Resources */ = {isa = PBXBuildFile; fileRef = 4FCECD8621092354001F1078 /* Assets.xcassets */; };
		4F3FC753231EB30D0079774F /* MouseFixPreferencePaneIcon.tiff in Resources */ = {isa = PBXBuildFile; fileRef = 4F3FC752231EB30D0079774F /* MouseFixPreferencePaneIcon.tiff */; };
		4F8AEA9222FBC7AC008C1A7C /* milkshake_button.png in Resources */ = {isa = PBXBuildFile; fileRef = 4F8AEA9122FBC7AC008C1A7C /* milkshake_button.png */; };
		4F8F38E822F8C7A1004D0040 /* Mouse_Fix_alt.tiff in Resources */ = {isa = PBXBuildFile; fileRef = 4F8F38E722F8C7A1004D0040 /* Mouse_Fix_alt.tiff */; };
		4FACF59F2183B956009257D4 /* default_mouse.fix.helper.plist in Resources */ = {isa = PBXBuildFile; fileRef = 4FACF59E2183B956009257D4 /* default_mouse.fix.helper.plist */; };
		4FBF34F7231750B600E6CFD0 /* pureDonationButton.png in Resources */ = {isa = PBXBuildFile; fileRef = 4FBF34F6231750B500E6CFD0 /* pureDonationButton.png */; };
		4FBF34FF23183E6700E6CFD0 /* ConfigFileInterface_PrefPane.h in Headers */ = {isa = PBXBuildFile; fileRef = 4FBF34FD23183E6700E6CFD0 /* ConfigFileInterface_PrefPane.h */; };
		4FBF350023183E6700E6CFD0 /* ConfigFileInterface_PrefPane.m in Sources */ = {isa = PBXBuildFile; fileRef = 4FBF34FE23183E6700E6CFD0 /* ConfigFileInterface_PrefPane.m */; };
		4FBF350523183FDA00E6CFD0 /* HelperServices.h in Headers */ = {isa = PBXBuildFile; fileRef = 4FBF350323183FDA00E6CFD0 /* HelperServices.h */; };
		4FBF350623183FDA00E6CFD0 /* HelperServices.m in Sources */ = {isa = PBXBuildFile; fileRef = 4FBF350423183FDA00E6CFD0 /* HelperServices.m */; };
		4FCECD8521092354001F1078 /* AppDelegate.m in Sources */ = {isa = PBXBuildFile; fileRef = 4FCECD8421092354001F1078 /* AppDelegate.m */; };
		4FD45A0F231C66CF00F75C58 /* MessagePort_PrefPane.h in Headers */ = {isa = PBXBuildFile; fileRef = 4FD45A0D231C66CF00F75C58 /* MessagePort_PrefPane.h */; };
		4FD45A10231C66CF00F75C58 /* MessagePort_PrefPane.m in Sources */ = {isa = PBXBuildFile; fileRef = 4FD45A0E231C66CF00F75C58 /* MessagePort_PrefPane.m */; };
		4FD45A1B231C78B400F75C58 /* AuthorizeAccessibilityView.h in Headers */ = {isa = PBXBuildFile; fileRef = 4FD45A18231C78B400F75C58 /* AuthorizeAccessibilityView.h */; };
		4FD45A1C231C78B400F75C58 /* AuthorizeAccessibilityView.m in Sources */ = {isa = PBXBuildFile; fileRef = 4FD45A19231C78B400F75C58 /* AuthorizeAccessibilityView.m */; };
		4FD45A1D231C78B400F75C58 /* AuthorizeAccessibilityView.xib in Resources */ = {isa = PBXBuildFile; fileRef = 4FD45A1A231C78B400F75C58 /* AuthorizeAccessibilityView.xib */; };
		4FD45A20231C7FB500F75C58 /* AccessibilityCheck.m in Sources */ = {isa = PBXBuildFile; fileRef = 4FD45A1F231C7FB500F75C58 /* AccessibilityCheck.m */; };
		4FD45A26231C860100F75C58 /* KeyIcon.tiff in Resources */ = {isa = PBXBuildFile; fileRef = 4FD45A24231C860100F75C58 /* KeyIcon.tiff */; };
		4FD45A27231C860100F75C58 /* UniversalAccessPref.tiff in Resources */ = {isa = PBXBuildFile; fileRef = 4FD45A25231C860100F75C58 /* UniversalAccessPref.tiff */; };
		4FD45A2B231CD20200F75C58 /* SpinnerView.xib in Resources */ = {isa = PBXBuildFile; fileRef = 4FD45A2A231CD20200F75C58 /* SpinnerView.xib */; };
		4FD45A34231D097000F75C58 /* Utility_PrefPane.h in Headers */ = {isa = PBXBuildFile; fileRef = 4FD45A32231D097000F75C58 /* Utility_PrefPane.h */; };
		4FD45A35231D097000F75C58 /* Utility_PrefPane.m in Sources */ = {isa = PBXBuildFile; fileRef = 4FD45A33231D097000F75C58 /* Utility_PrefPane.m */; };
		4FD67DDE211CC9000095A9A5 /* PrefPaneDelegate.h in Headers */ = {isa = PBXBuildFile; fileRef = 4FD67DDD211CC9000095A9A5 /* PrefPaneDelegate.h */; };
		4FD67DE0211CC9000095A9A5 /* PrefPaneDelegate.m in Sources */ = {isa = PBXBuildFile; fileRef = 4FD67DDF211CC9000095A9A5 /* PrefPaneDelegate.m */; };
		4FD67DE5211CC9000095A9A5 /* MouseFix.xib in Resources */ = {isa = PBXBuildFile; fileRef = 4FD67DE3211CC9000095A9A5 /* MouseFix.xib */; settings = {ASSET_TAGS = (0, ); }; };
		4FD67DF3211CDD2D0095A9A5 /* Mouse Fix Helper.app in Copy Helper */ = {isa = PBXBuildFile; fileRef = 4FCECD8021092354001F1078 /* Mouse Fix Helper.app */; settings = {ATTRIBUTES = (RemoveHeadersOnCopy, ); }; };
		4FD67DF4211CDE4D0095A9A5 /* MainMenu.xib in Resources */ = {isa = PBXBuildFile; fileRef = 4FCECD8821092354001F1078 /* MainMenu.xib */; };
		4FD9CB1322F7D48D0090DB98 /* Hyperlink.h in Headers */ = {isa = PBXBuildFile; fileRef = 4FD9CB1122F7D48D0090DB98 /* Hyperlink.h */; };
		4FF3B2BD23276082009E8A8E /* Uninstaller.m in Sources */ = {isa = PBXBuildFile; fileRef = 4FF3B2BC23276082009E8A8E /* Uninstaller.m */; };
		4FF3B2C0232788AA009E8A8E /* HelperServices_HelperApp.m in Sources */ = {isa = PBXBuildFile; fileRef = 4FF3B2BF232788AA009E8A8E /* HelperServices_HelperApp.m */; };
		4FF64F3B22F7408B0065F64F /* MouseFix.tiff in Resources */ = {isa = PBXBuildFile; fileRef = 4FF64F3A22F7408A0065F64F /* MouseFix.tiff */; };
		4FF873DF23197283002A897A /* UpdateWindow.h in Headers */ = {isa = PBXBuildFile; fileRef = 4FF873DC23197283002A897A /* UpdateWindow.h */; };
		4FF873E023197283002A897A /* UpdateWindow.m in Sources */ = {isa = PBXBuildFile; fileRef = 4FF873DD23197283002A897A /* UpdateWindow.m */; };
		4FF873E123197283002A897A /* UpdateWindow.xib in Resources */ = {isa = PBXBuildFile; fileRef = 4FF873DE23197283002A897A /* UpdateWindow.xib */; };
		4FF873EF231A96B2002A897A /* MoreSheet.h in Headers */ = {isa = PBXBuildFile; fileRef = 4FF873EC231A96B2002A897A /* MoreSheet.h */; };
		4FF873F0231A96B2002A897A /* MoreSheet.m in Sources */ = {isa = PBXBuildFile; fileRef = 4FF873ED231A96B2002A897A /* MoreSheet.m */; };
		4FF873F1231A96B2002A897A /* MoreSheet.xib in Resources */ = {isa = PBXBuildFile; fileRef = 4FF873EE231A96B2002A897A /* MoreSheet.xib */; };
/* End PBXBuildFile section */

/* Begin PBXContainerItemProxy section */
		4F2FDF3B23156A8F00C7BE14 /* PBXContainerItemProxy */ = {
			isa = PBXContainerItemProxy;
			containerPortal = 4FCECD7821092354001F1078 /* Project object */;
			proxyType = 1;
			remoteGlobalIDString = 4F2FDF2F2315662400C7BE14;
			remoteInfo = "Mouse Fix Updater";
		};
		4FD67DF0211CDC930095A9A5 /* PBXContainerItemProxy */ = {
			isa = PBXContainerItemProxy;
			containerPortal = 4FCECD7821092354001F1078 /* Project object */;
			proxyType = 1;
			remoteGlobalIDString = 4FCECD7F21092354001F1078;
			remoteInfo = "Mouse Remap Helper";
		};
/* End PBXContainerItemProxy section */

/* Begin PBXCopyFilesBuildPhase section */
		4F2FDF2E2315662400C7BE14 /* CopyFiles */ = {
			isa = PBXCopyFilesBuildPhase;
			buildActionMask = 12;
			dstPath = usr/share/man/man1;
			dstSubfolderSpec = 1;
			files = (
			);
			runOnlyForDeploymentPostprocessing = 0;
		};
		4F2FDF392315667700C7BE14 /* Copy Updater */ = {
			isa = PBXCopyFilesBuildPhase;
			buildActionMask = 2147483647;
			dstPath = Contents/Library/LaunchServices;
			dstSubfolderSpec = 1;
			files = (
				4F2FDF3D23156AA900C7BE14 /* Mouse Fix Updater in Copy Updater */,
			);
			name = "Copy Updater";
			runOnlyForDeploymentPostprocessing = 0;
		};
		4F6A19F1231472B600E05446 /* My Embed Frameworks */ = {
			isa = PBXCopyFilesBuildPhase;
			buildActionMask = 2147483647;
			dstPath = "";
			dstSubfolderSpec = 10;
			files = (
				4F32E19A231C5BBC00199A11 /* ZipArchive.framework in My Embed Frameworks */,
			);
			name = "My Embed Frameworks";
			runOnlyForDeploymentPostprocessing = 0;
		};
		4FD67DF2211CDCDE0095A9A5 /* Copy Helper */ = {
			isa = PBXCopyFilesBuildPhase;
			buildActionMask = 2147483647;
			dstPath = Contents/Library/LoginItems;
			dstSubfolderSpec = 1;
			files = (
				4FD67DF3211CDD2D0095A9A5 /* Mouse Fix Helper.app in Copy Helper */,
			);
			name = "Copy Helper";
			runOnlyForDeploymentPostprocessing = 0;
		};
		4FF3B2D723278FCE009E8A8E /* Copy Launchd Interface */ = {
			isa = PBXCopyFilesBuildPhase;
			buildActionMask = 2147483647;
			dstPath = Contents/Library/LaunchServices;
			dstSubfolderSpec = 1;
			files = (
			);
			name = "Copy Launchd Interface";
			runOnlyForDeploymentPostprocessing = 0;
		};
/* End PBXCopyFilesBuildPhase section */

/* Begin PBXFileReference section */
		4F1C966B2313606200C3B9AE /* IOHIDPrivateKeys.h */ = {isa = PBXFileReference; lastKnownFileType = sourcecode.c.h; path = IOHIDPrivateKeys.h; sourceTree = "<group>"; };
		4F1C966C2313606200C3B9AE /* IOHIDLibPrivate.h */ = {isa = PBXFileReference; lastKnownFileType = sourcecode.c.h; path = IOHIDLibPrivate.h; sourceTree = "<group>"; };
		4F1C966D2313606200C3B9AE /* IOHIDEvent.h */ = {isa = PBXFileReference; lastKnownFileType = sourcecode.c.h; path = IOHIDEvent.h; sourceTree = "<group>"; };
		4F1C966E2313606200C3B9AE /* IOHIDLibUserClient.h */ = {isa = PBXFileReference; lastKnownFileType = sourcecode.c.h; path = IOHIDLibUserClient.h; sourceTree = "<group>"; };
		4F1C966F2313606200C3B9AE /* CGSPrivate.h */ = {isa = PBXFileReference; lastKnownFileType = sourcecode.c.h; path = CGSPrivate.h; sourceTree = "<group>"; };
		4F1C96712313606200C3B9AE /* CGSTile.h */ = {isa = PBXFileReference; lastKnownFileType = sourcecode.c.h; path = CGSTile.h; sourceTree = "<group>"; };
		4F1C96722313606200C3B9AE /* CGSSurface.h */ = {isa = PBXFileReference; lastKnownFileType = sourcecode.c.h; path = CGSSurface.h; sourceTree = "<group>"; };
		4F1C96732313606200C3B9AE /* CGSTransitions.h */ = {isa = PBXFileReference; lastKnownFileType = sourcecode.c.h; path = CGSTransitions.h; sourceTree = "<group>"; };
		4F1C96742313606200C3B9AE /* CGSRegion.h */ = {isa = PBXFileReference; lastKnownFileType = sourcecode.c.h; path = CGSRegion.h; sourceTree = "<group>"; };
		4F1C96752313606200C3B9AE /* CGSWorkspace.h */ = {isa = PBXFileReference; lastKnownFileType = sourcecode.c.h; path = CGSWorkspace.h; sourceTree = "<group>"; };
		4F1C96762313606200C3B9AE /* CGSHotKeys.h */ = {isa = PBXFileReference; lastKnownFileType = sourcecode.c.h; path = CGSHotKeys.h; sourceTree = "<group>"; };
		4F1C96772313606200C3B9AE /* CGSAccessibility.h */ = {isa = PBXFileReference; lastKnownFileType = sourcecode.c.h; path = CGSAccessibility.h; sourceTree = "<group>"; };
		4F1C96782313606200C3B9AE /* CGSMisc.h */ = {isa = PBXFileReference; lastKnownFileType = sourcecode.c.h; path = CGSMisc.h; sourceTree = "<group>"; };
		4F1C96792313606200C3B9AE /* README.md */ = {isa = PBXFileReference; lastKnownFileType = net.daringfireball.markdown; path = README.md; sourceTree = "<group>"; };
		4F1C967A2313606200C3B9AE /* CGSWindow.h */ = {isa = PBXFileReference; lastKnownFileType = sourcecode.c.h; path = CGSWindow.h; sourceTree = "<group>"; };
		4F1C967B2313606200C3B9AE /* CGSCursor.h */ = {isa = PBXFileReference; lastKnownFileType = sourcecode.c.h; path = CGSCursor.h; sourceTree = "<group>"; };
		4F1C967C2313606200C3B9AE /* .gitignore */ = {isa = PBXFileReference; lastKnownFileType = text; path = .gitignore; sourceTree = "<group>"; };
		4F1C967D2313606200C3B9AE /* CGSDisplays.h */ = {isa = PBXFileReference; lastKnownFileType = sourcecode.c.h; path = CGSDisplays.h; sourceTree = "<group>"; };
		4F1C967E2313606200C3B9AE /* CGSInternal.h */ = {isa = PBXFileReference; lastKnownFileType = sourcecode.c.h; path = CGSInternal.h; sourceTree = "<group>"; };
		4F1C967F2313606200C3B9AE /* CGSCIFilter.h */ = {isa = PBXFileReference; lastKnownFileType = sourcecode.c.h; path = CGSCIFilter.h; sourceTree = "<group>"; };
		4F1C96802313606200C3B9AE /* CGSConnection.h */ = {isa = PBXFileReference; lastKnownFileType = sourcecode.c.h; path = CGSConnection.h; sourceTree = "<group>"; };
		4F1C96812313606200C3B9AE /* CGSSession.h */ = {isa = PBXFileReference; lastKnownFileType = sourcecode.c.h; path = CGSSession.h; sourceTree = "<group>"; };
		4F1C96822313606200C3B9AE /* CGSDevice.h */ = {isa = PBXFileReference; lastKnownFileType = sourcecode.c.h; path = CGSDevice.h; sourceTree = "<group>"; };
		4F1C96832313606200C3B9AE /* CGSSpace.h */ = {isa = PBXFileReference; lastKnownFileType = sourcecode.c.h; path = CGSSpace.h; sourceTree = "<group>"; };
		4F1C96842313606200C3B9AE /* CGSEvent.h */ = {isa = PBXFileReference; lastKnownFileType = sourcecode.c.h; path = CGSEvent.h; sourceTree = "<group>"; };
		4F1C96852313606200C3B9AE /* CGSDebug.h */ = {isa = PBXFileReference; lastKnownFileType = sourcecode.c.h; path = CGSDebug.h; sourceTree = "<group>"; };
		4F1C96872313606200C3B9AE /* TouchEvents.c */ = {isa = PBXFileReference; lastKnownFileType = sourcecode.c.c; path = TouchEvents.c; sourceTree = "<group>"; };
		4F1C96882313606200C3B9AE /* LICENSE */ = {isa = PBXFileReference; lastKnownFileType = text; path = LICENSE; sourceTree = "<group>"; };
		4F1C96892313606200C3B9AE /* TouchEvents.h */ = {isa = PBXFileReference; lastKnownFileType = sourcecode.c.h; path = TouchEvents.h; sourceTree = "<group>"; };
		4F1C968A2313606200C3B9AE /* IOHIDEventData.h */ = {isa = PBXFileReference; lastKnownFileType = sourcecode.c.h; path = IOHIDEventData.h; sourceTree = "<group>"; };
		4F1C968B2313606200C3B9AE /* IOHIDEventTypes.h */ = {isa = PBXFileReference; lastKnownFileType = sourcecode.c.h; path = IOHIDEventTypes.h; sourceTree = "<group>"; };
		4F2FDF302315662400C7BE14 /* Mouse Fix Updater */ = {isa = PBXFileReference; explicitFileType = "compiled.mach-o.executable"; includeInIndex = 0; path = "Mouse Fix Updater"; sourceTree = BUILT_PRODUCTS_DIR; };
		4F2FDF322315662500C7BE14 /* main.m */ = {isa = PBXFileReference; lastKnownFileType = sourcecode.c.objc; path = main.m; sourceTree = "<group>"; };
		4F32E14B231C420100199A11 /* MessagePort_HelperApp.h */ = {isa = PBXFileReference; fileEncoding = 4; lastKnownFileType = sourcecode.c.h; path = MessagePort_HelperApp.h; sourceTree = "<group>"; };
		4F32E14C231C420100199A11 /* ConfigFileInterface_HelperApp.h */ = {isa = PBXFileReference; fileEncoding = 4; lastKnownFileType = sourcecode.c.h; path = ConfigFileInterface_HelperApp.h; sourceTree = "<group>"; };
		4F32E14D231C420100199A11 /* DeviceManager.h */ = {isa = PBXFileReference; fileEncoding = 4; lastKnownFileType = sourcecode.c.h; path = DeviceManager.h; sourceTree = "<group>"; };
		4F32E14E231C420100199A11 /* MessagePort_HelperApp.m */ = {isa = PBXFileReference; fileEncoding = 4; lastKnownFileType = sourcecode.c.objc; path = MessagePort_HelperApp.m; sourceTree = "<group>"; };
		4F32E14F231C420100199A11 /* config.plist */ = {isa = PBXFileReference; fileEncoding = 4; lastKnownFileType = text.plist.xml; path = config.plist; sourceTree = "<group>"; };
		4F32E150231C420100199A11 /* DeviceManager.m */ = {isa = PBXFileReference; fileEncoding = 4; lastKnownFileType = sourcecode.c.objc; path = DeviceManager.m; sourceTree = "<group>"; };
		4F32E151231C420100199A11 /* ConfigFileInterface_HelperApp.m */ = {isa = PBXFileReference; fileEncoding = 4; lastKnownFileType = sourcecode.c.objc; path = ConfigFileInterface_HelperApp.m; sourceTree = "<group>"; };
		4F32E153231C420100199A11 /* Utility_HelperApp.m */ = {isa = PBXFileReference; fileEncoding = 4; lastKnownFileType = sourcecode.c.objc; path = Utility_HelperApp.m; sourceTree = "<group>"; };
		4F32E154231C420100199A11 /* Utility_HelperApp.h */ = {isa = PBXFileReference; fileEncoding = 4; lastKnownFileType = sourcecode.c.h; path = Utility_HelperApp.h; sourceTree = "<group>"; };
		4F32E15C231C44C000199A11 /* main.m */ = {isa = PBXFileReference; fileEncoding = 4; lastKnownFileType = sourcecode.c.objc; path = main.m; sourceTree = "<group>"; };
		4F32E162231C4A7700199A11 /* Base */ = {isa = PBXFileReference; lastKnownFileType = file.xib; name = Base; path = Base.lproj/MouseFix.xib; sourceTree = "<group>"; };
		4F32E163231C4A7700199A11 /* Base */ = {isa = PBXFileReference; lastKnownFileType = file.xib; name = Base; path = Base.lproj/MainMenu.xib; sourceTree = "<group>"; };
		4F32E17E231C509200199A11 /* SmoothScroll.h */ = {isa = PBXFileReference; fileEncoding = 4; lastKnownFileType = sourcecode.c.h; path = SmoothScroll.h; sourceTree = "<group>"; };
		4F32E180231C509200199A11 /* SmoothScroll.m (old) */ = {isa = PBXFileReference; fileEncoding = 4; lastKnownFileType = text; path = "SmoothScroll.m (old)"; sourceTree = "<group>"; };
		4F32E181231C509200199A11 /* AnimationCurve.m */ = {isa = PBXFileReference; fileEncoding = 4; lastKnownFileType = sourcecode.c.objc; path = AnimationCurve.m; sourceTree = "<group>"; };
		4F32E182231C509200199A11 /* SmoothScroll.h (old) */ = {isa = PBXFileReference; fileEncoding = 4; lastKnownFileType = text; path = "SmoothScroll.h (old)"; sourceTree = "<group>"; };
		4F32E183231C509200199A11 /* AnimationCurve.h */ = {isa = PBXFileReference; fileEncoding = 4; lastKnownFileType = sourcecode.c.h; path = AnimationCurve.h; sourceTree = "<group>"; };
		4F32E184231C509200199A11 /* MomentumScroll.h (old) */ = {isa = PBXFileReference; fileEncoding = 4; lastKnownFileType = text; path = "MomentumScroll.h (old)"; sourceTree = "<group>"; };
		4F32E185231C509200199A11 /* MomentumScroll.m (old) */ = {isa = PBXFileReference; fileEncoding = 4; lastKnownFileType = text; path = "MomentumScroll.m (old)"; sourceTree = "<group>"; };
		4F32E186231C509200199A11 /* SmoothScroll.m */ = {isa = PBXFileReference; fileEncoding = 4; lastKnownFileType = sourcecode.c.objc; path = SmoothScroll.m; sourceTree = "<group>"; };
		4F32E18E231C50A100199A11 /* InputParser.m */ = {isa = PBXFileReference; fileEncoding = 4; lastKnownFileType = sourcecode.c.objc; path = InputParser.m; sourceTree = "<group>"; };
		4F32E18F231C50A100199A11 /* ModifierInputReceiver.m */ = {isa = PBXFileReference; fileEncoding = 4; lastKnownFileType = sourcecode.c.objc; path = ModifierInputReceiver.m; sourceTree = "<group>"; };
		4F32E190231C50A100199A11 /* MouseInputReceiver.h */ = {isa = PBXFileReference; fileEncoding = 4; lastKnownFileType = sourcecode.c.h; path = MouseInputReceiver.h; sourceTree = "<group>"; };
		4F32E191231C50A100199A11 /* ModifierInputReceiver.h */ = {isa = PBXFileReference; fileEncoding = 4; lastKnownFileType = sourcecode.c.h; path = ModifierInputReceiver.h; sourceTree = "<group>"; };
		4F32E192231C50A100199A11 /* InputParser.h */ = {isa = PBXFileReference; fileEncoding = 4; lastKnownFileType = sourcecode.c.h; path = InputParser.h; sourceTree = "<group>"; };
		4F32E193231C50A100199A11 /* MouseInputReceiver.m */ = {isa = PBXFileReference; fileEncoding = 4; lastKnownFileType = sourcecode.c.objc; path = MouseInputReceiver.m; sourceTree = "<group>"; };
		4F32E198231C5B5100199A11 /* ZipArchive.framework */ = {isa = PBXFileReference; lastKnownFileType = wrapper.framework; name = ZipArchive.framework; path = Carthage/Build/Mac/ZipArchive.framework; sourceTree = "<group>"; };
		4F3A8443230D3E6C0012C725 /* Updater.h */ = {isa = PBXFileReference; lastKnownFileType = sourcecode.c.h; path = Updater.h; sourceTree = "<group>"; };
		4F3A8444230D3E6C0012C725 /* Updater.m */ = {isa = PBXFileReference; lastKnownFileType = sourcecode.c.objc; path = Updater.m; sourceTree = "<group>"; };
		4F3FC752231EB30D0079774F /* MouseFixPreferencePaneIcon.tiff */ = {isa = PBXFileReference; lastKnownFileType = image.tiff; path = MouseFixPreferencePaneIcon.tiff; sourceTree = "<group>"; };
		4F8AEA9122FBC7AC008C1A7C /* milkshake_button.png */ = {isa = PBXFileReference; lastKnownFileType = image.png; path = milkshake_button.png; sourceTree = "<group>"; };
		4F8F38E722F8C7A1004D0040 /* Mouse_Fix_alt.tiff */ = {isa = PBXFileReference; lastKnownFileType = image.tiff; path = Mouse_Fix_alt.tiff; sourceTree = "<group>"; };
		4FACF59E2183B956009257D4 /* default_mouse.fix.helper.plist */ = {isa = PBXFileReference; fileEncoding = 4; lastKnownFileType = text.plist.xml; path = default_mouse.fix.helper.plist; sourceTree = "<group>"; };
		4FBF34F6231750B500E6CFD0 /* pureDonationButton.png */ = {isa = PBXFileReference; lastKnownFileType = image.png; path = pureDonationButton.png; sourceTree = "<group>"; };
		4FBF34FD23183E6700E6CFD0 /* ConfigFileInterface_PrefPane.h */ = {isa = PBXFileReference; lastKnownFileType = sourcecode.c.h; path = ConfigFileInterface_PrefPane.h; sourceTree = "<group>"; };
		4FBF34FE23183E6700E6CFD0 /* ConfigFileInterface_PrefPane.m */ = {isa = PBXFileReference; lastKnownFileType = sourcecode.c.objc; path = ConfigFileInterface_PrefPane.m; sourceTree = "<group>"; };
		4FBF350323183FDA00E6CFD0 /* HelperServices.h */ = {isa = PBXFileReference; lastKnownFileType = sourcecode.c.h; path = HelperServices.h; sourceTree = "<group>"; };
		4FBF350423183FDA00E6CFD0 /* HelperServices.m */ = {isa = PBXFileReference; lastKnownFileType = sourcecode.c.objc; path = HelperServices.m; sourceTree = "<group>"; };
		4FCECD8021092354001F1078 /* Mouse Fix Helper.app */ = {isa = PBXFileReference; explicitFileType = wrapper.application; includeInIndex = 0; path = "Mouse Fix Helper.app"; sourceTree = BUILT_PRODUCTS_DIR; };
		4FCECD8321092354001F1078 /* AppDelegate.h */ = {isa = PBXFileReference; lastKnownFileType = sourcecode.c.h; path = AppDelegate.h; sourceTree = "<group>"; };
		4FCECD8421092354001F1078 /* AppDelegate.m */ = {isa = PBXFileReference; lastKnownFileType = sourcecode.c.objc; path = AppDelegate.m; sourceTree = "<group>"; };
		4FCECD8621092354001F1078 /* Assets.xcassets */ = {isa = PBXFileReference; lastKnownFileType = folder.assetcatalog; path = Assets.xcassets; sourceTree = "<group>"; };
		4FCECD8B21092354001F1078 /* Info.plist */ = {isa = PBXFileReference; lastKnownFileType = text.plist.xml; path = Info.plist; sourceTree = "<group>"; };
		4FCECD8E21092354001F1078 /* Mouse_Remap_Helper.entitlements */ = {isa = PBXFileReference; lastKnownFileType = text.plist.entitlements; path = Mouse_Remap_Helper.entitlements; sourceTree = "<group>"; };
		4FD45A0D231C66CF00F75C58 /* MessagePort_PrefPane.h */ = {isa = PBXFileReference; lastKnownFileType = sourcecode.c.h; path = MessagePort_PrefPane.h; sourceTree = "<group>"; };
		4FD45A0E231C66CF00F75C58 /* MessagePort_PrefPane.m */ = {isa = PBXFileReference; lastKnownFileType = sourcecode.c.objc; path = MessagePort_PrefPane.m; sourceTree = "<group>"; };
		4FD45A18231C78B400F75C58 /* AuthorizeAccessibilityView.h */ = {isa = PBXFileReference; lastKnownFileType = sourcecode.c.h; path = AuthorizeAccessibilityView.h; sourceTree = "<group>"; };
		4FD45A19231C78B400F75C58 /* AuthorizeAccessibilityView.m */ = {isa = PBXFileReference; lastKnownFileType = sourcecode.c.objc; path = AuthorizeAccessibilityView.m; sourceTree = "<group>"; };
		4FD45A1A231C78B400F75C58 /* AuthorizeAccessibilityView.xib */ = {isa = PBXFileReference; lastKnownFileType = file.xib; path = AuthorizeAccessibilityView.xib; sourceTree = "<group>"; };
		4FD45A1E231C7FB500F75C58 /* AccessibilityCheck.h */ = {isa = PBXFileReference; lastKnownFileType = sourcecode.c.h; path = AccessibilityCheck.h; sourceTree = "<group>"; };
		4FD45A1F231C7FB500F75C58 /* AccessibilityCheck.m */ = {isa = PBXFileReference; lastKnownFileType = sourcecode.c.objc; path = AccessibilityCheck.m; sourceTree = "<group>"; };
		4FD45A24231C860100F75C58 /* KeyIcon.tiff */ = {isa = PBXFileReference; lastKnownFileType = image.tiff; path = KeyIcon.tiff; sourceTree = "<group>"; };
		4FD45A25231C860100F75C58 /* UniversalAccessPref.tiff */ = {isa = PBXFileReference; lastKnownFileType = image.tiff; path = UniversalAccessPref.tiff; sourceTree = "<group>"; };
		4FD45A2A231CD20200F75C58 /* SpinnerView.xib */ = {isa = PBXFileReference; lastKnownFileType = file.xib; path = SpinnerView.xib; sourceTree = "<group>"; };
		4FD45A32231D097000F75C58 /* Utility_PrefPane.h */ = {isa = PBXFileReference; lastKnownFileType = sourcecode.c.h; path = Utility_PrefPane.h; sourceTree = "<group>"; };
		4FD45A33231D097000F75C58 /* Utility_PrefPane.m */ = {isa = PBXFileReference; lastKnownFileType = sourcecode.c.objc; path = Utility_PrefPane.m; sourceTree = "<group>"; };
		4FD67DDB211CC9000095A9A5 /* Mouse Fix.prefPane */ = {isa = PBXFileReference; explicitFileType = wrapper.cfbundle; includeInIndex = 0; path = "Mouse Fix.prefPane"; sourceTree = BUILT_PRODUCTS_DIR; };
		4FD67DDD211CC9000095A9A5 /* PrefPaneDelegate.h */ = {isa = PBXFileReference; lastKnownFileType = sourcecode.c.h; path = PrefPaneDelegate.h; sourceTree = "<group>"; };
		4FD67DDF211CC9000095A9A5 /* PrefPaneDelegate.m */ = {isa = PBXFileReference; lastKnownFileType = sourcecode.c.objc; path = PrefPaneDelegate.m; sourceTree = "<group>"; };
		4FD67DE6211CC9000095A9A5 /* Info.plist */ = {isa = PBXFileReference; lastKnownFileType = text.plist.xml; path = Info.plist; sourceTree = "<group>"; };
		4FD9CB1122F7D48D0090DB98 /* Hyperlink.h */ = {isa = PBXFileReference; lastKnownFileType = sourcecode.c.h; path = Hyperlink.h; sourceTree = "<group>"; };
		4FD9CB1222F7D48D0090DB98 /* Hyperlink.m */ = {isa = PBXFileReference; lastKnownFileType = sourcecode.c.objc; path = Hyperlink.m; sourceTree = "<group>"; };
		4FEA982A21AC775E0094AC51 /* default_config.plist */ = {isa = PBXFileReference; lastKnownFileType = text.plist.xml; path = default_config.plist; sourceTree = "<group>"; };
		4FF3B2BB23276082009E8A8E /* Uninstaller.h */ = {isa = PBXFileReference; lastKnownFileType = sourcecode.c.h; path = Uninstaller.h; sourceTree = "<group>"; };
		4FF3B2BC23276082009E8A8E /* Uninstaller.m */ = {isa = PBXFileReference; lastKnownFileType = sourcecode.c.objc; path = Uninstaller.m; sourceTree = "<group>"; };
		4FF3B2BE232788AA009E8A8E /* HelperServices_HelperApp.h */ = {isa = PBXFileReference; lastKnownFileType = sourcecode.c.h; path = HelperServices_HelperApp.h; sourceTree = "<group>"; };
		4FF3B2BF232788AA009E8A8E /* HelperServices_HelperApp.m */ = {isa = PBXFileReference; lastKnownFileType = sourcecode.c.objc; path = HelperServices_HelperApp.m; sourceTree = "<group>"; };
		4FF64F3A22F7408A0065F64F /* MouseFix.tiff */ = {isa = PBXFileReference; lastKnownFileType = image.tiff; path = MouseFix.tiff; sourceTree = "<group>"; };
		4FF873DC23197283002A897A /* UpdateWindow.h */ = {isa = PBXFileReference; lastKnownFileType = sourcecode.c.h; path = UpdateWindow.h; sourceTree = "<group>"; };
		4FF873DD23197283002A897A /* UpdateWindow.m */ = {isa = PBXFileReference; lastKnownFileType = sourcecode.c.objc; path = UpdateWindow.m; sourceTree = "<group>"; };
		4FF873DE23197283002A897A /* UpdateWindow.xib */ = {isa = PBXFileReference; lastKnownFileType = file.xib; path = UpdateWindow.xib; sourceTree = "<group>"; };
		4FF873EC231A96B2002A897A /* MoreSheet.h */ = {isa = PBXFileReference; lastKnownFileType = sourcecode.c.h; path = MoreSheet.h; sourceTree = "<group>"; };
		4FF873ED231A96B2002A897A /* MoreSheet.m */ = {isa = PBXFileReference; lastKnownFileType = sourcecode.c.objc; path = MoreSheet.m; sourceTree = "<group>"; };
		4FF873EE231A96B2002A897A /* MoreSheet.xib */ = {isa = PBXFileReference; lastKnownFileType = file.xib; path = MoreSheet.xib; sourceTree = "<group>"; };
/* End PBXFileReference section */

/* Begin PBXFrameworksBuildPhase section */
		4F2FDF2D2315662400C7BE14 /* Frameworks */ = {
			isa = PBXFrameworksBuildPhase;
			buildActionMask = 2147483647;
			files = (
			);
			runOnlyForDeploymentPostprocessing = 0;
		};
		4FCECD7D21092354001F1078 /* Frameworks */ = {
			isa = PBXFrameworksBuildPhase;
			buildActionMask = 2147483647;
			files = (
			);
			runOnlyForDeploymentPostprocessing = 0;
		};
		4FD67DD7211CC9000095A9A5 /* Frameworks */ = {
			isa = PBXFrameworksBuildPhase;
			buildActionMask = 2147483647;
			files = (
				4F32E199231C5B5100199A11 /* ZipArchive.framework in Frameworks */,
			);
			runOnlyForDeploymentPostprocessing = 0;
		};
/* End PBXFrameworksBuildPhase section */

/* Begin PBXGroup section */
		4F1C96692313603400C3B9AE /* External */ = {
			isa = PBXGroup;
			children = (
				4F1C96702313606200C3B9AE /* CGSInternal */,
				4F1C966F2313606200C3B9AE /* CGSPrivate.h */,
				4F1C966A2313606200C3B9AE /* IOKit */,
				4F1C96862313606200C3B9AE /* SensibleSideButtons */,
			);
			path = External;
			sourceTree = "<group>";
		};
		4F1C966A2313606200C3B9AE /* IOKit */ = {
			isa = PBXGroup;
			children = (
				4F1C966B2313606200C3B9AE /* IOHIDPrivateKeys.h */,
				4F1C966C2313606200C3B9AE /* IOHIDLibPrivate.h */,
				4F1C966D2313606200C3B9AE /* IOHIDEvent.h */,
				4F1C966E2313606200C3B9AE /* IOHIDLibUserClient.h */,
			);
			path = IOKit;
			sourceTree = "<group>";
		};
		4F1C96702313606200C3B9AE /* CGSInternal */ = {
			isa = PBXGroup;
			children = (
				4F1C96712313606200C3B9AE /* CGSTile.h */,
				4F1C96722313606200C3B9AE /* CGSSurface.h */,
				4F1C96732313606200C3B9AE /* CGSTransitions.h */,
				4F1C96742313606200C3B9AE /* CGSRegion.h */,
				4F1C96752313606200C3B9AE /* CGSWorkspace.h */,
				4F1C96762313606200C3B9AE /* CGSHotKeys.h */,
				4F1C96772313606200C3B9AE /* CGSAccessibility.h */,
				4F1C96782313606200C3B9AE /* CGSMisc.h */,
				4F1C96792313606200C3B9AE /* README.md */,
				4F1C967A2313606200C3B9AE /* CGSWindow.h */,
				4F1C967B2313606200C3B9AE /* CGSCursor.h */,
				4F1C967C2313606200C3B9AE /* .gitignore */,
				4F1C967D2313606200C3B9AE /* CGSDisplays.h */,
				4F1C967E2313606200C3B9AE /* CGSInternal.h */,
				4F1C967F2313606200C3B9AE /* CGSCIFilter.h */,
				4F1C96802313606200C3B9AE /* CGSConnection.h */,
				4F1C96812313606200C3B9AE /* CGSSession.h */,
				4F1C96822313606200C3B9AE /* CGSDevice.h */,
				4F1C96832313606200C3B9AE /* CGSSpace.h */,
				4F1C96842313606200C3B9AE /* CGSEvent.h */,
				4F1C96852313606200C3B9AE /* CGSDebug.h */,
			);
			path = CGSInternal;
			sourceTree = "<group>";
		};
		4F1C96862313606200C3B9AE /* SensibleSideButtons */ = {
			isa = PBXGroup;
			children = (
				4F1C96882313606200C3B9AE /* LICENSE */,
				4F1C96892313606200C3B9AE /* TouchEvents.h */,
				4F1C96872313606200C3B9AE /* TouchEvents.c */,
				4F1C968A2313606200C3B9AE /* IOHIDEventData.h */,
				4F1C968B2313606200C3B9AE /* IOHIDEventTypes.h */,
			);
			path = SensibleSideButtons;
			sourceTree = "<group>";
		};
		4F2FDF312315662500C7BE14 /* Mouse Fix Updater */ = {
			isa = PBXGroup;
			children = (
				4F2FDF322315662500C7BE14 /* main.m */,
			);
			path = "Mouse Fix Updater";
			sourceTree = "<group>";
		};
		4F32E152231C420100199A11 /* Utility */ = {
			isa = PBXGroup;
			children = (
				4F32E154231C420100199A11 /* Utility_HelperApp.h */,
				4F32E153231C420100199A11 /* Utility_HelperApp.m */,
			);
			path = Utility;
			sourceTree = "<group>";
		};
		4F32E15E231C455A00199A11 /* SupportFiles */ = {
			isa = PBXGroup;
			children = (
				4FD45A24231C860100F75C58 /* KeyIcon.tiff */,
				4FD45A25231C860100F75C58 /* UniversalAccessPref.tiff */,
				4FBF34F6231750B500E6CFD0 /* pureDonationButton.png */,
				4F8AEA9122FBC7AC008C1A7C /* milkshake_button.png */,
				4FACF5A02183B9AA009257D4 /* Default User Agent Config File */,
				4F3FC752231EB30D0079774F /* MouseFixPreferencePaneIcon.tiff */,
				4FF64F3A22F7408A0065F64F /* MouseFix.tiff */,
				4F8F38E722F8C7A1004D0040 /* Mouse_Fix_alt.tiff */,
				4FD67DE6211CC9000095A9A5 /* Info.plist */,
			);
			path = SupportFiles;
			sourceTree = "<group>";
		};
		4F32E17D231C509200199A11 /* ScrollFix */ = {
			isa = PBXGroup;
			children = (
				4F32E17E231C509200199A11 /* SmoothScroll.h */,
				4F32E186231C509200199A11 /* SmoothScroll.m */,
				4F32E17F231C509200199A11 /* Unused */,
			);
			path = ScrollFix;
			sourceTree = "<group>";
		};
		4F32E17F231C509200199A11 /* Unused */ = {
			isa = PBXGroup;
			children = (
				4F32E180231C509200199A11 /* SmoothScroll.m (old) */,
				4F32E182231C509200199A11 /* SmoothScroll.h (old) */,
				4F32E183231C509200199A11 /* AnimationCurve.h */,
				4F32E181231C509200199A11 /* AnimationCurve.m */,
				4F32E184231C509200199A11 /* MomentumScroll.h (old) */,
				4F32E185231C509200199A11 /* MomentumScroll.m (old) */,
			);
			path = Unused;
			sourceTree = "<group>";
		};
		4F32E18D231C50A100199A11 /* Remap */ = {
			isa = PBXGroup;
			children = (
				4F32E190231C50A100199A11 /* MouseInputReceiver.h */,
				4F32E193231C50A100199A11 /* MouseInputReceiver.m */,
				4F32E191231C50A100199A11 /* ModifierInputReceiver.h */,
				4F32E18F231C50A100199A11 /* ModifierInputReceiver.m */,
				4F32E192231C50A100199A11 /* InputParser.h */,
				4F32E18E231C50A100199A11 /* InputParser.m */,
			);
			path = Remap;
			sourceTree = "<group>";
		};
		4F32E197231C5B5100199A11 /* Frameworks */ = {
			isa = PBXGroup;
			children = (
				4F32E198231C5B5100199A11 /* ZipArchive.framework */,
			);
			name = Frameworks;
			sourceTree = "<group>";
		};
		4FACF5A02183B9AA009257D4 /* Default User Agent Config File */ = {
			isa = PBXGroup;
			children = (
				4FACF59E2183B956009257D4 /* default_mouse.fix.helper.plist */,
			);
			path = "Default User Agent Config File";
			sourceTree = "<group>";
		};
		4FBF347B2316B90800E6CFD0 /* Update */ = {
			isa = PBXGroup;
			children = (
				4F3A8443230D3E6C0012C725 /* Updater.h */,
				4F3A8444230D3E6C0012C725 /* Updater.m */,
				4FF873DC23197283002A897A /* UpdateWindow.h */,
				4FF873DD23197283002A897A /* UpdateWindow.m */,
				4FF873DE23197283002A897A /* UpdateWindow.xib */,
			);
			path = Update;
			sourceTree = "<group>";
		};
		4FBF350123183F1300E6CFD0 /* Config */ = {
			isa = PBXGroup;
			children = (
				4FEA982A21AC775E0094AC51 /* default_config.plist */,
				4FBF34FD23183E6700E6CFD0 /* ConfigFileInterface_PrefPane.h */,
				4FBF34FE23183E6700E6CFD0 /* ConfigFileInterface_PrefPane.m */,
			);
			path = Config;
			sourceTree = "<group>";
		};
		4FBF350223183FBA00E6CFD0 /* HelperServices */ = {
			isa = PBXGroup;
			children = (
				4FBF350323183FDA00E6CFD0 /* HelperServices.h */,
				4FBF350423183FDA00E6CFD0 /* HelperServices.m */,
			);
			path = HelperServices;
			sourceTree = "<group>";
		};
		4FCECD7721092354001F1078 = {
			isa = PBXGroup;
			children = (
				4FD67DDC211CC9000095A9A5 /* Mouse Fix */,
				4FCECD8221092354001F1078 /* Mouse Fix Helper */,
				4F2FDF312315662500C7BE14 /* Mouse Fix Updater */,
				4FCECD8121092354001F1078 /* Products */,
				4F32E197231C5B5100199A11 /* Frameworks */,
			);
			sourceTree = "<group>";
		};
		4FCECD8121092354001F1078 /* Products */ = {
			isa = PBXGroup;
			children = (
				4FCECD8021092354001F1078 /* Mouse Fix Helper.app */,
				4FD67DDB211CC9000095A9A5 /* Mouse Fix.prefPane */,
				4F2FDF302315662400C7BE14 /* Mouse Fix Updater */,
			);
			name = Products;
			sourceTree = "<group>";
		};
		4FCECD8221092354001F1078 /* Mouse Fix Helper */ = {
			isa = PBXGroup;
			children = (
				4FCECD8321092354001F1078 /* AppDelegate.h */,
				4FCECD8421092354001F1078 /* AppDelegate.m */,
				4FD45A21231C7FBB00F75C58 /* Accessibility */,
				4FD45A14231C76DE00F75C58 /* DeviceManager */,
				4F32E18D231C50A100199A11 /* Remap */,
				4F32E17D231C509200199A11 /* ScrollFix */,
				4FD45A15231C76ED00F75C58 /* MessagePort */,
				4FD45A13231C76A700F75C58 /* Config */,
				4F32E152231C420100199A11 /* Utility */,
				4FF3B2BA2327604A009E8A8E /* Uninstall */,
				4FCECDB02109326E001F1078 /* SupportFiles */,
			);
			path = "Mouse Fix Helper";
			sourceTree = "<group>";
		};
		4FCECDB02109326E001F1078 /* SupportFiles */ = {
			isa = PBXGroup;
			children = (
				4F1C96692313603400C3B9AE /* External */,
				4FCECD8621092354001F1078 /* Assets.xcassets */,
				4FCECD8E21092354001F1078 /* Mouse_Remap_Helper.entitlements */,
				4FCECD8B21092354001F1078 /* Info.plist */,
				4F32E15C231C44C000199A11 /* main.m */,
				4FCECD8821092354001F1078 /* MainMenu.xib */,
			);
			path = SupportFiles;
			sourceTree = "<group>";
		};
		4FD45A13231C76A700F75C58 /* Config */ = {
			isa = PBXGroup;
			children = (
				4F32E14F231C420100199A11 /* config.plist */,
				4F32E14C231C420100199A11 /* ConfigFileInterface_HelperApp.h */,
				4F32E151231C420100199A11 /* ConfigFileInterface_HelperApp.m */,
			);
			path = Config;
			sourceTree = "<group>";
		};
		4FD45A14231C76DE00F75C58 /* DeviceManager */ = {
			isa = PBXGroup;
			children = (
				4F32E14D231C420100199A11 /* DeviceManager.h */,
				4F32E150231C420100199A11 /* DeviceManager.m */,
			);
			path = DeviceManager;
			sourceTree = "<group>";
		};
		4FD45A15231C76ED00F75C58 /* MessagePort */ = {
			isa = PBXGroup;
			children = (
				4F32E14B231C420100199A11 /* MessagePort_HelperApp.h */,
				4F32E14E231C420100199A11 /* MessagePort_HelperApp.m */,
			);
			path = MessagePort;
			sourceTree = "<group>";
		};
		4FD45A16231C771200F75C58 /* MessagePort */ = {
			isa = PBXGroup;
			children = (
				4FD45A0D231C66CF00F75C58 /* MessagePort_PrefPane.h */,
				4FD45A0E231C66CF00F75C58 /* MessagePort_PrefPane.m */,
			);
			path = MessagePort;
			sourceTree = "<group>";
		};
		4FD45A17231C785F00F75C58 /* Accessibility */ = {
			isa = PBXGroup;
			children = (
				4FD45A18231C78B400F75C58 /* AuthorizeAccessibilityView.h */,
				4FD45A19231C78B400F75C58 /* AuthorizeAccessibilityView.m */,
				4FD45A1A231C78B400F75C58 /* AuthorizeAccessibilityView.xib */,
				4FD45A2A231CD20200F75C58 /* SpinnerView.xib */,
			);
			path = Accessibility;
			sourceTree = "<group>";
		};
		4FD45A21231C7FBB00F75C58 /* Accessibility */ = {
			isa = PBXGroup;
			children = (
				4FD45A1E231C7FB500F75C58 /* AccessibilityCheck.h */,
				4FD45A1F231C7FB500F75C58 /* AccessibilityCheck.m */,
			);
			path = Accessibility;
			sourceTree = "<group>";
		};
		4FD45A30231D03B800F75C58 /* Utility */ = {
			isa = PBXGroup;
			children = (
				4FD45A32231D097000F75C58 /* Utility_PrefPane.h */,
				4FD45A33231D097000F75C58 /* Utility_PrefPane.m */,
			);
			path = Utility;
			sourceTree = "<group>";
		};
		4FD67DDC211CC9000095A9A5 /* Mouse Fix */ = {
			isa = PBXGroup;
			children = (
				4FD67DDD211CC9000095A9A5 /* PrefPaneDelegate.h */,
				4FD67DDF211CC9000095A9A5 /* PrefPaneDelegate.m */,
				4FD67DE3211CC9000095A9A5 /* MouseFix.xib */,
				4FD45A17231C785F00F75C58 /* Accessibility */,
				4FF873F2231A96C0002A897A /* MoreSheet */,
				4FBF350223183FBA00E6CFD0 /* HelperServices */,
				4FBF350123183F1300E6CFD0 /* Config */,
				4FD45A16231C771200F75C58 /* MessagePort */,
				4FBF347B2316B90800E6CFD0 /* Update */,
				4FD45A30231D03B800F75C58 /* Utility */,
				4FF873F3231AB3AB002A897A /* Hyperlink */,
				4F32E15E231C455A00199A11 /* SupportFiles */,
			);
			path = "Mouse Fix";
			sourceTree = "<group>";
		};
		4FF3B2BA2327604A009E8A8E /* Uninstall */ = {
			isa = PBXGroup;
			children = (
				4FF3B2BB23276082009E8A8E /* Uninstaller.h */,
				4FF3B2BC23276082009E8A8E /* Uninstaller.m */,
				4FF3B2BE232788AA009E8A8E /* HelperServices_HelperApp.h */,
				4FF3B2BF232788AA009E8A8E /* HelperServices_HelperApp.m */,
			);
			path = Uninstall;
			sourceTree = "<group>";
		};
		4FF873F2231A96C0002A897A /* MoreSheet */ = {
			isa = PBXGroup;
			children = (
				4FF873EC231A96B2002A897A /* MoreSheet.h */,
				4FF873ED231A96B2002A897A /* MoreSheet.m */,
				4FF873EE231A96B2002A897A /* MoreSheet.xib */,
			);
			path = MoreSheet;
			sourceTree = "<group>";
		};
		4FF873F3231AB3AB002A897A /* Hyperlink */ = {
			isa = PBXGroup;
			children = (
				4FD9CB1122F7D48D0090DB98 /* Hyperlink.h */,
				4FD9CB1222F7D48D0090DB98 /* Hyperlink.m */,
			);
			path = Hyperlink;
			sourceTree = "<group>";
		};
/* End PBXGroup section */

/* Begin PBXHeadersBuildPhase section */
		4FD67DD8211CC9000095A9A5 /* Headers */ = {
			isa = PBXHeadersBuildPhase;
			buildActionMask = 2147483647;
			files = (
				4FD45A1B231C78B400F75C58 /* AuthorizeAccessibilityView.h in Headers */,
				4FD9CB1322F7D48D0090DB98 /* Hyperlink.h in Headers */,
				4FBF34FF23183E6700E6CFD0 /* ConfigFileInterface_PrefPane.h in Headers */,
				4F3A8445230D3E6C0012C725 /* Updater.h in Headers */,
				4FF873DF23197283002A897A /* UpdateWindow.h in Headers */,
				4FF873EF231A96B2002A897A /* MoreSheet.h in Headers */,
				4FD45A34231D097000F75C58 /* Utility_PrefPane.h in Headers */,
				4FBF350523183FDA00E6CFD0 /* HelperServices.h in Headers */,
				4FD45A0F231C66CF00F75C58 /* MessagePort_PrefPane.h in Headers */,
				4FD67DDE211CC9000095A9A5 /* PrefPaneDelegate.h in Headers */,
			);
			runOnlyForDeploymentPostprocessing = 0;
		};
/* End PBXHeadersBuildPhase section */

/* Begin PBXNativeTarget section */
		4F2FDF2F2315662400C7BE14 /* Mouse Fix Updater */ = {
			isa = PBXNativeTarget;
			buildConfigurationList = 4F2FDF342315662500C7BE14 /* Build configuration list for PBXNativeTarget "Mouse Fix Updater" */;
			buildPhases = (
				4F2FDF2C2315662400C7BE14 /* Sources */,
				4F2FDF2D2315662400C7BE14 /* Frameworks */,
				4F2FDF2E2315662400C7BE14 /* CopyFiles */,
			);
			buildRules = (
			);
			dependencies = (
			);
			name = "Mouse Fix Updater";
			productName = "Mouse Fix Updater";
			productReference = 4F2FDF302315662400C7BE14 /* Mouse Fix Updater */;
			productType = "com.apple.product-type.tool";
		};
		4FCECD7F21092354001F1078 /* Mouse Fix Helper */ = {
			isa = PBXNativeTarget;
			buildConfigurationList = 4FCECDA721092354001F1078 /* Build configuration list for PBXNativeTarget "Mouse Fix Helper" */;
			buildPhases = (
				4FCECD7C21092354001F1078 /* Sources */,
				4FCECD7D21092354001F1078 /* Frameworks */,
				4FCECD7E21092354001F1078 /* Resources */,
			);
			buildRules = (
			);
			dependencies = (
			);
			name = "Mouse Fix Helper";
			productName = "Mouse Remap Helper";
			productReference = 4FCECD8021092354001F1078 /* Mouse Fix Helper.app */;
			productType = "com.apple.product-type.application";
		};
		4FD67DDA211CC9000095A9A5 /* Mouse Fix */ = {
			isa = PBXNativeTarget;
			buildConfigurationList = 4FD67DE9211CC9000095A9A5 /* Build configuration list for PBXNativeTarget "Mouse Fix" */;
			buildPhases = (
				4FD67DD6211CC9000095A9A5 /* Sources */,
				4FD67DD7211CC9000095A9A5 /* Frameworks */,
				4FD67DD8211CC9000095A9A5 /* Headers */,
				4FD67DD9211CC9000095A9A5 /* Resources */,
				4F2A4A7A22F9C7BF00E6CAC5 /* Increment Build Number */,
				4F6A19F1231472B600E05446 /* My Embed Frameworks */,
				4FD67DF2211CDCDE0095A9A5 /* Copy Helper */,
				4F2FDF392315667700C7BE14 /* Copy Updater */,
				4FF3B2D723278FCE009E8A8E /* Copy Launchd Interface */,
			);
			buildRules = (
			);
			dependencies = (
				4FD67DF1211CDC930095A9A5 /* PBXTargetDependency */,
				4F2FDF3C23156A8F00C7BE14 /* PBXTargetDependency */,
			);
			name = "Mouse Fix";
			productName = "Mouse Remap";
			productReference = 4FD67DDB211CC9000095A9A5 /* Mouse Fix.prefPane */;
			productType = "com.apple.product-type.bundle";
		};
/* End PBXNativeTarget section */

/* Begin PBXProject section */
		4FCECD7821092354001F1078 /* Project object */ = {
			isa = PBXProject;
			attributes = {
				CLASSPREFIX = "";
				KnownAssetTags = (
					0,
				);
				LastUpgradeCheck = 1010;
				ORGANIZATIONNAME = "Noah Nuebling";
				TargetAttributes = {
					4F2FDF2F2315662400C7BE14 = {
						CreatedOnToolsVersion = 10.3;
					};
					4FCECD7F21092354001F1078 = {
						CreatedOnToolsVersion = 9.2;
						LastSwiftMigration = 0920;
						ProvisioningStyle = Automatic;
					};
					4FD67DDA211CC9000095A9A5 = {
						CreatedOnToolsVersion = 9.2;
						LastSwiftMigration = 1030;
						ProvisioningStyle = Automatic;
					};
				};
			};
			buildConfigurationList = 4FCECD7B21092354001F1078 /* Build configuration list for PBXProject "Mouse Fix Helper" */;
			compatibilityVersion = "Xcode 8.0";
			developmentRegion = en;
			hasScannedForEncodings = 0;
			knownRegions = (
				en,
				Base,
			);
			mainGroup = 4FCECD7721092354001F1078;
			productRefGroup = 4FCECD8121092354001F1078 /* Products */;
			projectDirPath = "";
			projectRoot = "";
			targets = (
				4FCECD7F21092354001F1078 /* Mouse Fix Helper */,
				4FD67DDA211CC9000095A9A5 /* Mouse Fix */,
				4F2FDF2F2315662400C7BE14 /* Mouse Fix Updater */,
			);
		};
/* End PBXProject section */

/* Begin PBXResourcesBuildPhase section */
		4FCECD7E21092354001F1078 /* Resources */ = {
			isa = PBXResourcesBuildPhase;
			buildActionMask = 2147483647;
			files = (
				4F32E156231C420100199A11 /* config.plist in Resources */,
				4F32E187231C509200199A11 /* SmoothScroll.m (old) in Resources */,
				4F32E18A231C509200199A11 /* MomentumScroll.h (old) in Resources */,
				4FD67DF4211CDE4D0095A9A5 /* MainMenu.xib in Resources */,
				4F32E18B231C509200199A11 /* MomentumScroll.m (old) in Resources */,
				4F32E189231C509200199A11 /* SmoothScroll.h (old) in Resources */,
				4F325567231D450300397221 /* Assets.xcassets in Resources */,
			);
			runOnlyForDeploymentPostprocessing = 0;
		};
		4FD67DD9211CC9000095A9A5 /* Resources */ = {
			isa = PBXResourcesBuildPhase;
			buildActionMask = 2147483647;
			files = (
				4FF873E123197283002A897A /* UpdateWindow.xib in Resources */,
				4FD45A26231C860100F75C58 /* KeyIcon.tiff in Resources */,
				4FD45A1D231C78B400F75C58 /* AuthorizeAccessibilityView.xib in Resources */,
				4FF64F3B22F7408B0065F64F /* MouseFix.tiff in Resources */,
				4FBF34F7231750B600E6CFD0 /* pureDonationButton.png in Resources */,
				4F8F38E822F8C7A1004D0040 /* Mouse_Fix_alt.tiff in Resources */,
				4F3FC753231EB30D0079774F /* MouseFixPreferencePaneIcon.tiff in Resources */,
				4F3FC751231EAFCA0079774F /* Assets.xcassets in Resources */,
				4F8AEA9222FBC7AC008C1A7C /* milkshake_button.png in Resources */,
				4FACF59F2183B956009257D4 /* default_mouse.fix.helper.plist in Resources */,
				4FD45A2B231CD20200F75C58 /* SpinnerView.xib in Resources */,
				4FD45A27231C860100F75C58 /* UniversalAccessPref.tiff in Resources */,
				4FF873F1231A96B2002A897A /* MoreSheet.xib in Resources */,
				4FD67DE5211CC9000095A9A5 /* MouseFix.xib in Resources */,
			);
			runOnlyForDeploymentPostprocessing = 0;
		};
/* End PBXResourcesBuildPhase section */

/* Begin PBXShellScriptBuildPhase section */
		4F2A4A7A22F9C7BF00E6CAC5 /* Increment Build Number */ = {
			isa = PBXShellScriptBuildPhase;
			buildActionMask = 2147483647;
			files = (
			);
			inputFileListPaths = (
				"",
			);
			inputPaths = (
			);
			name = "Increment Build Number";
			outputFileListPaths = (
			);
			outputPaths = (
			);
			runOnlyForDeploymentPostprocessing = 0;
			shellPath = /bin/sh;
			shellScript = "buildNumber=$(/usr/libexec/PlistBuddy -c \"Print CFBundleVersion\" \"${PROJECT_DIR}/${INFOPLIST_FILE}\")\nbuildNumber=$(($buildNumber + 1))\n/usr/libexec/PlistBuddy -c \"Set :CFBundleVersion $buildNumber\" \"${PROJECT_DIR}/${INFOPLIST_FILE}\"\n";
		};
/* End PBXShellScriptBuildPhase section */

/* Begin PBXSourcesBuildPhase section */
		4F2FDF2C2315662400C7BE14 /* Sources */ = {
			isa = PBXSourcesBuildPhase;
			buildActionMask = 2147483647;
			files = (
				4F2FDF332315662500C7BE14 /* main.m in Sources */,
			);
			runOnlyForDeploymentPostprocessing = 0;
		};
		4FCECD7C21092354001F1078 /* Sources */ = {
			isa = PBXSourcesBuildPhase;
			buildActionMask = 2147483647;
			files = (
				4F32E195231C50A100199A11 /* ModifierInputReceiver.m in Sources */,
				4F32E155231C420100199A11 /* MessagePort_HelperApp.m in Sources */,
				4F1C968C231361EF00C3B9AE /* TouchEvents.c in Sources */,
				4FD45A20231C7FB500F75C58 /* AccessibilityCheck.m in Sources */,
				4F32E18C231C509200199A11 /* SmoothScroll.m in Sources */,
				4F32E157231C420100199A11 /* DeviceManager.m in Sources */,
				4F32E158231C420100199A11 /* ConfigFileInterface_HelperApp.m in Sources */,
				4FCECD8521092354001F1078 /* AppDelegate.m in Sources */,
				4F32E15D231C44C000199A11 /* main.m in Sources */,
				4FF3B2C0232788AA009E8A8E /* HelperServices_HelperApp.m in Sources */,
				4F32E194231C50A100199A11 /* InputParser.m in Sources */,
				4F32E196231C50A100199A11 /* MouseInputReceiver.m in Sources */,
				4F32E188231C509200199A11 /* AnimationCurve.m in Sources */,
				4F32E159231C420100199A11 /* Utility_HelperApp.m in Sources */,
				4FF3B2BD23276082009E8A8E /* Uninstaller.m in Sources */,
			);
			runOnlyForDeploymentPostprocessing = 0;
		};
		4FD67DD6211CC9000095A9A5 /* Sources */ = {
			isa = PBXSourcesBuildPhase;
			buildActionMask = 2147483647;
			files = (
				4F32E15F231C45F300199A11 /* Hyperlink.m in Sources */,
				4FD45A35231D097000F75C58 /* Utility_PrefPane.m in Sources */,
				4FD67DE0211CC9000095A9A5 /* PrefPaneDelegate.m in Sources */,
				4FF873F0231A96B2002A897A /* MoreSheet.m in Sources */,
				4FD45A10231C66CF00F75C58 /* MessagePort_PrefPane.m in Sources */,
				4FD45A1C231C78B400F75C58 /* AuthorizeAccessibilityView.m in Sources */,
				4FBF350623183FDA00E6CFD0 /* HelperServices.m in Sources */,
				4F3A8446230D3E6C0012C725 /* Updater.m in Sources */,
				4FBF350023183E6700E6CFD0 /* ConfigFileInterface_PrefPane.m in Sources */,
				4FF873E023197283002A897A /* UpdateWindow.m in Sources */,
			);
			runOnlyForDeploymentPostprocessing = 0;
		};
/* End PBXSourcesBuildPhase section */

/* Begin PBXTargetDependency section */
		4F2FDF3C23156A8F00C7BE14 /* PBXTargetDependency */ = {
			isa = PBXTargetDependency;
			target = 4F2FDF2F2315662400C7BE14 /* Mouse Fix Updater */;
			targetProxy = 4F2FDF3B23156A8F00C7BE14 /* PBXContainerItemProxy */;
		};
		4FD67DF1211CDC930095A9A5 /* PBXTargetDependency */ = {
			isa = PBXTargetDependency;
			target = 4FCECD7F21092354001F1078 /* Mouse Fix Helper */;
			targetProxy = 4FD67DF0211CDC930095A9A5 /* PBXContainerItemProxy */;
		};
/* End PBXTargetDependency section */

/* Begin PBXVariantGroup section */
		4FCECD8821092354001F1078 /* MainMenu.xib */ = {
			isa = PBXVariantGroup;
			children = (
				4F32E163231C4A7700199A11 /* Base */,
			);
			name = MainMenu.xib;
			sourceTree = "<group>";
		};
		4FD67DE3211CC9000095A9A5 /* MouseFix.xib */ = {
			isa = PBXVariantGroup;
			children = (
				4F32E162231C4A7700199A11 /* Base */,
			);
			name = MouseFix.xib;
			sourceTree = "<group>";
		};
/* End PBXVariantGroup section */

/* Begin XCBuildConfiguration section */
		4F2FDF352315662500C7BE14 /* Debug */ = {
			isa = XCBuildConfiguration;
			buildSettings = {
				CLANG_ENABLE_OBJC_WEAK = YES;
				CODE_SIGN_STYLE = Automatic;
				DEVELOPMENT_TEAM = H6Z6W2F7ZZ;
				FRAMEWORK_SEARCH_PATHS = (
					"$(inherited)",
					"$(PROJECT_DIR)/Frameworks",
				);
				MACOSX_DEPLOYMENT_TARGET = 10.12;
				MTL_ENABLE_DEBUG_INFO = INCLUDE_SOURCE;
				MTL_FAST_MATH = YES;
				PRODUCT_NAME = "$(TARGET_NAME)";
			};
			name = Debug;
		};
		4F2FDF362315662500C7BE14 /* Release */ = {
			isa = XCBuildConfiguration;
			buildSettings = {
				CLANG_ENABLE_OBJC_WEAK = YES;
				CODE_SIGN_STYLE = Automatic;
				DEVELOPMENT_TEAM = H6Z6W2F7ZZ;
				FRAMEWORK_SEARCH_PATHS = (
					"$(inherited)",
					"$(PROJECT_DIR)/Frameworks",
				);
				MACOSX_DEPLOYMENT_TARGET = 10.12;
				MTL_FAST_MATH = YES;
				PRODUCT_NAME = "$(TARGET_NAME)";
			};
			name = Release;
		};
		4FCECDA521092354001F1078 /* Debug */ = {
			isa = XCBuildConfiguration;
			buildSettings = {
				ALWAYS_SEARCH_USER_PATHS = NO;
				CLANG_ANALYZER_LOCALIZABILITY_NONLOCALIZED = YES;
				CLANG_ANALYZER_NONNULL = YES;
				CLANG_ANALYZER_NUMBER_OBJECT_CONVERSION = YES_AGGRESSIVE;
				CLANG_CXX_LANGUAGE_STANDARD = "gnu++14";
				CLANG_CXX_LIBRARY = "libc++";
				CLANG_ENABLE_MODULES = YES;
				CLANG_ENABLE_OBJC_ARC = YES;
				CLANG_WARN_BLOCK_CAPTURE_AUTORELEASING = YES;
				CLANG_WARN_BOOL_CONVERSION = YES;
				CLANG_WARN_COMMA = YES;
				CLANG_WARN_CONSTANT_CONVERSION = YES;
				CLANG_WARN_DEPRECATED_OBJC_IMPLEMENTATIONS = YES;
				CLANG_WARN_DIRECT_OBJC_ISA_USAGE = YES_ERROR;
				CLANG_WARN_DOCUMENTATION_COMMENTS = YES;
				CLANG_WARN_EMPTY_BODY = YES;
				CLANG_WARN_ENUM_CONVERSION = YES;
				CLANG_WARN_INFINITE_RECURSION = YES;
				CLANG_WARN_INT_CONVERSION = YES;
				CLANG_WARN_NON_LITERAL_NULL_CONVERSION = YES;
				CLANG_WARN_OBJC_IMPLICIT_RETAIN_SELF = YES;
				CLANG_WARN_OBJC_LITERAL_CONVERSION = YES;
				CLANG_WARN_OBJC_ROOT_CLASS = YES_ERROR;
				CLANG_WARN_RANGE_LOOP_ANALYSIS = YES;
				CLANG_WARN_STRICT_PROTOTYPES = YES;
				CLANG_WARN_SUSPICIOUS_MOVE = YES;
				CLANG_WARN_UNGUARDED_AVAILABILITY = YES_AGGRESSIVE;
				CLANG_WARN_UNREACHABLE_CODE = YES;
				CLANG_WARN__DUPLICATE_METHOD_MATCH = YES;
				CODE_SIGN_IDENTITY = "Mac Developer";
				COPY_PHASE_STRIP = NO;
				DEBUG_INFORMATION_FORMAT = dwarf;
				DEFINES_MODULE = YES;
				ENABLE_STRICT_OBJC_MSGSEND = YES;
				ENABLE_TESTABILITY = YES;
				GCC_C_LANGUAGE_STANDARD = gnu11;
				GCC_DYNAMIC_NO_PIC = NO;
				GCC_NO_COMMON_BLOCKS = YES;
				GCC_OPTIMIZATION_LEVEL = 0;
				GCC_PREPROCESSOR_DEFINITIONS = (
					"DEBUG=1",
					"$(inherited)",
				);
				GCC_WARN_64_TO_32_BIT_CONVERSION = YES;
				GCC_WARN_ABOUT_RETURN_TYPE = YES_ERROR;
				GCC_WARN_UNDECLARED_SELECTOR = YES;
				GCC_WARN_UNINITIALIZED_AUTOS = YES_AGGRESSIVE;
				GCC_WARN_UNUSED_FUNCTION = YES;
				GCC_WARN_UNUSED_VARIABLE = YES;
				MACOSX_DEPLOYMENT_TARGET = 10.12;
				MTL_ENABLE_DEBUG_INFO = YES;
				ONLY_ACTIVE_ARCH = YES;
				SDKROOT = macosx;
			};
			name = Debug;
		};
		4FCECDA621092354001F1078 /* Release */ = {
			isa = XCBuildConfiguration;
			buildSettings = {
				ALWAYS_SEARCH_USER_PATHS = NO;
				CLANG_ANALYZER_LOCALIZABILITY_NONLOCALIZED = YES;
				CLANG_ANALYZER_NONNULL = YES;
				CLANG_ANALYZER_NUMBER_OBJECT_CONVERSION = YES_AGGRESSIVE;
				CLANG_CXX_LANGUAGE_STANDARD = "gnu++14";
				CLANG_CXX_LIBRARY = "libc++";
				CLANG_ENABLE_MODULES = YES;
				CLANG_ENABLE_OBJC_ARC = YES;
				CLANG_WARN_BLOCK_CAPTURE_AUTORELEASING = YES;
				CLANG_WARN_BOOL_CONVERSION = YES;
				CLANG_WARN_COMMA = YES;
				CLANG_WARN_CONSTANT_CONVERSION = YES;
				CLANG_WARN_DEPRECATED_OBJC_IMPLEMENTATIONS = YES;
				CLANG_WARN_DIRECT_OBJC_ISA_USAGE = YES_ERROR;
				CLANG_WARN_DOCUMENTATION_COMMENTS = YES;
				CLANG_WARN_EMPTY_BODY = YES;
				CLANG_WARN_ENUM_CONVERSION = YES;
				CLANG_WARN_INFINITE_RECURSION = YES;
				CLANG_WARN_INT_CONVERSION = YES;
				CLANG_WARN_NON_LITERAL_NULL_CONVERSION = YES;
				CLANG_WARN_OBJC_IMPLICIT_RETAIN_SELF = YES;
				CLANG_WARN_OBJC_LITERAL_CONVERSION = YES;
				CLANG_WARN_OBJC_ROOT_CLASS = YES_ERROR;
				CLANG_WARN_RANGE_LOOP_ANALYSIS = YES;
				CLANG_WARN_STRICT_PROTOTYPES = YES;
				CLANG_WARN_SUSPICIOUS_MOVE = YES;
				CLANG_WARN_UNGUARDED_AVAILABILITY = YES_AGGRESSIVE;
				CLANG_WARN_UNREACHABLE_CODE = YES;
				CLANG_WARN__DUPLICATE_METHOD_MATCH = YES;
				CODE_SIGN_IDENTITY = "Mac Developer";
				COPY_PHASE_STRIP = NO;
				DEBUG_INFORMATION_FORMAT = "dwarf-with-dsym";
				DEFINES_MODULE = YES;
				ENABLE_NS_ASSERTIONS = NO;
				ENABLE_STRICT_OBJC_MSGSEND = YES;
				GCC_C_LANGUAGE_STANDARD = gnu11;
				GCC_NO_COMMON_BLOCKS = YES;
				GCC_WARN_64_TO_32_BIT_CONVERSION = YES;
				GCC_WARN_ABOUT_RETURN_TYPE = YES_ERROR;
				GCC_WARN_UNDECLARED_SELECTOR = YES;
				GCC_WARN_UNINITIALIZED_AUTOS = YES_AGGRESSIVE;
				GCC_WARN_UNUSED_FUNCTION = YES;
				GCC_WARN_UNUSED_VARIABLE = YES;
				MACOSX_DEPLOYMENT_TARGET = 10.12;
				MTL_ENABLE_DEBUG_INFO = NO;
				SDKROOT = macosx;
			};
			name = Release;
		};
		4FCECDA821092354001F1078 /* Debug */ = {
			isa = XCBuildConfiguration;
			buildSettings = {
				ASSETCATALOG_COMPILER_APPICON_NAME = AppIcon;
				CLANG_ENABLE_MODULES = YES;
				CODE_SIGN_ENTITLEMENTS = "Mouse Fix Helper/SupportFiles/Mouse_Remap_Helper.entitlements";
				CODE_SIGN_STYLE = Automatic;
				COMBINE_HIDPI_IMAGES = YES;
				DEVELOPMENT_TEAM = H6Z6W2F7ZZ;
				FRAMEWORK_SEARCH_PATHS = (
					"$(PROJECT_DIR)/Frameworks",
					/Applications/Xcode.app/Contents/Developer/Platforms/MacOSX.platform/Developer/SDKs/MacOSX.sdk/System/Library/Frameworks/ApplicationServices.framework/Frameworks,
					"$(PROJECT_DIR)/Carthage/Build/Mac",
				);
				INFOPLIST_FILE = "Mouse Fix Helper/SupportFiles/Info.plist";
				LD_RUNPATH_SEARCH_PATHS = (
					"$(inherited)",
					"@executable_path/../Frameworks",
				);
				PRODUCT_BUNDLE_IDENTIFIER = com.nuebling.mousefix.helper;
				PRODUCT_NAME = "$(TARGET_NAME)";
				SWIFT_OBJC_BRIDGING_HEADER = "Mouse Fix Helper/Mouse Remap Helper-Bridging-Header.h";
				SWIFT_OPTIMIZATION_LEVEL = "-Onone";
				SWIFT_VERSION = 3.0;
				USER_HEADER_SEARCH_PATHS = "\"$(SRCROOT)/Mouse Fix Helper/SupportFiles/External\"";
			};
			name = Debug;
		};
		4FCECDA921092354001F1078 /* Release */ = {
			isa = XCBuildConfiguration;
			buildSettings = {
				ASSETCATALOG_COMPILER_APPICON_NAME = AppIcon;
				CLANG_ENABLE_MODULES = YES;
				CODE_SIGN_ENTITLEMENTS = "Mouse Fix Helper/SupportFiles/Mouse_Remap_Helper.entitlements";
				CODE_SIGN_STYLE = Automatic;
				COMBINE_HIDPI_IMAGES = YES;
				DEVELOPMENT_TEAM = H6Z6W2F7ZZ;
				FRAMEWORK_SEARCH_PATHS = (
					"$(PROJECT_DIR)/Frameworks",
					/Applications/Xcode.app/Contents/Developer/Platforms/MacOSX.platform/Developer/SDKs/MacOSX.sdk/System/Library/Frameworks/ApplicationServices.framework/Frameworks,
					"$(PROJECT_DIR)/Carthage/Build/Mac",
				);
				INFOPLIST_FILE = "Mouse Fix Helper/SupportFiles/Info.plist";
				LD_RUNPATH_SEARCH_PATHS = (
					"$(inherited)",
					"@executable_path/../Frameworks",
				);
				PRODUCT_BUNDLE_IDENTIFIER = com.nuebling.mousefix.helper;
				PRODUCT_NAME = "$(TARGET_NAME)";
				SWIFT_OBJC_BRIDGING_HEADER = "Mouse Fix Helper/Mouse Remap Helper-Bridging-Header.h";
				SWIFT_VERSION = 3.0;
				USER_HEADER_SEARCH_PATHS = "\"$(SRCROOT)/Mouse Fix Helper/SupportFiles/External\"";
			};
			name = Release;
		};
		4FD67DE7211CC9000095A9A5 /* Debug */ = {
			isa = XCBuildConfiguration;
			buildSettings = {
				CLANG_ENABLE_MODULES = YES;
				CODE_SIGN_STYLE = Automatic;
				COMBINE_HIDPI_IMAGES = YES;
				DEVELOPMENT_TEAM = H6Z6W2F7ZZ;
				FRAMEWORK_SEARCH_PATHS = (
					"$(inherited)",
					"$(PROJECT_DIR)/Carthage/Build/Mac",
				);
				INFOPLIST_FILE = "Mouse Fix/SupportFiles/Info.plist";
				INSTALL_PATH = "$(HOME)/Library/PreferencePanes";
				LD_RUNPATH_SEARCH_PATHS = (
					"$(inherited)",
					"@executable_path/../Frameworks",
					"@loader_path/../Frameworks",
				);
				PRODUCT_BUNDLE_IDENTIFIER = com.nuebling.mousefix;
				PRODUCT_NAME = "$(TARGET_NAME)";
				SWIFT_OBJC_BRIDGING_HEADER = "Mouse Fix/Mouse Fix-Bridging-Header.h";
				SWIFT_OPTIMIZATION_LEVEL = "-Onone";
				SWIFT_VERSION = 5.0;
				USER_HEADER_SEARCH_PATHS = "/Users/Noah/Documents/|MyFiles/Projekte/Programmieren/Xcode/XcodePrivateHeaders";
				WRAPPER_EXTENSION = prefPane;
			};
			name = Debug;
		};
		4FD67DE8211CC9000095A9A5 /* Release */ = {
			isa = XCBuildConfiguration;
			buildSettings = {
				CLANG_ENABLE_MODULES = YES;
				CODE_SIGN_STYLE = Automatic;
				COMBINE_HIDPI_IMAGES = YES;
				DEVELOPMENT_TEAM = H6Z6W2F7ZZ;
				FRAMEWORK_SEARCH_PATHS = (
					"$(inherited)",
					"$(PROJECT_DIR)/Carthage/Build/Mac",
				);
				INFOPLIST_FILE = "Mouse Fix/SupportFiles/Info.plist";
				INSTALL_PATH = "$(HOME)/Library/PreferencePanes";
				LD_RUNPATH_SEARCH_PATHS = (
					"$(inherited)",
					"@executable_path/../Frameworks",
					"@loader_path/../Frameworks",
				);
				PRODUCT_BUNDLE_IDENTIFIER = com.nuebling.mousefix;
				PRODUCT_NAME = "$(TARGET_NAME)";
				SWIFT_OBJC_BRIDGING_HEADER = "Mouse Fix/Mouse Fix-Bridging-Header.h";
				SWIFT_VERSION = 5.0;
				USER_HEADER_SEARCH_PATHS = "/Users/Noah/Documents/|MyFiles/Projekte/Programmieren/Xcode/XcodePrivateHeaders";
				WRAPPER_EXTENSION = prefPane;
			};
			name = Release;
		};
/* End XCBuildConfiguration section */

/* Begin XCConfigurationList section */
		4F2FDF342315662500C7BE14 /* Build configuration list for PBXNativeTarget "Mouse Fix Updater" */ = {
			isa = XCConfigurationList;
			buildConfigurations = (
				4F2FDF352315662500C7BE14 /* Debug */,
				4F2FDF362315662500C7BE14 /* Release */,
			);
			defaultConfigurationIsVisible = 0;
			defaultConfigurationName = Release;
		};
		4FCECD7B21092354001F1078 /* Build configuration list for PBXProject "Mouse Fix Helper" */ = {
			isa = XCConfigurationList;
			buildConfigurations = (
				4FCECDA521092354001F1078 /* Debug */,
				4FCECDA621092354001F1078 /* Release */,
			);
			defaultConfigurationIsVisible = 0;
			defaultConfigurationName = Release;
		};
		4FCECDA721092354001F1078 /* Build configuration list for PBXNativeTarget "Mouse Fix Helper" */ = {
			isa = XCConfigurationList;
			buildConfigurations = (
				4FCECDA821092354001F1078 /* Debug */,
				4FCECDA921092354001F1078 /* Release */,
			);
			defaultConfigurationIsVisible = 0;
			defaultConfigurationName = Release;
		};
		4FD67DE9211CC9000095A9A5 /* Build configuration list for PBXNativeTarget "Mouse Fix" */ = {
			isa = XCConfigurationList;
			buildConfigurations = (
				4FD67DE7211CC9000095A9A5 /* Debug */,
				4FD67DE8211CC9000095A9A5 /* Release */,
			);
			defaultConfigurationIsVisible = 0;
			defaultConfigurationName = Release;
		};
/* End XCConfigurationList section */
	};
	rootObject = 4FCECD7821092354001F1078 /* Project object */;
}
