// !$*UTF8*$!
{
	archiveVersion = 1;
	classes = {
	};
	objectVersion = 51;
	objects = {

/* Begin PBXBuildFile section */
		0FFF47BFC292A2F5CF7E2220 /* Pods_Mouse_Fix.framework in Frameworks */ = {isa = PBXBuildFile; fileRef = 085501A2C25CC417A54F0B38 /* Pods_Mouse_Fix.framework */; };
		103D1EC8149B72C5949F9E0F /* Pods_Mouse_Fix_Helper_HelperTests.framework in Frameworks */ = {isa = PBXBuildFile; fileRef = F62C272082E110830BDE82EC /* Pods_Mouse_Fix_Helper_HelperTests.framework */; };
		334068331924A395A6A98B88 /* Pods_Mouse_Fix_HelperUITests.framework in Frameworks */ = {isa = PBXBuildFile; fileRef = 14CA896B03FCAE26FF2CBE2E /* Pods_Mouse_Fix_HelperUITests.framework */; };
		4F1E52EA21A8D3D00005B817 /* MomentumScroll.m in Sources */ = {isa = PBXBuildFile; fileRef = 4F1E52E921A8D3D00005B817 /* MomentumScroll.m */; };
		4F1E83F322C98F03000CE5AD /* ModifierInputReceiver.m in Sources */ = {isa = PBXBuildFile; fileRef = 4F1E83F222C98F03000CE5AD /* ModifierInputReceiver.m */; };
		4F2BF98D21AE052400CF6A24 /* DeviceManager.m in Sources */ = {isa = PBXBuildFile; fileRef = 4F2BF98C21AE052400CF6A24 /* DeviceManager.m */; };
		4F34F9AF21A3590D00104EBF /* main.m in Sources */ = {isa = PBXBuildFile; fileRef = 4F34F9AE21A3590D00104EBF /* main.m */; };
		4F34F9B521A359D500104EBF /* MouseInputReceiver.m in Sources */ = {isa = PBXBuildFile; fileRef = 4F34F9B421A359D500104EBF /* MouseInputReceiver.m */; };
		4F34F9B921A35E8E00104EBF /* InputParser.m in Sources */ = {isa = PBXBuildFile; fileRef = 4F34F9B821A35E8E00104EBF /* InputParser.m */; };
		4F34F9BF21A366B400104EBF /* ConfigFileInterface.m in Sources */ = {isa = PBXBuildFile; fileRef = 4F34F9BE21A366B400104EBF /* ConfigFileInterface.m */; };
		4F3A8445230D3E6C0012C725 /* Updater.h in Headers */ = {isa = PBXBuildFile; fileRef = 4F3A8443230D3E6C0012C725 /* Updater.h */; };
		4F3A8446230D3E6C0012C725 /* Updater.m in Sources */ = {isa = PBXBuildFile; fileRef = 4F3A8444230D3E6C0012C725 /* Updater.m */; };
		4F611D2721A8E230008857A8 /* config.plist in Resources */ = {isa = PBXBuildFile; fileRef = 4F611D2621A8E230008857A8 /* config.plist */; };
		4F7387FD21B48F7900C2F468 /* MomentumScroll.mn in Sources */ = {isa = PBXBuildFile; fileRef = 4F7387FB21B48F7900C2F468 /* MomentumScroll.mn */; };
		4F73880021B4A79800C2F468 /* MessagePortReceiver.m in Sources */ = {isa = PBXBuildFile; fileRef = 4F7387FF21B4A79800C2F468 /* MessagePortReceiver.m */; };
		4F8AEA9222FBC7AC008C1A7C /* milkshake_button.png in Resources */ = {isa = PBXBuildFile; fileRef = 4F8AEA9122FBC7AC008C1A7C /* milkshake_button.png */; };
		4F8DC6EA21A3B1D200E1D297 /* TouchEvents.c in Sources */ = {isa = PBXBuildFile; fileRef = 4F8DC6E821A3B1D200E1D297 /* TouchEvents.c */; settings = {COMPILER_FLAGS = "-w"; }; };
		4F8DC6ED21A3B20600E1D297 /* IOHIDEventData.h in Headers */ = {isa = PBXBuildFile; fileRef = 4F8DC6EB21A3B20600E1D297 /* IOHIDEventData.h */; };
		4F8DC6EE21A3B20600E1D297 /* IOHIDEventTypes.h in Headers */ = {isa = PBXBuildFile; fileRef = 4F8DC6EC21A3B20600E1D297 /* IOHIDEventTypes.h */; };
		4F8DC6F621A3B60600E1D297 /* AnimationCurve.m in Sources */ = {isa = PBXBuildFile; fileRef = 4F8DC6F421A3B60600E1D297 /* AnimationCurve.m */; };
		4F8DC71F21A6244800E1D297 /* SmoothScroll.m in Sources */ = {isa = PBXBuildFile; fileRef = 4F8DC71D21A6244800E1D297 /* SmoothScroll.m */; };
		4F8F38E822F8C7A1004D0040 /* Mouse_Fix_alt.tiff in Resources */ = {isa = PBXBuildFile; fileRef = 4F8F38E722F8C7A1004D0040 /* Mouse_Fix_alt.tiff */; };
		4FACF59F2183B956009257D4 /* default_mouse.fix.helper.plist in Resources */ = {isa = PBXBuildFile; fileRef = 4FACF59E2183B956009257D4 /* default_mouse.fix.helper.plist */; };
		4FBB85D42187C74100DD6B40 /* Localizable.strings in Resources */ = {isa = PBXBuildFile; fileRef = 4FBB85D22187C74100DD6B40 /* Localizable.strings */; };
		4FCECD8521092354001F1078 /* AppDelegate.m in Sources */ = {isa = PBXBuildFile; fileRef = 4FCECD8421092354001F1078 /* AppDelegate.m */; };
		4FCECD9821092354001F1078 /* Mouse_Remap_HelperTests.m in Sources */ = {isa = PBXBuildFile; fileRef = 4FCECD9721092354001F1078 /* Mouse_Remap_HelperTests.m */; };
		4FCECDA321092354001F1078 /* Mouse_Remap_HelperUITests.m in Sources */ = {isa = PBXBuildFile; fileRef = 4FCECDA221092354001F1078 /* Mouse_Remap_HelperUITests.m */; };
		4FD67DDE211CC9000095A9A5 /* PrefPaneDelegate.h in Headers */ = {isa = PBXBuildFile; fileRef = 4FD67DDD211CC9000095A9A5 /* PrefPaneDelegate.h */; };
		4FD67DE0211CC9000095A9A5 /* PrefPaneDelegate.m in Sources */ = {isa = PBXBuildFile; fileRef = 4FD67DDF211CC9000095A9A5 /* PrefPaneDelegate.m */; };
		4FD67DE5211CC9000095A9A5 /* Mouse_Remap.xib in Resources */ = {isa = PBXBuildFile; fileRef = 4FD67DE3211CC9000095A9A5 /* Mouse_Remap.xib */; settings = {ASSET_TAGS = (0, ); }; };
		4FD67DF3211CDD2D0095A9A5 /* Mouse Fix Helper.app in CopyFiles */ = {isa = PBXBuildFile; fileRef = 4FCECD8021092354001F1078 /* Mouse Fix Helper.app */; settings = {ATTRIBUTES = (RemoveHeadersOnCopy, ); }; };
		4FD67DF4211CDE4D0095A9A5 /* MainMenu.xib in Resources */ = {isa = PBXBuildFile; fileRef = 4FCECD8821092354001F1078 /* MainMenu.xib */; };
		4FD6F5F522C818C000F4841C /* Utility.m in Sources */ = {isa = PBXBuildFile; fileRef = 4FD6F5F422C818C000F4841C /* Utility.m */; };
		4FD9CB0922F7C10E0090DB98 /* paypal_logo_100px.png in Resources */ = {isa = PBXBuildFile; fileRef = 4FD9CB0822F7C10D0090DB98 /* paypal_logo_100px.png */; };
		4FD9CB1322F7D48D0090DB98 /* Hyperlink.h in Headers */ = {isa = PBXBuildFile; fileRef = 4FD9CB1122F7D48D0090DB98 /* Hyperlink.h */; };
		4FD9CB1422F7D48D0090DB98 /* Hyperlink.m in Sources */ = {isa = PBXBuildFile; fileRef = 4FD9CB1222F7D48D0090DB98 /* Hyperlink.m */; };
		4FF64F3B22F7408B0065F64F /* Mouse_Fix.tiff in Resources */ = {isa = PBXBuildFile; fileRef = 4FF64F3A22F7408A0065F64F /* Mouse_Fix.tiff */; };
		A3AC1CF8192D9D1CB96A8C25 /* Pods_Mouse_Fix_Helper.framework in Frameworks */ = {isa = PBXBuildFile; fileRef = 5E7BE7B7AF78FCE357E07041 /* Pods_Mouse_Fix_Helper.framework */; };
/* End PBXBuildFile section */

/* Begin PBXContainerItemProxy section */
		4FCECD9421092354001F1078 /* PBXContainerItemProxy */ = {
			isa = PBXContainerItemProxy;
			containerPortal = 4FCECD7821092354001F1078 /* Project object */;
			proxyType = 1;
			remoteGlobalIDString = 4FCECD7F21092354001F1078;
			remoteInfo = "Mouse Remap Helper";
		};
		4FCECD9F21092354001F1078 /* PBXContainerItemProxy */ = {
			isa = PBXContainerItemProxy;
			containerPortal = 4FCECD7821092354001F1078 /* Project object */;
			proxyType = 1;
			remoteGlobalIDString = 4FCECD7F21092354001F1078;
			remoteInfo = "Mouse Remap Helper";
		};
		4FD67DF0211CDC930095A9A5 /* PBXContainerItemProxy */ = {
			isa = PBXContainerItemProxy;
			containerPortal = 4FCECD7821092354001F1078 /* Project object */;
			proxyType = 1;
			remoteGlobalIDString = 4FCECD7F21092354001F1078;
			remoteInfo = "Mouse Remap Helper";
		};
/* End PBXContainerItemProxy section */

/* Begin PBXCopyFilesBuildPhase section */
		4FD67DF2211CDCDE0095A9A5 /* CopyFiles */ = {
			isa = PBXCopyFilesBuildPhase;
			buildActionMask = 2147483647;
			dstPath = Contents/Library/LoginItems;
			dstSubfolderSpec = 1;
			files = (
				4FD67DF3211CDD2D0095A9A5 /* Mouse Fix Helper.app in CopyFiles */,
			);
			runOnlyForDeploymentPostprocessing = 0;
		};
/* End PBXCopyFilesBuildPhase section */

/* Begin PBXFileReference section */
		085501A2C25CC417A54F0B38 /* Pods_Mouse_Fix.framework */ = {isa = PBXFileReference; explicitFileType = wrapper.framework; includeInIndex = 0; path = Pods_Mouse_Fix.framework; sourceTree = BUILT_PRODUCTS_DIR; };
		14CA896B03FCAE26FF2CBE2E /* Pods_Mouse_Fix_HelperUITests.framework */ = {isa = PBXFileReference; explicitFileType = wrapper.framework; includeInIndex = 0; path = Pods_Mouse_Fix_HelperUITests.framework; sourceTree = BUILT_PRODUCTS_DIR; };
		20769C90A2567032B314BE68 /* Pods-Mouse Fix HelperUITests.debug.xcconfig */ = {isa = PBXFileReference; includeInIndex = 1; lastKnownFileType = text.xcconfig; name = "Pods-Mouse Fix HelperUITests.debug.xcconfig"; path = "Target Support Files/Pods-Mouse Fix HelperUITests/Pods-Mouse Fix HelperUITests.debug.xcconfig"; sourceTree = "<group>"; };
		36F07F56BCD8F95A021419C5 /* Pods-Mouse Fix Helper HelperTests.release.xcconfig */ = {isa = PBXFileReference; includeInIndex = 1; lastKnownFileType = text.xcconfig; name = "Pods-Mouse Fix Helper HelperTests.release.xcconfig"; path = "Target Support Files/Pods-Mouse Fix Helper HelperTests/Pods-Mouse Fix Helper HelperTests.release.xcconfig"; sourceTree = "<group>"; };
		4F1C966B2313606200C3B9AE /* IOHIDPrivateKeys.h */ = {isa = PBXFileReference; lastKnownFileType = sourcecode.c.h; path = IOHIDPrivateKeys.h; sourceTree = "<group>"; };
		4F1C966C2313606200C3B9AE /* IOHIDLibPrivate.h */ = {isa = PBXFileReference; lastKnownFileType = sourcecode.c.h; path = IOHIDLibPrivate.h; sourceTree = "<group>"; };
		4F1C966D2313606200C3B9AE /* IOHIDEvent.h */ = {isa = PBXFileReference; lastKnownFileType = sourcecode.c.h; path = IOHIDEvent.h; sourceTree = "<group>"; };
		4F1C966E2313606200C3B9AE /* IOHIDLibUserClient.h */ = {isa = PBXFileReference; lastKnownFileType = sourcecode.c.h; path = IOHIDLibUserClient.h; sourceTree = "<group>"; };
		4F1C966F2313606200C3B9AE /* CGSPrivate.h */ = {isa = PBXFileReference; lastKnownFileType = sourcecode.c.h; path = CGSPrivate.h; sourceTree = "<group>"; };
		4F1C96712313606200C3B9AE /* CGSTile.h */ = {isa = PBXFileReference; lastKnownFileType = sourcecode.c.h; path = CGSTile.h; sourceTree = "<group>"; };
		4F1C96722313606200C3B9AE /* CGSSurface.h */ = {isa = PBXFileReference; lastKnownFileType = sourcecode.c.h; path = CGSSurface.h; sourceTree = "<group>"; };
		4F1C96732313606200C3B9AE /* CGSTransitions.h */ = {isa = PBXFileReference; lastKnownFileType = sourcecode.c.h; path = CGSTransitions.h; sourceTree = "<group>"; };
		4F1C96742313606200C3B9AE /* CGSRegion.h */ = {isa = PBXFileReference; lastKnownFileType = sourcecode.c.h; path = CGSRegion.h; sourceTree = "<group>"; };
		4F1C96752313606200C3B9AE /* CGSWorkspace.h */ = {isa = PBXFileReference; lastKnownFileType = sourcecode.c.h; path = CGSWorkspace.h; sourceTree = "<group>"; };
		4F1C96762313606200C3B9AE /* CGSHotKeys.h */ = {isa = PBXFileReference; lastKnownFileType = sourcecode.c.h; path = CGSHotKeys.h; sourceTree = "<group>"; };
		4F1C96772313606200C3B9AE /* CGSAccessibility.h */ = {isa = PBXFileReference; lastKnownFileType = sourcecode.c.h; path = CGSAccessibility.h; sourceTree = "<group>"; };
		4F1C96782313606200C3B9AE /* CGSMisc.h */ = {isa = PBXFileReference; lastKnownFileType = sourcecode.c.h; path = CGSMisc.h; sourceTree = "<group>"; };
		4F1C96792313606200C3B9AE /* README.md */ = {isa = PBXFileReference; lastKnownFileType = net.daringfireball.markdown; path = README.md; sourceTree = "<group>"; };
		4F1C967A2313606200C3B9AE /* CGSWindow.h */ = {isa = PBXFileReference; lastKnownFileType = sourcecode.c.h; path = CGSWindow.h; sourceTree = "<group>"; };
		4F1C967B2313606200C3B9AE /* CGSCursor.h */ = {isa = PBXFileReference; lastKnownFileType = sourcecode.c.h; path = CGSCursor.h; sourceTree = "<group>"; };
		4F1C967C2313606200C3B9AE /* .gitignore */ = {isa = PBXFileReference; lastKnownFileType = text; path = .gitignore; sourceTree = "<group>"; };
		4F1C967D2313606200C3B9AE /* CGSDisplays.h */ = {isa = PBXFileReference; lastKnownFileType = sourcecode.c.h; path = CGSDisplays.h; sourceTree = "<group>"; };
		4F1C967E2313606200C3B9AE /* CGSInternal.h */ = {isa = PBXFileReference; lastKnownFileType = sourcecode.c.h; path = CGSInternal.h; sourceTree = "<group>"; };
		4F1C967F2313606200C3B9AE /* CGSCIFilter.h */ = {isa = PBXFileReference; lastKnownFileType = sourcecode.c.h; path = CGSCIFilter.h; sourceTree = "<group>"; };
		4F1C96802313606200C3B9AE /* CGSConnection.h */ = {isa = PBXFileReference; lastKnownFileType = sourcecode.c.h; path = CGSConnection.h; sourceTree = "<group>"; };
		4F1C96812313606200C3B9AE /* CGSSession.h */ = {isa = PBXFileReference; lastKnownFileType = sourcecode.c.h; path = CGSSession.h; sourceTree = "<group>"; };
		4F1C96822313606200C3B9AE /* CGSDevice.h */ = {isa = PBXFileReference; lastKnownFileType = sourcecode.c.h; path = CGSDevice.h; sourceTree = "<group>"; };
		4F1C96832313606200C3B9AE /* CGSSpace.h */ = {isa = PBXFileReference; lastKnownFileType = sourcecode.c.h; path = CGSSpace.h; sourceTree = "<group>"; };
		4F1C96842313606200C3B9AE /* CGSEvent.h */ = {isa = PBXFileReference; lastKnownFileType = sourcecode.c.h; path = CGSEvent.h; sourceTree = "<group>"; };
		4F1C96852313606200C3B9AE /* CGSDebug.h */ = {isa = PBXFileReference; lastKnownFileType = sourcecode.c.h; path = CGSDebug.h; sourceTree = "<group>"; };
		4F1C96872313606200C3B9AE /* TouchEvents.c */ = {isa = PBXFileReference; lastKnownFileType = sourcecode.c.c; path = TouchEvents.c; sourceTree = "<group>"; };
		4F1C96882313606200C3B9AE /* LICENSE */ = {isa = PBXFileReference; lastKnownFileType = text; path = LICENSE; sourceTree = "<group>"; };
		4F1C96892313606200C3B9AE /* TouchEvents.h */ = {isa = PBXFileReference; lastKnownFileType = sourcecode.c.h; path = TouchEvents.h; sourceTree = "<group>"; };
		4F1C968A2313606200C3B9AE /* IOHIDEventData.h */ = {isa = PBXFileReference; lastKnownFileType = sourcecode.c.h; path = IOHIDEventData.h; sourceTree = "<group>"; };
		4F1C968B2313606200C3B9AE /* IOHIDEventTypes.h */ = {isa = PBXFileReference; lastKnownFileType = sourcecode.c.h; path = IOHIDEventTypes.h; sourceTree = "<group>"; };
		4F1E52E821A8D3D00005B817 /* MomentumScroll.h */ = {isa = PBXFileReference; fileEncoding = 4; lastKnownFileType = sourcecode.c.h; path = MomentumScroll.h; sourceTree = "<group>"; };
		4F1E52E921A8D3D00005B817 /* MomentumScroll.m */ = {isa = PBXFileReference; fileEncoding = 4; lastKnownFileType = sourcecode.c.objc; path = MomentumScroll.m; sourceTree = "<group>"; };
		4F1E83F122C98F03000CE5AD /* ModifierInputReceiver.h */ = {isa = PBXFileReference; lastKnownFileType = sourcecode.c.h; path = ModifierInputReceiver.h; sourceTree = "<group>"; };
		4F1E83F222C98F03000CE5AD /* ModifierInputReceiver.m */ = {isa = PBXFileReference; lastKnownFileType = sourcecode.c.objc; path = ModifierInputReceiver.m; sourceTree = "<group>"; };
		4F2BF98B21AE052400CF6A24 /* DeviceManager.h */ = {isa = PBXFileReference; lastKnownFileType = sourcecode.c.h; path = DeviceManager.h; sourceTree = "<group>"; };
		4F2BF98C21AE052400CF6A24 /* DeviceManager.m */ = {isa = PBXFileReference; lastKnownFileType = sourcecode.c.objc; path = DeviceManager.m; sourceTree = "<group>"; };
		4F34F9AE21A3590D00104EBF /* main.m */ = {isa = PBXFileReference; fileEncoding = 4; lastKnownFileType = sourcecode.c.objc; path = main.m; sourceTree = "<group>"; };
		4F34F9B321A359D500104EBF /* MouseInputReceiver.h */ = {isa = PBXFileReference; lastKnownFileType = sourcecode.c.h; path = MouseInputReceiver.h; sourceTree = "<group>"; };
		4F34F9B421A359D500104EBF /* MouseInputReceiver.m */ = {isa = PBXFileReference; lastKnownFileType = sourcecode.c.objc; path = MouseInputReceiver.m; sourceTree = "<group>"; };
		4F34F9B721A35E8E00104EBF /* InputParser.h */ = {isa = PBXFileReference; lastKnownFileType = sourcecode.c.h; path = InputParser.h; sourceTree = "<group>"; };
		4F34F9B821A35E8E00104EBF /* InputParser.m */ = {isa = PBXFileReference; lastKnownFileType = sourcecode.c.objc; path = InputParser.m; sourceTree = "<group>"; };
		4F34F9BD21A366B400104EBF /* ConfigFileInterface.h */ = {isa = PBXFileReference; lastKnownFileType = sourcecode.c.h; path = ConfigFileInterface.h; sourceTree = "<group>"; };
		4F34F9BE21A366B400104EBF /* ConfigFileInterface.m */ = {isa = PBXFileReference; lastKnownFileType = sourcecode.c.objc; path = ConfigFileInterface.m; sourceTree = "<group>"; };
		4F3A8443230D3E6C0012C725 /* Updater.h */ = {isa = PBXFileReference; lastKnownFileType = sourcecode.c.h; path = Updater.h; sourceTree = "<group>"; };
		4F3A8444230D3E6C0012C725 /* Updater.m */ = {isa = PBXFileReference; lastKnownFileType = sourcecode.c.objc; path = Updater.m; sourceTree = "<group>"; };
		4F611D2621A8E230008857A8 /* config.plist */ = {isa = PBXFileReference; fileEncoding = 4; lastKnownFileType = text.plist.xml; path = config.plist; sourceTree = "<group>"; };
		4F7387FB21B48F7900C2F468 /* MomentumScroll.mn */ = {isa = PBXFileReference; fileEncoding = 4; lastKnownFileType = text; path = MomentumScroll.mn; sourceTree = "<group>"; };
		4F7387FC21B48F7900C2F468 /* MomentumScroll.hn */ = {isa = PBXFileReference; fileEncoding = 4; lastKnownFileType = text; path = MomentumScroll.hn; sourceTree = "<group>"; };
		4F7387FE21B4A79800C2F468 /* MessagePortReceiver.h */ = {isa = PBXFileReference; lastKnownFileType = sourcecode.c.h; path = MessagePortReceiver.h; sourceTree = "<group>"; };
		4F7387FF21B4A79800C2F468 /* MessagePortReceiver.m */ = {isa = PBXFileReference; lastKnownFileType = sourcecode.c.objc; path = MessagePortReceiver.m; sourceTree = "<group>"; };
		4F8AEA9122FBC7AC008C1A7C /* milkshake_button.png */ = {isa = PBXFileReference; lastKnownFileType = image.png; path = milkshake_button.png; sourceTree = "<group>"; };
		4F8DC6E821A3B1D200E1D297 /* TouchEvents.c */ = {isa = PBXFileReference; fileEncoding = 4; lastKnownFileType = sourcecode.c.c; path = TouchEvents.c; sourceTree = "<group>"; };
		4F8DC6E921A3B1D200E1D297 /* TouchEvents.h */ = {isa = PBXFileReference; fileEncoding = 4; lastKnownFileType = sourcecode.c.h; path = TouchEvents.h; sourceTree = "<group>"; };
		4F8DC6EB21A3B20600E1D297 /* IOHIDEventData.h */ = {isa = PBXFileReference; fileEncoding = 4; lastKnownFileType = sourcecode.c.h; path = IOHIDEventData.h; sourceTree = "<group>"; };
		4F8DC6EC21A3B20600E1D297 /* IOHIDEventTypes.h */ = {isa = PBXFileReference; fileEncoding = 4; lastKnownFileType = sourcecode.c.h; path = IOHIDEventTypes.h; sourceTree = "<group>"; };
		4F8DC6F221A3B60600E1D297 /* AnimationCurve.h */ = {isa = PBXFileReference; fileEncoding = 4; lastKnownFileType = sourcecode.c.h; path = AnimationCurve.h; sourceTree = "<group>"; };
		4F8DC6F421A3B60600E1D297 /* AnimationCurve.m */ = {isa = PBXFileReference; fileEncoding = 4; lastKnownFileType = sourcecode.c.objc; path = AnimationCurve.m; sourceTree = "<group>"; };
		4F8DC71D21A6244800E1D297 /* SmoothScroll.m */ = {isa = PBXFileReference; fileEncoding = 4; lastKnownFileType = sourcecode.c.objc; path = SmoothScroll.m; sourceTree = "<group>"; };
		4F8DC71E21A6244800E1D297 /* SmoothScroll.h */ = {isa = PBXFileReference; fileEncoding = 4; lastKnownFileType = sourcecode.c.h; path = SmoothScroll.h; sourceTree = "<group>"; };
		4F8F38E722F8C7A1004D0040 /* Mouse_Fix_alt.tiff */ = {isa = PBXFileReference; lastKnownFileType = image.tiff; path = Mouse_Fix_alt.tiff; sourceTree = "<group>"; };
		4FACF59E2183B956009257D4 /* default_mouse.fix.helper.plist */ = {isa = PBXFileReference; fileEncoding = 4; lastKnownFileType = text.plist.xml; path = default_mouse.fix.helper.plist; sourceTree = "<group>"; };
		4FBB85D32187C74100DD6B40 /* en */ = {isa = PBXFileReference; lastKnownFileType = text.plist.strings; name = en; path = en.lproj/Localizable.strings; sourceTree = "<group>"; };
		4FCECD8021092354001F1078 /* Mouse Fix Helper.app */ = {isa = PBXFileReference; explicitFileType = wrapper.application; includeInIndex = 0; path = "Mouse Fix Helper.app"; sourceTree = BUILT_PRODUCTS_DIR; };
		4FCECD8321092354001F1078 /* AppDelegate.h */ = {isa = PBXFileReference; lastKnownFileType = sourcecode.c.h; path = AppDelegate.h; sourceTree = "<group>"; };
		4FCECD8421092354001F1078 /* AppDelegate.m */ = {isa = PBXFileReference; lastKnownFileType = sourcecode.c.objc; path = AppDelegate.m; sourceTree = "<group>"; };
		4FCECD8621092354001F1078 /* Assets.xcassets */ = {isa = PBXFileReference; lastKnownFileType = folder.assetcatalog; path = Assets.xcassets; sourceTree = "<group>"; };
		4FCECD8B21092354001F1078 /* Info.plist */ = {isa = PBXFileReference; lastKnownFileType = text.plist.xml; path = Info.plist; sourceTree = "<group>"; };
		4FCECD8E21092354001F1078 /* Mouse_Remap_Helper.entitlements */ = {isa = PBXFileReference; lastKnownFileType = text.plist.entitlements; path = Mouse_Remap_Helper.entitlements; sourceTree = "<group>"; };
		4FCECD9321092354001F1078 /* Mouse Fix Helper HelperTests.xctest */ = {isa = PBXFileReference; explicitFileType = wrapper.cfbundle; includeInIndex = 0; path = "Mouse Fix Helper HelperTests.xctest"; sourceTree = BUILT_PRODUCTS_DIR; };
		4FCECD9721092354001F1078 /* Mouse_Remap_HelperTests.m */ = {isa = PBXFileReference; lastKnownFileType = sourcecode.c.objc; path = Mouse_Remap_HelperTests.m; sourceTree = "<group>"; };
		4FCECD9921092354001F1078 /* Info.plist */ = {isa = PBXFileReference; lastKnownFileType = text.plist.xml; path = Info.plist; sourceTree = "<group>"; };
		4FCECD9E21092354001F1078 /* Mouse Fix HelperUITests.xctest */ = {isa = PBXFileReference; explicitFileType = wrapper.cfbundle; includeInIndex = 0; path = "Mouse Fix HelperUITests.xctest"; sourceTree = BUILT_PRODUCTS_DIR; };
		4FCECDA221092354001F1078 /* Mouse_Remap_HelperUITests.m */ = {isa = PBXFileReference; lastKnownFileType = sourcecode.c.objc; path = Mouse_Remap_HelperUITests.m; sourceTree = "<group>"; };
		4FCECDA421092354001F1078 /* Info.plist */ = {isa = PBXFileReference; lastKnownFileType = text.plist.xml; path = Info.plist; sourceTree = "<group>"; };
		4FD67DDB211CC9000095A9A5 /* Mouse Fix.prefPane */ = {isa = PBXFileReference; explicitFileType = wrapper.cfbundle; includeInIndex = 0; path = "Mouse Fix.prefPane"; sourceTree = BUILT_PRODUCTS_DIR; };
		4FD67DDD211CC9000095A9A5 /* PrefPaneDelegate.h */ = {isa = PBXFileReference; lastKnownFileType = sourcecode.c.h; path = PrefPaneDelegate.h; sourceTree = "<group>"; };
		4FD67DDF211CC9000095A9A5 /* PrefPaneDelegate.m */ = {isa = PBXFileReference; lastKnownFileType = sourcecode.c.objc; path = PrefPaneDelegate.m; sourceTree = "<group>"; };
		4FD67DE6211CC9000095A9A5 /* Info.plist */ = {isa = PBXFileReference; lastKnownFileType = text.plist.xml; path = Info.plist; sourceTree = "<group>"; };
		4FD6F5F322C818C000F4841C /* Utility.h */ = {isa = PBXFileReference; lastKnownFileType = sourcecode.c.h; path = Utility.h; sourceTree = "<group>"; };
		4FD6F5F422C818C000F4841C /* Utility.m */ = {isa = PBXFileReference; lastKnownFileType = sourcecode.c.objc; path = Utility.m; sourceTree = "<group>"; };
		4FD9CB0822F7C10D0090DB98 /* paypal_logo_100px.png */ = {isa = PBXFileReference; lastKnownFileType = image.png; path = paypal_logo_100px.png; sourceTree = "<group>"; };
		4FD9CB1122F7D48D0090DB98 /* Hyperlink.h */ = {isa = PBXFileReference; lastKnownFileType = sourcecode.c.h; path = Hyperlink.h; sourceTree = "<group>"; };
		4FD9CB1222F7D48D0090DB98 /* Hyperlink.m */ = {isa = PBXFileReference; lastKnownFileType = sourcecode.c.objc; path = Hyperlink.m; sourceTree = "<group>"; };
		4FEA982A21AC775E0094AC51 /* default_config.plist */ = {isa = PBXFileReference; lastKnownFileType = text.plist.xml; path = default_config.plist; sourceTree = "<group>"; };
		4FF383362184F511007F771B /* Base */ = {isa = PBXFileReference; lastKnownFileType = file.xib; name = Base; path = Base.lproj/Mouse_Remap.xib; sourceTree = "<group>"; };
		4FF383372184F511007F771B /* Base */ = {isa = PBXFileReference; lastKnownFileType = file.xib; name = Base; path = Base.lproj/MainMenu.xib; sourceTree = "<group>"; };
		4FF64F3A22F7408A0065F64F /* Mouse_Fix.tiff */ = {isa = PBXFileReference; lastKnownFileType = image.tiff; path = Mouse_Fix.tiff; sourceTree = "<group>"; };
		5E7BE7B7AF78FCE357E07041 /* Pods_Mouse_Fix_Helper.framework */ = {isa = PBXFileReference; explicitFileType = wrapper.framework; includeInIndex = 0; path = Pods_Mouse_Fix_Helper.framework; sourceTree = BUILT_PRODUCTS_DIR; };
		64EBE8635B9F8E7DAC3C4AC0 /* Pods-Mouse Fix Helper HelperTests.debug.xcconfig */ = {isa = PBXFileReference; includeInIndex = 1; lastKnownFileType = text.xcconfig; name = "Pods-Mouse Fix Helper HelperTests.debug.xcconfig"; path = "Target Support Files/Pods-Mouse Fix Helper HelperTests/Pods-Mouse Fix Helper HelperTests.debug.xcconfig"; sourceTree = "<group>"; };
		67D74B9F666D11AACF974338 /* Pods-Mouse Fix.release.xcconfig */ = {isa = PBXFileReference; includeInIndex = 1; lastKnownFileType = text.xcconfig; name = "Pods-Mouse Fix.release.xcconfig"; path = "Target Support Files/Pods-Mouse Fix/Pods-Mouse Fix.release.xcconfig"; sourceTree = "<group>"; };
		A757F350FF9056E5DB3FD26D /* Pods-Mouse Fix Helper.debug.xcconfig */ = {isa = PBXFileReference; includeInIndex = 1; lastKnownFileType = text.xcconfig; name = "Pods-Mouse Fix Helper.debug.xcconfig"; path = "Target Support Files/Pods-Mouse Fix Helper/Pods-Mouse Fix Helper.debug.xcconfig"; sourceTree = "<group>"; };
		D449703940F5833F11503D78 /* Pods-Mouse Fix.debug.xcconfig */ = {isa = PBXFileReference; includeInIndex = 1; lastKnownFileType = text.xcconfig; name = "Pods-Mouse Fix.debug.xcconfig"; path = "Target Support Files/Pods-Mouse Fix/Pods-Mouse Fix.debug.xcconfig"; sourceTree = "<group>"; };
		E705EDE31C23AFF1F86030F7 /* Pods-Mouse Fix Helper.release.xcconfig */ = {isa = PBXFileReference; includeInIndex = 1; lastKnownFileType = text.xcconfig; name = "Pods-Mouse Fix Helper.release.xcconfig"; path = "Target Support Files/Pods-Mouse Fix Helper/Pods-Mouse Fix Helper.release.xcconfig"; sourceTree = "<group>"; };
		F62C272082E110830BDE82EC /* Pods_Mouse_Fix_Helper_HelperTests.framework */ = {isa = PBXFileReference; explicitFileType = wrapper.framework; includeInIndex = 0; path = Pods_Mouse_Fix_Helper_HelperTests.framework; sourceTree = BUILT_PRODUCTS_DIR; };
		FDBC0857E7D4CC9EAF1C0292 /* Pods-Mouse Fix HelperUITests.release.xcconfig */ = {isa = PBXFileReference; includeInIndex = 1; lastKnownFileType = text.xcconfig; name = "Pods-Mouse Fix HelperUITests.release.xcconfig"; path = "Target Support Files/Pods-Mouse Fix HelperUITests/Pods-Mouse Fix HelperUITests.release.xcconfig"; sourceTree = "<group>"; };
/* End PBXFileReference section */

/* Begin PBXFrameworksBuildPhase section */
		4FCECD7D21092354001F1078 /* Frameworks */ = {
			isa = PBXFrameworksBuildPhase;
			buildActionMask = 2147483647;
			files = (
				A3AC1CF8192D9D1CB96A8C25 /* Pods_Mouse_Fix_Helper.framework in Frameworks */,
			);
			runOnlyForDeploymentPostprocessing = 0;
		};
		4FCECD9021092354001F1078 /* Frameworks */ = {
			isa = PBXFrameworksBuildPhase;
			buildActionMask = 2147483647;
			files = (
				103D1EC8149B72C5949F9E0F /* Pods_Mouse_Fix_Helper_HelperTests.framework in Frameworks */,
			);
			runOnlyForDeploymentPostprocessing = 0;
		};
		4FCECD9B21092354001F1078 /* Frameworks */ = {
			isa = PBXFrameworksBuildPhase;
			buildActionMask = 2147483647;
			files = (
				334068331924A395A6A98B88 /* Pods_Mouse_Fix_HelperUITests.framework in Frameworks */,
			);
			runOnlyForDeploymentPostprocessing = 0;
		};
		4FD67DD7211CC9000095A9A5 /* Frameworks */ = {
			isa = PBXFrameworksBuildPhase;
			buildActionMask = 2147483647;
			files = (
				0FFF47BFC292A2F5CF7E2220 /* Pods_Mouse_Fix.framework in Frameworks */,
			);
			runOnlyForDeploymentPostprocessing = 0;
		};
/* End PBXFrameworksBuildPhase section */

/* Begin PBXGroup section */
		4F1C96692313603400C3B9AE /* External */ = {
			isa = PBXGroup;
			children = (
				4F1C96702313606200C3B9AE /* CGSInternal */,
				4F1C966F2313606200C3B9AE /* CGSPrivate.h */,
				4F1C966A2313606200C3B9AE /* IOKit */,
				4F1C96862313606200C3B9AE /* SensibleSideButtons */,
			);
			path = External;
			sourceTree = "<group>";
		};
		4F1C966A2313606200C3B9AE /* IOKit */ = {
			isa = PBXGroup;
			children = (
				4F1C966B2313606200C3B9AE /* IOHIDPrivateKeys.h */,
				4F1C966C2313606200C3B9AE /* IOHIDLibPrivate.h */,
				4F1C966D2313606200C3B9AE /* IOHIDEvent.h */,
				4F1C966E2313606200C3B9AE /* IOHIDLibUserClient.h */,
			);
			path = IOKit;
			sourceTree = "<group>";
		};
		4F1C96702313606200C3B9AE /* CGSInternal */ = {
			isa = PBXGroup;
			children = (
				4F1C96712313606200C3B9AE /* CGSTile.h */,
				4F1C96722313606200C3B9AE /* CGSSurface.h */,
				4F1C96732313606200C3B9AE /* CGSTransitions.h */,
				4F1C96742313606200C3B9AE /* CGSRegion.h */,
				4F1C96752313606200C3B9AE /* CGSWorkspace.h */,
				4F1C96762313606200C3B9AE /* CGSHotKeys.h */,
				4F1C96772313606200C3B9AE /* CGSAccessibility.h */,
				4F1C96782313606200C3B9AE /* CGSMisc.h */,
				4F1C96792313606200C3B9AE /* README.md */,
				4F1C967A2313606200C3B9AE /* CGSWindow.h */,
				4F1C967B2313606200C3B9AE /* CGSCursor.h */,
				4F1C967C2313606200C3B9AE /* .gitignore */,
				4F1C967D2313606200C3B9AE /* CGSDisplays.h */,
				4F1C967E2313606200C3B9AE /* CGSInternal.h */,
				4F1C967F2313606200C3B9AE /* CGSCIFilter.h */,
				4F1C96802313606200C3B9AE /* CGSConnection.h */,
				4F1C96812313606200C3B9AE /* CGSSession.h */,
				4F1C96822313606200C3B9AE /* CGSDevice.h */,
				4F1C96832313606200C3B9AE /* CGSSpace.h */,
				4F1C96842313606200C3B9AE /* CGSEvent.h */,
				4F1C96852313606200C3B9AE /* CGSDebug.h */,
			);
			path = CGSInternal;
			sourceTree = "<group>";
		};
		4F1C96862313606200C3B9AE /* SensibleSideButtons */ = {
			isa = PBXGroup;
			children = (
				4F1C96872313606200C3B9AE /* TouchEvents.c */,
				4F1C96882313606200C3B9AE /* LICENSE */,
				4F1C96892313606200C3B9AE /* TouchEvents.h */,
				4F1C968A2313606200C3B9AE /* IOHIDEventData.h */,
				4F1C968B2313606200C3B9AE /* IOHIDEventTypes.h */,
			);
			path = SensibleSideButtons;
			sourceTree = "<group>";
		};
		4F1E52E721A8D2DF0005B817 /* (Unused) */ = {
			isa = PBXGroup;
			children = (
				4F7387FC21B48F7900C2F468 /* MomentumScroll.hn */,
				4F7387FB21B48F7900C2F468 /* MomentumScroll.mn */,
				4F8DC71E21A6244800E1D297 /* SmoothScroll.h */,
				4F8DC71D21A6244800E1D297 /* SmoothScroll.m */,
				4F8DC6F221A3B60600E1D297 /* AnimationCurve.h */,
				4F8DC6F421A3B60600E1D297 /* AnimationCurve.m */,
			);
			path = "(Unused)";
			sourceTree = "<group>";
		};
		4F1E52EB21A8D3E40005B817 /* 2.0 - Momentum Based */ = {
			isa = PBXGroup;
			children = (
				4F1E52E821A8D3D00005B817 /* MomentumScroll.h */,
				4F1E52E921A8D3D00005B817 /* MomentumScroll.m */,
			);
			path = "2.0 - Momentum Based";
			sourceTree = "<group>";
		};
		4F34F9B621A359E200104EBF /* Remap */ = {
			isa = PBXGroup;
			children = (
				4F34F9B321A359D500104EBF /* MouseInputReceiver.h */,
				4F34F9B421A359D500104EBF /* MouseInputReceiver.m */,
				4F34F9B721A35E8E00104EBF /* InputParser.h */,
				4F34F9B821A35E8E00104EBF /* InputParser.m */,
				4F1E83F122C98F03000CE5AD /* ModifierInputReceiver.h */,
				4F1E83F222C98F03000CE5AD /* ModifierInputReceiver.m */,
			);
			name = Remap;
			path = "New Group";
			sourceTree = "<group>";
		};
		4F7F863E21AE2B64007DF9A6 /* Bezel Services */ = {
			isa = PBXGroup;
			children = (
				4F2BF98B21AE052400CF6A24 /* DeviceManager.h */,
				4F2BF98C21AE052400CF6A24 /* DeviceManager.m */,
				4F611D2621A8E230008857A8 /* config.plist */,
				4F34F9BD21A366B400104EBF /* ConfigFileInterface.h */,
				4F34F9BE21A366B400104EBF /* ConfigFileInterface.m */,
				4FD6F5F222C8188E00F4841C /* Utility */,
				4F7387FE21B4A79800C2F468 /* MessagePortReceiver.h */,
				4F7387FF21B4A79800C2F468 /* MessagePortReceiver.m */,
			);
			name = "Bezel Services";
			path = "Config File + File Monitor";
			sourceTree = "<group>";
		};
		4F8DC6EF21A3B20D00E1D297 /* SSB Private Apis */ = {
			isa = PBXGroup;
			children = (
				4F8DC6EB21A3B20600E1D297 /* IOHIDEventData.h */,
				4F8DC6EC21A3B20600E1D297 /* IOHIDEventTypes.h */,
				4F8DC6E821A3B1D200E1D297 /* TouchEvents.c */,
				4F8DC6E921A3B1D200E1D297 /* TouchEvents.h */,
			);
			path = "SSB Private Apis";
			sourceTree = "<group>";
		};
		4F8DC6F121A3B50900E1D297 /* Smooth Scroll */ = {
			isa = PBXGroup;
			children = (
				4F1E52EB21A8D3E40005B817 /* 2.0 - Momentum Based */,
				4F1E52E721A8D2DF0005B817 /* (Unused) */,
			);
			name = "Smooth Scroll";
			path = "New Group";
			sourceTree = "<group>";
		};
		4FACF5A02183B9AA009257D4 /* Default User Agent Config File */ = {
			isa = PBXGroup;
			children = (
				4FACF59E2183B956009257D4 /* default_mouse.fix.helper.plist */,
			);
			path = "Default User Agent Config File";
			sourceTree = "<group>";
		};
		4FBB85C621879AD900DD6B40 /* Supporting Files */ = {
			isa = PBXGroup;
			children = (
				4F3A8443230D3E6C0012C725 /* Updater.h */,
				4F3A8444230D3E6C0012C725 /* Updater.m */,
				4FD9CB1122F7D48D0090DB98 /* Hyperlink.h */,
				4FD9CB1222F7D48D0090DB98 /* Hyperlink.m */,
				4F8AEA9122FBC7AC008C1A7C /* milkshake_button.png */,
				4FD9CB0822F7C10D0090DB98 /* paypal_logo_100px.png */,
				4FEA982A21AC775E0094AC51 /* default_config.plist */,
				4FBB85D22187C74100DD6B40 /* Localizable.strings */,
				4FACF5A02183B9AA009257D4 /* Default User Agent Config File */,
				4FF64F3A22F7408A0065F64F /* Mouse_Fix.tiff */,
				4F8F38E722F8C7A1004D0040 /* Mouse_Fix_alt.tiff */,
				4FD67DE6211CC9000095A9A5 /* Info.plist */,
			);
			name = "Supporting Files";
			sourceTree = "<group>";
		};
		4FCECD7721092354001F1078 = {
			isa = PBXGroup;
			children = (
				4FD67DDC211CC9000095A9A5 /* Mouse Fix */,
				4FCECD8221092354001F1078 /* Mouse Fix Helper */,
				4FCECD8121092354001F1078 /* Products */,
				A2BDED9F6925941EE5ACCE8E /* Pods */,
				8964ECFC2EACD16248FB71E0 /* Frameworks */,
			);
			sourceTree = "<group>";
		};
		4FCECD8121092354001F1078 /* Products */ = {
			isa = PBXGroup;
			children = (
				4FCECD8021092354001F1078 /* Mouse Fix Helper.app */,
				4FCECD9321092354001F1078 /* Mouse Fix Helper HelperTests.xctest */,
				4FCECD9E21092354001F1078 /* Mouse Fix HelperUITests.xctest */,
				4FD67DDB211CC9000095A9A5 /* Mouse Fix.prefPane */,
			);
			name = Products;
			sourceTree = "<group>";
		};
		4FCECD8221092354001F1078 /* Mouse Fix Helper */ = {
			isa = PBXGroup;
			children = (
				4FCECD8321092354001F1078 /* AppDelegate.h */,
				4FCECD8421092354001F1078 /* AppDelegate.m */,
				4F8DC6F121A3B50900E1D297 /* Smooth Scroll */,
				4F34F9B621A359E200104EBF /* Remap */,
				4F7F863E21AE2B64007DF9A6 /* Bezel Services */,
				4FCECDB02109326E001F1078 /* Supporting Files */,
			);
			path = "Mouse Fix Helper";
			sourceTree = "<group>";
		};
		4FCECD9621092354001F1078 /* Mouse Remap HelperTests */ = {
			isa = PBXGroup;
			children = (
				4FCECD9721092354001F1078 /* Mouse_Remap_HelperTests.m */,
				4FCECD9921092354001F1078 /* Info.plist */,
			);
			path = "Mouse Remap HelperTests";
			sourceTree = "<group>";
		};
		4FCECDA121092354001F1078 /* Mouse Remap HelperUITests */ = {
			isa = PBXGroup;
			children = (
				4FCECDA221092354001F1078 /* Mouse_Remap_HelperUITests.m */,
				4FCECDA421092354001F1078 /* Info.plist */,
			);
			path = "Mouse Remap HelperUITests";
			sourceTree = "<group>";
		};
		4FCECDB02109326E001F1078 /* Supporting Files */ = {
			isa = PBXGroup;
			children = (
				4F1C96692313603400C3B9AE /* External */,
				4F8DC6EF21A3B20D00E1D297 /* SSB Private Apis */,
				4F34F9AE21A3590D00104EBF /* main.m */,
				4FCECD9621092354001F1078 /* Mouse Remap HelperTests */,
				4FCECDA121092354001F1078 /* Mouse Remap HelperUITests */,
				4FCECD8621092354001F1078 /* Assets.xcassets */,
				4FCECD8821092354001F1078 /* MainMenu.xib */,
				4FCECD8B21092354001F1078 /* Info.plist */,
				4FCECD8E21092354001F1078 /* Mouse_Remap_Helper.entitlements */,
			);
			path = "Supporting Files";
			sourceTree = "<group>";
		};
		4FD67DDC211CC9000095A9A5 /* Mouse Fix */ = {
			isa = PBXGroup;
			children = (
				4FD67DDD211CC9000095A9A5 /* PrefPaneDelegate.h */,
				4FD67DDF211CC9000095A9A5 /* PrefPaneDelegate.m */,
				4FD67DE3211CC9000095A9A5 /* Mouse_Remap.xib */,
				4FBB85C621879AD900DD6B40 /* Supporting Files */,
			);
			path = "Mouse Fix";
			sourceTree = "<group>";
		};
		4FD6F5F222C8188E00F4841C /* Utility */ = {
			isa = PBXGroup;
			children = (
				4FD6F5F322C818C000F4841C /* Utility.h */,
				4FD6F5F422C818C000F4841C /* Utility.m */,
			);
			path = Utility;
			sourceTree = "<group>";
		};
		8964ECFC2EACD16248FB71E0 /* Frameworks */ = {
			isa = PBXGroup;
			children = (
				085501A2C25CC417A54F0B38 /* Pods_Mouse_Fix.framework */,
				5E7BE7B7AF78FCE357E07041 /* Pods_Mouse_Fix_Helper.framework */,
				F62C272082E110830BDE82EC /* Pods_Mouse_Fix_Helper_HelperTests.framework */,
				14CA896B03FCAE26FF2CBE2E /* Pods_Mouse_Fix_HelperUITests.framework */,
			);
			name = Frameworks;
			sourceTree = "<group>";
		};
		A2BDED9F6925941EE5ACCE8E /* Pods */ = {
			isa = PBXGroup;
			children = (
				D449703940F5833F11503D78 /* Pods-Mouse Fix.debug.xcconfig */,
				67D74B9F666D11AACF974338 /* Pods-Mouse Fix.release.xcconfig */,
				A757F350FF9056E5DB3FD26D /* Pods-Mouse Fix Helper.debug.xcconfig */,
				E705EDE31C23AFF1F86030F7 /* Pods-Mouse Fix Helper.release.xcconfig */,
				64EBE8635B9F8E7DAC3C4AC0 /* Pods-Mouse Fix Helper HelperTests.debug.xcconfig */,
				36F07F56BCD8F95A021419C5 /* Pods-Mouse Fix Helper HelperTests.release.xcconfig */,
				20769C90A2567032B314BE68 /* Pods-Mouse Fix HelperUITests.debug.xcconfig */,
				FDBC0857E7D4CC9EAF1C0292 /* Pods-Mouse Fix HelperUITests.release.xcconfig */,
			);
			path = Pods;
			sourceTree = "<group>";
		};
/* End PBXGroup section */

/* Begin PBXHeadersBuildPhase section */
		4FD67DD8211CC9000095A9A5 /* Headers */ = {
			isa = PBXHeadersBuildPhase;
			buildActionMask = 2147483647;
			files = (
				4FD9CB1322F7D48D0090DB98 /* Hyperlink.h in Headers */,
				4F3A8445230D3E6C0012C725 /* Updater.h in Headers */,
				4FD67DDE211CC9000095A9A5 /* PrefPaneDelegate.h in Headers */,
				4F8DC6ED21A3B20600E1D297 /* IOHIDEventData.h in Headers */,
				4F8DC6EE21A3B20600E1D297 /* IOHIDEventTypes.h in Headers */,
			);
			runOnlyForDeploymentPostprocessing = 0;
		};
/* End PBXHeadersBuildPhase section */

/* Begin PBXNativeTarget section */
		4FCECD7F21092354001F1078 /* Mouse Fix Helper */ = {
			isa = PBXNativeTarget;
			buildConfigurationList = 4FCECDA721092354001F1078 /* Build configuration list for PBXNativeTarget "Mouse Fix Helper" */;
			buildPhases = (
				559A3527736235388F511916 /* [CP] Check Pods Manifest.lock */,
				4FCECD7C21092354001F1078 /* Sources */,
				4FCECD7D21092354001F1078 /* Frameworks */,
				4FCECD7E21092354001F1078 /* Resources */,
			);
			buildRules = (
			);
			dependencies = (
			);
			name = "Mouse Fix Helper";
			productName = "Mouse Remap Helper";
			productReference = 4FCECD8021092354001F1078 /* Mouse Fix Helper.app */;
			productType = "com.apple.product-type.application";
		};
		4FCECD9221092354001F1078 /* Mouse Fix Helper HelperTests */ = {
			isa = PBXNativeTarget;
			buildConfigurationList = 4FCECDAA21092354001F1078 /* Build configuration list for PBXNativeTarget "Mouse Fix Helper HelperTests" */;
			buildPhases = (
				1E711BC5DBC0BC3938B87520 /* [CP] Check Pods Manifest.lock */,
				4FCECD8F21092354001F1078 /* Sources */,
				4FCECD9021092354001F1078 /* Frameworks */,
				4FCECD9121092354001F1078 /* Resources */,
			);
			buildRules = (
			);
			dependencies = (
				4FCECD9521092354001F1078 /* PBXTargetDependency */,
			);
			name = "Mouse Fix Helper HelperTests";
			productName = "Mouse Remap HelperTests";
			productReference = 4FCECD9321092354001F1078 /* Mouse Fix Helper HelperTests.xctest */;
			productType = "com.apple.product-type.bundle.unit-test";
		};
		4FCECD9D21092354001F1078 /* Mouse Fix HelperUITests */ = {
			isa = PBXNativeTarget;
			buildConfigurationList = 4FCECDAD21092354001F1078 /* Build configuration list for PBXNativeTarget "Mouse Fix HelperUITests" */;
			buildPhases = (
				98CDE4F352B41A5C87FEA8EC /* [CP] Check Pods Manifest.lock */,
				4FCECD9A21092354001F1078 /* Sources */,
				4FCECD9B21092354001F1078 /* Frameworks */,
				4FCECD9C21092354001F1078 /* Resources */,
			);
			buildRules = (
			);
			dependencies = (
				4FCECDA021092354001F1078 /* PBXTargetDependency */,
			);
			name = "Mouse Fix HelperUITests";
			productName = "Mouse Remap HelperUITests";
			productReference = 4FCECD9E21092354001F1078 /* Mouse Fix HelperUITests.xctest */;
			productType = "com.apple.product-type.bundle.ui-testing";
		};
		4FD67DDA211CC9000095A9A5 /* Mouse Fix */ = {
			isa = PBXNativeTarget;
			buildConfigurationList = 4FD67DE9211CC9000095A9A5 /* Build configuration list for PBXNativeTarget "Mouse Fix" */;
			buildPhases = (
				E6C09442E38729A874173D26 /* [CP] Check Pods Manifest.lock */,
				4FD67DD6211CC9000095A9A5 /* Sources */,
				4FD67DD7211CC9000095A9A5 /* Frameworks */,
				4FD67DD8211CC9000095A9A5 /* Headers */,
				4FD67DD9211CC9000095A9A5 /* Resources */,
				4FD67DF2211CDCDE0095A9A5 /* CopyFiles */,
				4F2A4A7A22F9C7BF00E6CAC5 /* Increment Build Number */,
			);
			buildRules = (
			);
			dependencies = (
				4FD67DF1211CDC930095A9A5 /* PBXTargetDependency */,
			);
			name = "Mouse Fix";
			productName = "Mouse Remap";
			productReference = 4FD67DDB211CC9000095A9A5 /* Mouse Fix.prefPane */;
			productType = "com.apple.product-type.bundle";
		};
/* End PBXNativeTarget section */

/* Begin PBXProject section */
		4FCECD7821092354001F1078 /* Project object */ = {
			isa = PBXProject;
			attributes = {
				CLASSPREFIX = "";
				KnownAssetTags = (
					0,
				);
				LastUpgradeCheck = 1010;
				ORGANIZATIONNAME = "Noah Nuebling";
				TargetAttributes = {
					4FCECD7F21092354001F1078 = {
						CreatedOnToolsVersion = 9.2;
						LastSwiftMigration = 0920;
						ProvisioningStyle = Automatic;
					};
					4FCECD9221092354001F1078 = {
						CreatedOnToolsVersion = 9.2;
						ProvisioningStyle = Automatic;
						TestTargetID = 4FCECD7F21092354001F1078;
					};
					4FCECD9D21092354001F1078 = {
						CreatedOnToolsVersion = 9.2;
						ProvisioningStyle = Automatic;
						TestTargetID = 4FCECD7F21092354001F1078;
					};
					4FD67DDA211CC9000095A9A5 = {
						CreatedOnToolsVersion = 9.2;
						LastSwiftMigration = 1030;
						ProvisioningStyle = Automatic;
					};
				};
			};
			buildConfigurationList = 4FCECD7B21092354001F1078 /* Build configuration list for PBXProject "Mouse Fix Helper" */;
			compatibilityVersion = "Xcode 8.0";
			developmentRegion = en;
			hasScannedForEncodings = 0;
			knownRegions = (
				en,
				Base,
			);
			mainGroup = 4FCECD7721092354001F1078;
			productRefGroup = 4FCECD8121092354001F1078 /* Products */;
			projectDirPath = "";
			projectRoot = "";
			targets = (
				4FCECD7F21092354001F1078 /* Mouse Fix Helper */,
				4FCECD9221092354001F1078 /* Mouse Fix Helper HelperTests */,
				4FCECD9D21092354001F1078 /* Mouse Fix HelperUITests */,
				4FD67DDA211CC9000095A9A5 /* Mouse Fix */,
			);
		};
/* End PBXProject section */

/* Begin PBXResourcesBuildPhase section */
		4FCECD7E21092354001F1078 /* Resources */ = {
			isa = PBXResourcesBuildPhase;
			buildActionMask = 2147483647;
			files = (
				4F611D2721A8E230008857A8 /* config.plist in Resources */,
				4FD67DF4211CDE4D0095A9A5 /* MainMenu.xib in Resources */,
			);
			runOnlyForDeploymentPostprocessing = 0;
		};
		4FCECD9121092354001F1078 /* Resources */ = {
			isa = PBXResourcesBuildPhase;
			buildActionMask = 2147483647;
			files = (
			);
			runOnlyForDeploymentPostprocessing = 0;
		};
		4FCECD9C21092354001F1078 /* Resources */ = {
			isa = PBXResourcesBuildPhase;
			buildActionMask = 2147483647;
			files = (
			);
			runOnlyForDeploymentPostprocessing = 0;
		};
		4FD67DD9211CC9000095A9A5 /* Resources */ = {
			isa = PBXResourcesBuildPhase;
			buildActionMask = 2147483647;
			files = (
				4FF64F3B22F7408B0065F64F /* Mouse_Fix.tiff in Resources */,
				4FD9CB0922F7C10E0090DB98 /* paypal_logo_100px.png in Resources */,
				4FBB85D42187C74100DD6B40 /* Localizable.strings in Resources */,
				4F8F38E822F8C7A1004D0040 /* Mouse_Fix_alt.tiff in Resources */,
				4F8AEA9222FBC7AC008C1A7C /* milkshake_button.png in Resources */,
				4FACF59F2183B956009257D4 /* default_mouse.fix.helper.plist in Resources */,
				4FD67DE5211CC9000095A9A5 /* Mouse_Remap.xib in Resources */,
			);
			runOnlyForDeploymentPostprocessing = 0;
		};
/* End PBXResourcesBuildPhase section */

/* Begin PBXShellScriptBuildPhase section */
		1E711BC5DBC0BC3938B87520 /* [CP] Check Pods Manifest.lock */ = {
			isa = PBXShellScriptBuildPhase;
			buildActionMask = 2147483647;
			files = (
			);
			inputFileListPaths = (
			);
			inputPaths = (
				"${PODS_PODFILE_DIR_PATH}/Podfile.lock",
				"${PODS_ROOT}/Manifest.lock",
			);
			name = "[CP] Check Pods Manifest.lock";
			outputFileListPaths = (
			);
			outputPaths = (
				"$(DERIVED_FILE_DIR)/Pods-Mouse Fix Helper HelperTests-checkManifestLockResult.txt",
			);
			runOnlyForDeploymentPostprocessing = 0;
			shellPath = /bin/sh;
			shellScript = "diff \"${PODS_PODFILE_DIR_PATH}/Podfile.lock\" \"${PODS_ROOT}/Manifest.lock\" > /dev/null\nif [ $? != 0 ] ; then\n    # print error to STDERR\n    echo \"error: The sandbox is not in sync with the Podfile.lock. Run 'pod install' or update your CocoaPods installation.\" >&2\n    exit 1\nfi\n# This output is used by Xcode 'outputs' to avoid re-running this script phase.\necho \"SUCCESS\" > \"${SCRIPT_OUTPUT_FILE_0}\"\n";
			showEnvVarsInLog = 0;
		};
		4F2A4A7A22F9C7BF00E6CAC5 /* Increment Build Number */ = {
			isa = PBXShellScriptBuildPhase;
			buildActionMask = 2147483647;
			files = (
			);
			inputFileListPaths = (
				"",
			);
			inputPaths = (
			);
			name = "Increment Build Number";
			outputFileListPaths = (
			);
			outputPaths = (
			);
			runOnlyForDeploymentPostprocessing = 0;
			shellPath = /bin/sh;
			shellScript = "buildNumber=$(/usr/libexec/PlistBuddy -c \"Print CFBundleVersion\" \"${PROJECT_DIR}/${INFOPLIST_FILE}\")\nbuildNumber=$(($buildNumber + 1))\n/usr/libexec/PlistBuddy -c \"Set :CFBundleVersion $buildNumber\" \"${PROJECT_DIR}/${INFOPLIST_FILE}\"\n";
		};
		559A3527736235388F511916 /* [CP] Check Pods Manifest.lock */ = {
			isa = PBXShellScriptBuildPhase;
			buildActionMask = 2147483647;
			files = (
			);
			inputFileListPaths = (
			);
			inputPaths = (
				"${PODS_PODFILE_DIR_PATH}/Podfile.lock",
				"${PODS_ROOT}/Manifest.lock",
			);
			name = "[CP] Check Pods Manifest.lock";
			outputFileListPaths = (
			);
			outputPaths = (
				"$(DERIVED_FILE_DIR)/Pods-Mouse Fix Helper-checkManifestLockResult.txt",
			);
			runOnlyForDeploymentPostprocessing = 0;
			shellPath = /bin/sh;
			shellScript = "diff \"${PODS_PODFILE_DIR_PATH}/Podfile.lock\" \"${PODS_ROOT}/Manifest.lock\" > /dev/null\nif [ $? != 0 ] ; then\n    # print error to STDERR\n    echo \"error: The sandbox is not in sync with the Podfile.lock. Run 'pod install' or update your CocoaPods installation.\" >&2\n    exit 1\nfi\n# This output is used by Xcode 'outputs' to avoid re-running this script phase.\necho \"SUCCESS\" > \"${SCRIPT_OUTPUT_FILE_0}\"\n";
			showEnvVarsInLog = 0;
		};
		98CDE4F352B41A5C87FEA8EC /* [CP] Check Pods Manifest.lock */ = {
			isa = PBXShellScriptBuildPhase;
			buildActionMask = 2147483647;
			files = (
			);
			inputFileListPaths = (
			);
			inputPaths = (
				"${PODS_PODFILE_DIR_PATH}/Podfile.lock",
				"${PODS_ROOT}/Manifest.lock",
			);
			name = "[CP] Check Pods Manifest.lock";
			outputFileListPaths = (
			);
			outputPaths = (
				"$(DERIVED_FILE_DIR)/Pods-Mouse Fix HelperUITests-checkManifestLockResult.txt",
			);
			runOnlyForDeploymentPostprocessing = 0;
			shellPath = /bin/sh;
			shellScript = "diff \"${PODS_PODFILE_DIR_PATH}/Podfile.lock\" \"${PODS_ROOT}/Manifest.lock\" > /dev/null\nif [ $? != 0 ] ; then\n    # print error to STDERR\n    echo \"error: The sandbox is not in sync with the Podfile.lock. Run 'pod install' or update your CocoaPods installation.\" >&2\n    exit 1\nfi\n# This output is used by Xcode 'outputs' to avoid re-running this script phase.\necho \"SUCCESS\" > \"${SCRIPT_OUTPUT_FILE_0}\"\n";
			showEnvVarsInLog = 0;
		};
		E6C09442E38729A874173D26 /* [CP] Check Pods Manifest.lock */ = {
			isa = PBXShellScriptBuildPhase;
			buildActionMask = 2147483647;
			files = (
			);
			inputFileListPaths = (
			);
			inputPaths = (
				"${PODS_PODFILE_DIR_PATH}/Podfile.lock",
				"${PODS_ROOT}/Manifest.lock",
			);
			name = "[CP] Check Pods Manifest.lock";
			outputFileListPaths = (
			);
			outputPaths = (
				"$(DERIVED_FILE_DIR)/Pods-Mouse Fix-checkManifestLockResult.txt",
			);
			runOnlyForDeploymentPostprocessing = 0;
			shellPath = /bin/sh;
			shellScript = "diff \"${PODS_PODFILE_DIR_PATH}/Podfile.lock\" \"${PODS_ROOT}/Manifest.lock\" > /dev/null\nif [ $? != 0 ] ; then\n    # print error to STDERR\n    echo \"error: The sandbox is not in sync with the Podfile.lock. Run 'pod install' or update your CocoaPods installation.\" >&2\n    exit 1\nfi\n# This output is used by Xcode 'outputs' to avoid re-running this script phase.\necho \"SUCCESS\" > \"${SCRIPT_OUTPUT_FILE_0}\"\n";
			showEnvVarsInLog = 0;
		};
/* End PBXShellScriptBuildPhase section */

/* Begin PBXSourcesBuildPhase section */
		4FCECD7C21092354001F1078 /* Sources */ = {
			isa = PBXSourcesBuildPhase;
			buildActionMask = 2147483647;
			files = (
				4F7387FD21B48F7900C2F468 /* MomentumScroll.mn in Sources */,
				4F1E52EA21A8D3D00005B817 /* MomentumScroll.m in Sources */,
				4F2BF98D21AE052400CF6A24 /* DeviceManager.m in Sources */,
				4F34F9B521A359D500104EBF /* MouseInputReceiver.m in Sources */,
				4F34F9BF21A366B400104EBF /* ConfigFileInterface.m in Sources */,
				4F8DC71F21A6244800E1D297 /* SmoothScroll.m in Sources */,
				4F8DC6EA21A3B1D200E1D297 /* TouchEvents.c in Sources */,
				4F73880021B4A79800C2F468 /* MessagePortReceiver.m in Sources */,
				4F1E83F322C98F03000CE5AD /* ModifierInputReceiver.m in Sources */,
				4F34F9B921A35E8E00104EBF /* InputParser.m in Sources */,
				4F34F9AF21A3590D00104EBF /* main.m in Sources */,
				4FCECD8521092354001F1078 /* AppDelegate.m in Sources */,
				4F8DC6F621A3B60600E1D297 /* AnimationCurve.m in Sources */,
				4FD6F5F522C818C000F4841C /* Utility.m in Sources */,
			);
			runOnlyForDeploymentPostprocessing = 0;
		};
		4FCECD8F21092354001F1078 /* Sources */ = {
			isa = PBXSourcesBuildPhase;
			buildActionMask = 2147483647;
			files = (
				4FCECD9821092354001F1078 /* Mouse_Remap_HelperTests.m in Sources */,
			);
			runOnlyForDeploymentPostprocessing = 0;
		};
		4FCECD9A21092354001F1078 /* Sources */ = {
			isa = PBXSourcesBuildPhase;
			buildActionMask = 2147483647;
			files = (
				4FCECDA321092354001F1078 /* Mouse_Remap_HelperUITests.m in Sources */,
			);
			runOnlyForDeploymentPostprocessing = 0;
		};
		4FD67DD6211CC9000095A9A5 /* Sources */ = {
			isa = PBXSourcesBuildPhase;
			buildActionMask = 2147483647;
			files = (
				4FD67DE0211CC9000095A9A5 /* PrefPaneDelegate.m in Sources */,
				4F3A8446230D3E6C0012C725 /* Updater.m in Sources */,
				4FD9CB1422F7D48D0090DB98 /* Hyperlink.m in Sources */,
			);
			runOnlyForDeploymentPostprocessing = 0;
		};
/* End PBXSourcesBuildPhase section */

/* Begin PBXTargetDependency section */
		4FCECD9521092354001F1078 /* PBXTargetDependency */ = {
			isa = PBXTargetDependency;
			target = 4FCECD7F21092354001F1078 /* Mouse Fix Helper */;
			targetProxy = 4FCECD9421092354001F1078 /* PBXContainerItemProxy */;
		};
		4FCECDA021092354001F1078 /* PBXTargetDependency */ = {
			isa = PBXTargetDependency;
			target = 4FCECD7F21092354001F1078 /* Mouse Fix Helper */;
			targetProxy = 4FCECD9F21092354001F1078 /* PBXContainerItemProxy */;
		};
		4FD67DF1211CDC930095A9A5 /* PBXTargetDependency */ = {
			isa = PBXTargetDependency;
			target = 4FCECD7F21092354001F1078 /* Mouse Fix Helper */;
			targetProxy = 4FD67DF0211CDC930095A9A5 /* PBXContainerItemProxy */;
		};
/* End PBXTargetDependency section */

/* Begin PBXVariantGroup section */
		4FBB85D22187C74100DD6B40 /* Localizable.strings */ = {
			isa = PBXVariantGroup;
			children = (
				4FBB85D32187C74100DD6B40 /* en */,
			);
			name = Localizable.strings;
			sourceTree = "<group>";
		};
		4FCECD8821092354001F1078 /* MainMenu.xib */ = {
			isa = PBXVariantGroup;
			children = (
				4FF383372184F511007F771B /* Base */,
			);
			name = MainMenu.xib;
			sourceTree = "<group>";
		};
		4FD67DE3211CC9000095A9A5 /* Mouse_Remap.xib */ = {
			isa = PBXVariantGroup;
			children = (
				4FF383362184F511007F771B /* Base */,
			);
			name = Mouse_Remap.xib;
			sourceTree = "<group>";
		};
/* End PBXVariantGroup section */

/* Begin XCBuildConfiguration section */
		4FCECDA521092354001F1078 /* Debug */ = {
			isa = XCBuildConfiguration;
			buildSettings = {
				ALWAYS_SEARCH_USER_PATHS = NO;
				CLANG_ANALYZER_LOCALIZABILITY_NONLOCALIZED = YES;
				CLANG_ANALYZER_NONNULL = YES;
				CLANG_ANALYZER_NUMBER_OBJECT_CONVERSION = YES_AGGRESSIVE;
				CLANG_CXX_LANGUAGE_STANDARD = "gnu++14";
				CLANG_CXX_LIBRARY = "libc++";
				CLANG_ENABLE_MODULES = YES;
				CLANG_ENABLE_OBJC_ARC = YES;
				CLANG_WARN_BLOCK_CAPTURE_AUTORELEASING = YES;
				CLANG_WARN_BOOL_CONVERSION = YES;
				CLANG_WARN_COMMA = YES;
				CLANG_WARN_CONSTANT_CONVERSION = YES;
				CLANG_WARN_DEPRECATED_OBJC_IMPLEMENTATIONS = YES;
				CLANG_WARN_DIRECT_OBJC_ISA_USAGE = YES_ERROR;
				CLANG_WARN_DOCUMENTATION_COMMENTS = YES;
				CLANG_WARN_EMPTY_BODY = YES;
				CLANG_WARN_ENUM_CONVERSION = YES;
				CLANG_WARN_INFINITE_RECURSION = YES;
				CLANG_WARN_INT_CONVERSION = YES;
				CLANG_WARN_NON_LITERAL_NULL_CONVERSION = YES;
				CLANG_WARN_OBJC_IMPLICIT_RETAIN_SELF = YES;
				CLANG_WARN_OBJC_LITERAL_CONVERSION = YES;
				CLANG_WARN_OBJC_ROOT_CLASS = YES_ERROR;
				CLANG_WARN_RANGE_LOOP_ANALYSIS = YES;
				CLANG_WARN_STRICT_PROTOTYPES = YES;
				CLANG_WARN_SUSPICIOUS_MOVE = YES;
				CLANG_WARN_UNGUARDED_AVAILABILITY = YES_AGGRESSIVE;
				CLANG_WARN_UNREACHABLE_CODE = YES;
				CLANG_WARN__DUPLICATE_METHOD_MATCH = YES;
				CODE_SIGN_IDENTITY = "Mac Developer";
				COPY_PHASE_STRIP = NO;
				DEBUG_INFORMATION_FORMAT = dwarf;
				DEFINES_MODULE = YES;
				ENABLE_STRICT_OBJC_MSGSEND = YES;
				ENABLE_TESTABILITY = YES;
				GCC_C_LANGUAGE_STANDARD = gnu11;
				GCC_DYNAMIC_NO_PIC = NO;
				GCC_NO_COMMON_BLOCKS = YES;
				GCC_OPTIMIZATION_LEVEL = 0;
				GCC_PREPROCESSOR_DEFINITIONS = (
					"DEBUG=1",
					"$(inherited)",
				);
				GCC_WARN_64_TO_32_BIT_CONVERSION = YES;
				GCC_WARN_ABOUT_RETURN_TYPE = YES_ERROR;
				GCC_WARN_UNDECLARED_SELECTOR = YES;
				GCC_WARN_UNINITIALIZED_AUTOS = YES_AGGRESSIVE;
				GCC_WARN_UNUSED_FUNCTION = YES;
				GCC_WARN_UNUSED_VARIABLE = YES;
				MACOSX_DEPLOYMENT_TARGET = 10.10;
				MTL_ENABLE_DEBUG_INFO = YES;
				ONLY_ACTIVE_ARCH = YES;
				SDKROOT = macosx;
			};
			name = Debug;
		};
		4FCECDA621092354001F1078 /* Release */ = {
			isa = XCBuildConfiguration;
			buildSettings = {
				ALWAYS_SEARCH_USER_PATHS = NO;
				CLANG_ANALYZER_LOCALIZABILITY_NONLOCALIZED = YES;
				CLANG_ANALYZER_NONNULL = YES;
				CLANG_ANALYZER_NUMBER_OBJECT_CONVERSION = YES_AGGRESSIVE;
				CLANG_CXX_LANGUAGE_STANDARD = "gnu++14";
				CLANG_CXX_LIBRARY = "libc++";
				CLANG_ENABLE_MODULES = YES;
				CLANG_ENABLE_OBJC_ARC = YES;
				CLANG_WARN_BLOCK_CAPTURE_AUTORELEASING = YES;
				CLANG_WARN_BOOL_CONVERSION = YES;
				CLANG_WARN_COMMA = YES;
				CLANG_WARN_CONSTANT_CONVERSION = YES;
				CLANG_WARN_DEPRECATED_OBJC_IMPLEMENTATIONS = YES;
				CLANG_WARN_DIRECT_OBJC_ISA_USAGE = YES_ERROR;
				CLANG_WARN_DOCUMENTATION_COMMENTS = YES;
				CLANG_WARN_EMPTY_BODY = YES;
				CLANG_WARN_ENUM_CONVERSION = YES;
				CLANG_WARN_INFINITE_RECURSION = YES;
				CLANG_WARN_INT_CONVERSION = YES;
				CLANG_WARN_NON_LITERAL_NULL_CONVERSION = YES;
				CLANG_WARN_OBJC_IMPLICIT_RETAIN_SELF = YES;
				CLANG_WARN_OBJC_LITERAL_CONVERSION = YES;
				CLANG_WARN_OBJC_ROOT_CLASS = YES_ERROR;
				CLANG_WARN_RANGE_LOOP_ANALYSIS = YES;
				CLANG_WARN_STRICT_PROTOTYPES = YES;
				CLANG_WARN_SUSPICIOUS_MOVE = YES;
				CLANG_WARN_UNGUARDED_AVAILABILITY = YES_AGGRESSIVE;
				CLANG_WARN_UNREACHABLE_CODE = YES;
				CLANG_WARN__DUPLICATE_METHOD_MATCH = YES;
				CODE_SIGN_IDENTITY = "Mac Developer";
				COPY_PHASE_STRIP = NO;
				DEBUG_INFORMATION_FORMAT = "dwarf-with-dsym";
				DEFINES_MODULE = YES;
				ENABLE_NS_ASSERTIONS = NO;
				ENABLE_STRICT_OBJC_MSGSEND = YES;
				GCC_C_LANGUAGE_STANDARD = gnu11;
				GCC_NO_COMMON_BLOCKS = YES;
				GCC_WARN_64_TO_32_BIT_CONVERSION = YES;
				GCC_WARN_ABOUT_RETURN_TYPE = YES_ERROR;
				GCC_WARN_UNDECLARED_SELECTOR = YES;
				GCC_WARN_UNINITIALIZED_AUTOS = YES_AGGRESSIVE;
				GCC_WARN_UNUSED_FUNCTION = YES;
				GCC_WARN_UNUSED_VARIABLE = YES;
				MACOSX_DEPLOYMENT_TARGET = 10.10;
				MTL_ENABLE_DEBUG_INFO = NO;
				SDKROOT = macosx;
			};
			name = Release;
		};
		4FCECDA821092354001F1078 /* Debug */ = {
			isa = XCBuildConfiguration;
			baseConfigurationReference = A757F350FF9056E5DB3FD26D /* Pods-Mouse Fix Helper.debug.xcconfig */;
			buildSettings = {
				ASSETCATALOG_COMPILER_APPICON_NAME = AppIcon;
				CLANG_ENABLE_MODULES = YES;
				CODE_SIGN_ENTITLEMENTS = "Mouse Fix Helper/Supporting Files/Mouse_Remap_Helper.entitlements";
				CODE_SIGN_STYLE = Automatic;
				COMBINE_HIDPI_IMAGES = YES;
				DEVELOPMENT_TEAM = H6Z6W2F7ZZ;
				FRAMEWORK_SEARCH_PATHS = /Applications/Xcode.app/Contents/Developer/Platforms/MacOSX.platform/Developer/SDKs/MacOSX.sdk/System/Library/Frameworks/ApplicationServices.framework/Frameworks;
				INFOPLIST_FILE = "Mouse Fix Helper/Supporting Files/Info.plist";
				LD_RUNPATH_SEARCH_PATHS = (
					"$(inherited)",
					"@executable_path/../Frameworks",
				);
				PRODUCT_BUNDLE_IDENTIFIER = com.nuebling.mousefix.helper;
				PRODUCT_NAME = "$(TARGET_NAME)";
				SWIFT_OBJC_BRIDGING_HEADER = "Mouse Fix Helper/Mouse Remap Helper-Bridging-Header.h";
				SWIFT_OPTIMIZATION_LEVEL = "-Onone";
				SWIFT_VERSION = 3.0;
				USER_HEADER_SEARCH_PATHS = "\"$(SRCROOT)/Mouse Fix Helper/Supporting Files/External\"";
			};
			name = Debug;
		};
		4FCECDA921092354001F1078 /* Release */ = {
			isa = XCBuildConfiguration;
			baseConfigurationReference = E705EDE31C23AFF1F86030F7 /* Pods-Mouse Fix Helper.release.xcconfig */;
			buildSettings = {
				ASSETCATALOG_COMPILER_APPICON_NAME = AppIcon;
				CLANG_ENABLE_MODULES = YES;
				CODE_SIGN_ENTITLEMENTS = "Mouse Fix Helper/Supporting Files/Mouse_Remap_Helper.entitlements";
				CODE_SIGN_STYLE = Automatic;
				COMBINE_HIDPI_IMAGES = YES;
				DEVELOPMENT_TEAM = H6Z6W2F7ZZ;
				FRAMEWORK_SEARCH_PATHS = /Applications/Xcode.app/Contents/Developer/Platforms/MacOSX.platform/Developer/SDKs/MacOSX.sdk/System/Library/Frameworks/ApplicationServices.framework/Frameworks;
				INFOPLIST_FILE = "Mouse Fix Helper/Supporting Files/Info.plist";
				LD_RUNPATH_SEARCH_PATHS = (
					"$(inherited)",
					"@executable_path/../Frameworks",
				);
				PRODUCT_BUNDLE_IDENTIFIER = com.nuebling.mousefix.helper;
				PRODUCT_NAME = "$(TARGET_NAME)";
				SWIFT_OBJC_BRIDGING_HEADER = "Mouse Fix Helper/Mouse Remap Helper-Bridging-Header.h";
				SWIFT_VERSION = 3.0;
				USER_HEADER_SEARCH_PATHS = "\"$(SRCROOT)/Mouse Fix Helper/Supporting Files/External\"";
			};
			name = Release;
		};
		4FCECDAB21092354001F1078 /* Debug */ = {
			isa = XCBuildConfiguration;
			baseConfigurationReference = 64EBE8635B9F8E7DAC3C4AC0 /* Pods-Mouse Fix Helper HelperTests.debug.xcconfig */;
			buildSettings = {
				BUNDLE_LOADER = "$(TEST_HOST)";
				CODE_SIGN_STYLE = Automatic;
				COMBINE_HIDPI_IMAGES = YES;
				DEVELOPMENT_TEAM = H6Z6W2F7ZZ;
				INFOPLIST_FILE = "Mouse Remap HelperTests/Info.plist";
				LD_RUNPATH_SEARCH_PATHS = (
					"$(inherited)",
					"@executable_path/../Frameworks",
					"@loader_path/../Frameworks",
				);
				PRODUCT_BUNDLE_IDENTIFIER = "com.uebler.nuebler.Mouse-Remap-HelperTests";
				PRODUCT_NAME = "$(TARGET_NAME)";
				TEST_HOST = "$(BUILT_PRODUCTS_DIR)/Mouse Remap Helper.app/Contents/MacOS/Mouse Remap Helper";
			};
			name = Debug;
		};
		4FCECDAC21092354001F1078 /* Release */ = {
			isa = XCBuildConfiguration;
			baseConfigurationReference = 36F07F56BCD8F95A021419C5 /* Pods-Mouse Fix Helper HelperTests.release.xcconfig */;
			buildSettings = {
				BUNDLE_LOADER = "$(TEST_HOST)";
				CODE_SIGN_STYLE = Automatic;
				COMBINE_HIDPI_IMAGES = YES;
				DEVELOPMENT_TEAM = H6Z6W2F7ZZ;
				INFOPLIST_FILE = "Mouse Remap HelperTests/Info.plist";
				LD_RUNPATH_SEARCH_PATHS = (
					"$(inherited)",
					"@executable_path/../Frameworks",
					"@loader_path/../Frameworks",
				);
				PRODUCT_BUNDLE_IDENTIFIER = "com.uebler.nuebler.Mouse-Remap-HelperTests";
				PRODUCT_NAME = "$(TARGET_NAME)";
				TEST_HOST = "$(BUILT_PRODUCTS_DIR)/Mouse Remap Helper.app/Contents/MacOS/Mouse Remap Helper";
			};
			name = Release;
		};
		4FCECDAE21092354001F1078 /* Debug */ = {
			isa = XCBuildConfiguration;
			baseConfigurationReference = 20769C90A2567032B314BE68 /* Pods-Mouse Fix HelperUITests.debug.xcconfig */;
			buildSettings = {
				CODE_SIGN_STYLE = Automatic;
				COMBINE_HIDPI_IMAGES = YES;
				DEVELOPMENT_TEAM = H6Z6W2F7ZZ;
				INFOPLIST_FILE = "Mouse Remap HelperUITests/Info.plist";
				LD_RUNPATH_SEARCH_PATHS = (
					"$(inherited)",
					"@executable_path/../Frameworks",
					"@loader_path/../Frameworks",
				);
				PRODUCT_BUNDLE_IDENTIFIER = "com.uebler.nuebler.Mouse-Remap-HelperUITests";
				PRODUCT_NAME = "$(TARGET_NAME)";
				TEST_TARGET_NAME = "Mouse Remap Helper";
			};
			name = Debug;
		};
		4FCECDAF21092354001F1078 /* Release */ = {
			isa = XCBuildConfiguration;
			baseConfigurationReference = FDBC0857E7D4CC9EAF1C0292 /* Pods-Mouse Fix HelperUITests.release.xcconfig */;
			buildSettings = {
				CODE_SIGN_STYLE = Automatic;
				COMBINE_HIDPI_IMAGES = YES;
				DEVELOPMENT_TEAM = H6Z6W2F7ZZ;
				INFOPLIST_FILE = "Mouse Remap HelperUITests/Info.plist";
				LD_RUNPATH_SEARCH_PATHS = (
					"$(inherited)",
					"@executable_path/../Frameworks",
					"@loader_path/../Frameworks",
				);
				PRODUCT_BUNDLE_IDENTIFIER = "com.uebler.nuebler.Mouse-Remap-HelperUITests";
				PRODUCT_NAME = "$(TARGET_NAME)";
				TEST_TARGET_NAME = "Mouse Remap Helper";
			};
			name = Release;
		};
		4FD67DE7211CC9000095A9A5 /* Debug */ = {
			isa = XCBuildConfiguration;
			baseConfigurationReference = D449703940F5833F11503D78 /* Pods-Mouse Fix.debug.xcconfig */;
			buildSettings = {
				CLANG_ENABLE_MODULES = YES;
				CODE_SIGN_STYLE = Automatic;
				COMBINE_HIDPI_IMAGES = YES;
				DEVELOPMENT_TEAM = H6Z6W2F7ZZ;
				INFOPLIST_FILE = "Mouse Fix/Info.plist";
				INSTALL_PATH = "$(HOME)/Library/PreferencePanes";
				LD_RUNPATH_SEARCH_PATHS = (
					"$(inherited)",
					"@executable_path/../Frameworks",
					"@loader_path/../Frameworks",
				);
				PRODUCT_BUNDLE_IDENTIFIER = com.nuebling.mousefix;
				PRODUCT_NAME = "$(TARGET_NAME)";
				SWIFT_OBJC_BRIDGING_HEADER = "Mouse Fix/Mouse Fix-Bridging-Header.h";
				SWIFT_OPTIMIZATION_LEVEL = "-Onone";
				SWIFT_VERSION = 5.0;
				USER_HEADER_SEARCH_PATHS = "/Users/Noah/Documents/|MyFiles/Projekte/Programmieren/Xcode/XcodePrivateHeaders";
				WRAPPER_EXTENSION = prefPane;
			};
			name = Debug;
		};
		4FD67DE8211CC9000095A9A5 /* Release */ = {
			isa = XCBuildConfiguration;
			baseConfigurationReference = 67D74B9F666D11AACF974338 /* Pods-Mouse Fix.release.xcconfig */;
			buildSettings = {
				CLANG_ENABLE_MODULES = YES;
				CODE_SIGN_STYLE = Automatic;
				COMBINE_HIDPI_IMAGES = YES;
				DEVELOPMENT_TEAM = H6Z6W2F7ZZ;
				INFOPLIST_FILE = "Mouse Fix/Info.plist";
				INSTALL_PATH = "$(HOME)/Library/PreferencePanes";
				LD_RUNPATH_SEARCH_PATHS = (
					"$(inherited)",
					"@executable_path/../Frameworks",
					"@loader_path/../Frameworks",
				);
				PRODUCT_BUNDLE_IDENTIFIER = com.nuebling.mousefix;
				PRODUCT_NAME = "$(TARGET_NAME)";
				SWIFT_OBJC_BRIDGING_HEADER = "Mouse Fix/Mouse Fix-Bridging-Header.h";
				SWIFT_VERSION = 5.0;
				USER_HEADER_SEARCH_PATHS = "/Users/Noah/Documents/|MyFiles/Projekte/Programmieren/Xcode/XcodePrivateHeaders";
				WRAPPER_EXTENSION = prefPane;
			};
			name = Release;
		};
/* End XCBuildConfiguration section */

/* Begin XCConfigurationList section */
		4FCECD7B21092354001F1078 /* Build configuration list for PBXProject "Mouse Fix Helper" */ = {
			isa = XCConfigurationList;
			buildConfigurations = (
				4FCECDA521092354001F1078 /* Debug */,
				4FCECDA621092354001F1078 /* Release */,
			);
			defaultConfigurationIsVisible = 0;
			defaultConfigurationName = Release;
		};
		4FCECDA721092354001F1078 /* Build configuration list for PBXNativeTarget "Mouse Fix Helper" */ = {
			isa = XCConfigurationList;
			buildConfigurations = (
				4FCECDA821092354001F1078 /* Debug */,
				4FCECDA921092354001F1078 /* Release */,
			);
			defaultConfigurationIsVisible = 0;
			defaultConfigurationName = Release;
		};
		4FCECDAA21092354001F1078 /* Build configuration list for PBXNativeTarget "Mouse Fix Helper HelperTests" */ = {
			isa = XCConfigurationList;
			buildConfigurations = (
				4FCECDAB21092354001F1078 /* Debug */,
				4FCECDAC21092354001F1078 /* Release */,
			);
			defaultConfigurationIsVisible = 0;
			defaultConfigurationName = Release;
		};
		4FCECDAD21092354001F1078 /* Build configuration list for PBXNativeTarget "Mouse Fix HelperUITests" */ = {
			isa = XCConfigurationList;
			buildConfigurations = (
				4FCECDAE21092354001F1078 /* Debug */,
				4FCECDAF21092354001F1078 /* Release */,
			);
			defaultConfigurationIsVisible = 0;
			defaultConfigurationName = Release;
		};
		4FD67DE9211CC9000095A9A5 /* Build configuration list for PBXNativeTarget "Mouse Fix" */ = {
			isa = XCConfigurationList;
			buildConfigurations = (
				4FD67DE7211CC9000095A9A5 /* Debug */,
				4FD67DE8211CC9000095A9A5 /* Release */,
			);
			defaultConfigurationIsVisible = 0;
			defaultConfigurationName = Release;
		};
/* End XCConfigurationList section */
	};
	rootObject = 4FCECD7821092354001F1078 /* Project object */;
}
